// !$*UTF8*$!
{
	archiveVersion = 1;
	classes = {
	};
	objectVersion = 50;
	objects = {

/* Begin PBXBuildFile section */
		5A0AC933247742470021E8D9 /* AppDelegate.m in Sources */ = {isa = PBXBuildFile; fileRef = 5A0AC932247742470021E8D9 /* AppDelegate.m */; };
		5A0AC936247742470021E8D9 /* SceneDelegate.m in Sources */ = {isa = PBXBuildFile; fileRef = 5A0AC935247742470021E8D9 /* SceneDelegate.m */; };
		5A0AC939247742470021E8D9 /* ViewController.m in Sources */ = {isa = PBXBuildFile; fileRef = 5A0AC938247742470021E8D9 /* ViewController.m */; };
		5A0AC93C247742470021E8D9 /* Main.storyboard in Resources */ = {isa = PBXBuildFile; fileRef = 5A0AC93A247742470021E8D9 /* Main.storyboard */; };
		5A0AC93E2477424A0021E8D9 /* Assets.xcassets in Resources */ = {isa = PBXBuildFile; fileRef = 5A0AC93D2477424A0021E8D9 /* Assets.xcassets */; };
		5A0AC9412477424A0021E8D9 /* LaunchScreen.storyboard in Resources */ = {isa = PBXBuildFile; fileRef = 5A0AC93F2477424A0021E8D9 /* LaunchScreen.storyboard */; };
		5A0AC9442477424A0021E8D9 /* main.m in Sources */ = {isa = PBXBuildFile; fileRef = 5A0AC9432477424A0021E8D9 /* main.m */; };
		5A0AC9482477427F0021E8D9 /* libCZiti.a in Frameworks */ = {isa = PBXBuildFile; fileRef = 5AB6DFAF244B990A00F4B4E0 /* libCZiti.a */; };
		5A0E4A8B24530E1E00C56DCF /* libziti.a in Frameworks */ = {isa = PBXBuildFile; fileRef = 5A0E4A8A24530E1E00C56DCF /* libziti.a */; };
		5A0E4A8C24530E2500C56DCF /* libziti.a in Frameworks */ = {isa = PBXBuildFile; fileRef = 5A0E4A8A24530E1E00C56DCF /* libziti.a */; };
		5A0E4A8E24534DDE00C56DCF /* libsodium.a in Frameworks */ = {isa = PBXBuildFile; fileRef = 5A0E4A8D24534DDE00C56DCF /* libsodium.a */; };
		5A0E4A8F24534DE500C56DCF /* libsodium.a in Frameworks */ = {isa = PBXBuildFile; fileRef = 5A0E4A8D24534DDE00C56DCF /* libsodium.a */; };
		5A411E0B251FE40B005EE351 /* Bridge.swift in Sources */ = {isa = PBXBuildFile; fileRef = 5A0AC94E247783440021E8D9 /* Bridge.swift */; };
		5A5538E82556F92100C02F03 /* ZitiPostureChecks.swift in Sources */ = {isa = PBXBuildFile; fileRef = 5A5538E72556F92100C02F03 /* ZitiPostureChecks.swift */; };
		5A5538E92556F92100C02F03 /* ZitiPostureChecks.swift in Sources */ = {isa = PBXBuildFile; fileRef = 5A5538E72556F92100C02F03 /* ZitiPostureChecks.swift */; };
		5A69FBFF25D1934A007B3B43 /* ZitiInterceptConfigV1.swift in Sources */ = {isa = PBXBuildFile; fileRef = 5A69FBFE25D1934A007B3B43 /* ZitiInterceptConfigV1.swift */; };
		5A69FC0025D1934A007B3B43 /* ZitiInterceptConfigV1.swift in Sources */ = {isa = PBXBuildFile; fileRef = 5A69FBFE25D1934A007B3B43 /* ZitiInterceptConfigV1.swift */; };
		5A71D8C1262885EF00504002 /* ZitiMfaEnrollment.swift in Sources */ = {isa = PBXBuildFile; fileRef = 5A71D8C0262885EF00504002 /* ZitiMfaEnrollment.swift */; };
		5A71D8C2262885EF00504002 /* ZitiMfaEnrollment.swift in Sources */ = {isa = PBXBuildFile; fileRef = 5A71D8C0262885EF00504002 /* ZitiMfaEnrollment.swift */; };
		5A71D8D0262CFCF900504002 /* ZitiMfaAuthQuery.swift in Sources */ = {isa = PBXBuildFile; fileRef = 5A71D8CF262CFCF900504002 /* ZitiMfaAuthQuery.swift */; };
		5A71D8D1262CFCFA00504002 /* ZitiMfaAuthQuery.swift in Sources */ = {isa = PBXBuildFile; fileRef = 5A71D8CF262CFCF900504002 /* ZitiMfaAuthQuery.swift */; };
		5A8B0B66258EDD1100182437 /* ZitiEvent.swift in Sources */ = {isa = PBXBuildFile; fileRef = 5A8B0B65258EDD1100182437 /* ZitiEvent.swift */; };
		5A8B0B67258EDD1100182437 /* ZitiEvent.swift in Sources */ = {isa = PBXBuildFile; fileRef = 5A8B0B65258EDD1100182437 /* ZitiEvent.swift */; };
		5A8B0B81258FEA9A00182437 /* ZitiService.swift in Sources */ = {isa = PBXBuildFile; fileRef = 5A8B0B80258FEA9900182437 /* ZitiService.swift */; };
		5A8B0B82258FEA9A00182437 /* ZitiService.swift in Sources */ = {isa = PBXBuildFile; fileRef = 5A8B0B80258FEA9900182437 /* ZitiService.swift */; };
		5A8B0C1D2594119900182437 /* ZitiTunnelServerConfigV1.swift in Sources */ = {isa = PBXBuildFile; fileRef = 5A8B0C1C2594119900182437 /* ZitiTunnelServerConfigV1.swift */; };
		5A8B0C1E2594119900182437 /* ZitiTunnelServerConfigV1.swift in Sources */ = {isa = PBXBuildFile; fileRef = 5A8B0C1C2594119900182437 /* ZitiTunnelServerConfigV1.swift */; };
		5AA2988E25857758001F7502 /* libziti-tunnel-cbs-c.a in Frameworks */ = {isa = PBXBuildFile; fileRef = 5AA2988A25857758001F7502 /* libziti-tunnel-cbs-c.a */; };
		5AA2988F25857758001F7502 /* libziti-tunnel-sdk-c.a in Frameworks */ = {isa = PBXBuildFile; fileRef = 5AA2988B25857758001F7502 /* libziti-tunnel-sdk-c.a */; };
		5AA2989125857759001F7502 /* liblwipcore.a in Frameworks */ = {isa = PBXBuildFile; fileRef = 5AA2988D25857758001F7502 /* liblwipcore.a */; };
		5AA2989725857789001F7502 /* libziti-tunnel-sdk-c.a in Frameworks */ = {isa = PBXBuildFile; fileRef = 5AA2989325857788001F7502 /* libziti-tunnel-sdk-c.a */; };
		5AA2989825857789001F7502 /* libziti-tunnel-cbs-c.a in Frameworks */ = {isa = PBXBuildFile; fileRef = 5AA2989425857788001F7502 /* libziti-tunnel-cbs-c.a */; };
		5AA2989925857789001F7502 /* liblwipcore.a in Frameworks */ = {isa = PBXBuildFile; fileRef = 5AA2989525857789001F7502 /* liblwipcore.a */; };
		5AA298AD2585935F001F7502 /* ZitiTunnel.swift in Sources */ = {isa = PBXBuildFile; fileRef = 5AA298AC2585935F001F7502 /* ZitiTunnel.swift */; };
		5AA298AE2585935F001F7502 /* ZitiTunnel.swift in Sources */ = {isa = PBXBuildFile; fileRef = 5AA298AC2585935F001F7502 /* ZitiTunnel.swift */; };
		5AA298BC2585961C001F7502 /* NetifDriver.swift in Sources */ = {isa = PBXBuildFile; fileRef = 5AA298BB2585961C001F7502 /* NetifDriver.swift */; };
		5AA298BD2585961C001F7502 /* NetifDriver.swift in Sources */ = {isa = PBXBuildFile; fileRef = 5AA298BB2585961C001F7502 /* NetifDriver.swift */; };
		5AAAEDE62464D8AB00C56383 /* main.swift in Sources */ = {isa = PBXBuildFile; fileRef = 5AAAEDE52464D8AB00C56383 /* main.swift */; };
		5AAAEDEA2464D8FB00C56383 /* libCZiti.a in Frameworks */ = {isa = PBXBuildFile; fileRef = 5AB6DF68244B7C3C00F4B4E0 /* libCZiti.a */; };
		5AB6DF7E244B8F2000F4B4E0 /* libuv_mbed.a in Frameworks */ = {isa = PBXBuildFile; fileRef = 5AB6DF77244B8F2000F4B4E0 /* libuv_mbed.a */; };
		5AB6DF7F244B8F2000F4B4E0 /* libmbedx509.a in Frameworks */ = {isa = PBXBuildFile; fileRef = 5AB6DF78244B8F2000F4B4E0 /* libmbedx509.a */; };
		5AB6DF80244B8F2000F4B4E0 /* libmbedcrypto.a in Frameworks */ = {isa = PBXBuildFile; fileRef = 5AB6DF79244B8F2000F4B4E0 /* libmbedcrypto.a */; };
		5AB6DF82244B8F2000F4B4E0 /* libmbedtls.a in Frameworks */ = {isa = PBXBuildFile; fileRef = 5AB6DF7B244B8F2000F4B4E0 /* libmbedtls.a */; };
		5AB6DF83244B8F2000F4B4E0 /* libuv_a.a in Frameworks */ = {isa = PBXBuildFile; fileRef = 5AB6DF7C244B8F2000F4B4E0 /* libuv_a.a */; };
		5AB6DFB9244BA63F00F4B4E0 /* libmbedcrypto.a in Frameworks */ = {isa = PBXBuildFile; fileRef = 5AB6DF79244B8F2000F4B4E0 /* libmbedcrypto.a */; };
		5AB6DFBA244BA64300F4B4E0 /* libmbedtls.a in Frameworks */ = {isa = PBXBuildFile; fileRef = 5AB6DF7B244B8F2000F4B4E0 /* libmbedtls.a */; };
		5AB6DFBB244BA64700F4B4E0 /* libmbedx509.a in Frameworks */ = {isa = PBXBuildFile; fileRef = 5AB6DF78244B8F2000F4B4E0 /* libmbedx509.a */; };
		5AB6DFBC244BA64B00F4B4E0 /* libuv_a.a in Frameworks */ = {isa = PBXBuildFile; fileRef = 5AB6DF7C244B8F2000F4B4E0 /* libuv_a.a */; };
		5AB6DFBE244BA65400F4B4E0 /* libuv_mbed.a in Frameworks */ = {isa = PBXBuildFile; fileRef = 5AB6DF77244B8F2000F4B4E0 /* libuv_mbed.a */; };
		5AB8309E247432C40089AF93 /* ZitiError.swift in Sources */ = {isa = PBXBuildFile; fileRef = 5AB8308F247432C40089AF93 /* ZitiError.swift */; };
		5AB8309F247432C40089AF93 /* ZitiIntercept.swift in Sources */ = {isa = PBXBuildFile; fileRef = 5AB83090247432C40089AF93 /* ZitiIntercept.swift */; };
		5AB830A0247432C40089AF93 /* ZitiKeychain.swift in Sources */ = {isa = PBXBuildFile; fileRef = 5AB83091247432C40089AF93 /* ZitiKeychain.swift */; };
		5AB830A1247432C40089AF93 /* ZitiConfig.swift in Sources */ = {isa = PBXBuildFile; fileRef = 5AB83092247432C40089AF93 /* ZitiConfig.swift */; };
		5AB830A2247432C40089AF93 /* ZitiUnretained.swift in Sources */ = {isa = PBXBuildFile; fileRef = 5AB83093247432C40089AF93 /* ZitiUnretained.swift */; };
		5AB830A3247432C40089AF93 /* ZitiLog.swift in Sources */ = {isa = PBXBuildFile; fileRef = 5AB83094247432C40089AF93 /* ZitiLog.swift */; };
		5AB830A4247432C40089AF93 /* ZitiUrlClientConfigV1.swift in Sources */ = {isa = PBXBuildFile; fileRef = 5AB83095247432C40089AF93 /* ZitiUrlClientConfigV1.swift */; };
		5AB830A5247432C40089AF93 /* ZitiUrlProtocol.swift in Sources */ = {isa = PBXBuildFile; fileRef = 5AB83096247432C40089AF93 /* ZitiUrlProtocol.swift */; };
		5AB830A6247432C40089AF93 /* ZitiConnection.swift in Sources */ = {isa = PBXBuildFile; fileRef = 5AB83097247432C40089AF93 /* ZitiConnection.swift */; };
		5AB830A7247432C40089AF93 /* ZitiTunnelClientConfigV1.swift in Sources */ = {isa = PBXBuildFile; fileRef = 5AB83098247432C40089AF93 /* ZitiTunnelClientConfigV1.swift */; };
		5AB830A8247432C40089AF93 /* ZitiEnroller.swift in Sources */ = {isa = PBXBuildFile; fileRef = 5AB83099247432C40089AF93 /* ZitiEnroller.swift */; };
		5AB830A9247432C50089AF93 /* ZitiIdentity.swift in Sources */ = {isa = PBXBuildFile; fileRef = 5AB8309A247432C40089AF93 /* ZitiIdentity.swift */; };
		5AB830AA247432C50089AF93 /* Ziti.swift in Sources */ = {isa = PBXBuildFile; fileRef = 5AB8309B247432C40089AF93 /* Ziti.swift */; };
		5AB830AB247432C50089AF93 /* ziti.c in Sources */ = {isa = PBXBuildFile; fileRef = 5AB8309C247432C40089AF93 /* ziti.c */; };
		5AB830AC2474330D0089AF93 /* ZitiError.swift in Sources */ = {isa = PBXBuildFile; fileRef = 5AB8308F247432C40089AF93 /* ZitiError.swift */; };
		5AB830AD247433110089AF93 /* ZitiIntercept.swift in Sources */ = {isa = PBXBuildFile; fileRef = 5AB83090247432C40089AF93 /* ZitiIntercept.swift */; };
		5AB830AE247433150089AF93 /* ZitiKeychain.swift in Sources */ = {isa = PBXBuildFile; fileRef = 5AB83091247432C40089AF93 /* ZitiKeychain.swift */; };
		5AB830AF247433190089AF93 /* ZitiConfig.swift in Sources */ = {isa = PBXBuildFile; fileRef = 5AB83092247432C40089AF93 /* ZitiConfig.swift */; };
		5AB830B02474331C0089AF93 /* ZitiUnretained.swift in Sources */ = {isa = PBXBuildFile; fileRef = 5AB83093247432C40089AF93 /* ZitiUnretained.swift */; };
		5AB830B1247433200089AF93 /* ZitiLog.swift in Sources */ = {isa = PBXBuildFile; fileRef = 5AB83094247432C40089AF93 /* ZitiLog.swift */; };
		5AB830B2247433230089AF93 /* ZitiUrlClientConfigV1.swift in Sources */ = {isa = PBXBuildFile; fileRef = 5AB83095247432C40089AF93 /* ZitiUrlClientConfigV1.swift */; };
		5AB830B3247433270089AF93 /* ZitiUrlProtocol.swift in Sources */ = {isa = PBXBuildFile; fileRef = 5AB83096247432C40089AF93 /* ZitiUrlProtocol.swift */; };
		5AB830B42474332B0089AF93 /* ZitiConnection.swift in Sources */ = {isa = PBXBuildFile; fileRef = 5AB83097247432C40089AF93 /* ZitiConnection.swift */; };
		5AB830B52474332E0089AF93 /* ZitiTunnelClientConfigV1.swift in Sources */ = {isa = PBXBuildFile; fileRef = 5AB83098247432C40089AF93 /* ZitiTunnelClientConfigV1.swift */; };
		5AB830B6247433310089AF93 /* ZitiEnroller.swift in Sources */ = {isa = PBXBuildFile; fileRef = 5AB83099247432C40089AF93 /* ZitiEnroller.swift */; };
		5AB830B7247433350089AF93 /* ZitiIdentity.swift in Sources */ = {isa = PBXBuildFile; fileRef = 5AB8309A247432C40089AF93 /* ZitiIdentity.swift */; };
		5AB830B8247433390089AF93 /* Ziti.swift in Sources */ = {isa = PBXBuildFile; fileRef = 5AB8309B247432C40089AF93 /* Ziti.swift */; };
		5AB830B92474333D0089AF93 /* ziti.c in Sources */ = {isa = PBXBuildFile; fileRef = 5AB8309C247432C40089AF93 /* ziti.c */; };
		5AB830C1247489C30089AF93 /* AppDelegate.swift in Sources */ = {isa = PBXBuildFile; fileRef = 5AB830C0247489C30089AF93 /* AppDelegate.swift */; };
		5AB830C3247489C30089AF93 /* SceneDelegate.swift in Sources */ = {isa = PBXBuildFile; fileRef = 5AB830C2247489C30089AF93 /* SceneDelegate.swift */; };
		5AB830C5247489C30089AF93 /* ViewController.swift in Sources */ = {isa = PBXBuildFile; fileRef = 5AB830C4247489C30089AF93 /* ViewController.swift */; };
		5AB830C8247489C30089AF93 /* Main.storyboard in Resources */ = {isa = PBXBuildFile; fileRef = 5AB830C6247489C30089AF93 /* Main.storyboard */; };
		5AB830CA247489C70089AF93 /* Assets.xcassets in Resources */ = {isa = PBXBuildFile; fileRef = 5AB830C9247489C70089AF93 /* Assets.xcassets */; };
		5AB830CD247489C70089AF93 /* LaunchScreen.storyboard in Resources */ = {isa = PBXBuildFile; fileRef = 5AB830CB247489C70089AF93 /* LaunchScreen.storyboard */; };
		5AB830D224748A1B0089AF93 /* libCZiti.a in Frameworks */ = {isa = PBXBuildFile; fileRef = 5AB6DFAF244B990A00F4B4E0 /* libCZiti.a */; };
		5AC9EA1B26FB80D600AB888D /* ZitiPostureQuerySet.swift in Sources */ = {isa = PBXBuildFile; fileRef = 5AC9EA1A26FB80D600AB888D /* ZitiPostureQuerySet.swift */; };
		5AC9EA1C26FB80D600AB888D /* ZitiPostureQuerySet.swift in Sources */ = {isa = PBXBuildFile; fileRef = 5AC9EA1A26FB80D600AB888D /* ZitiPostureQuerySet.swift */; };
		5AC9EA1E26FB8A0700AB888D /* ZitiPostureQuery.swift in Sources */ = {isa = PBXBuildFile; fileRef = 5AC9EA1D26FB8A0700AB888D /* ZitiPostureQuery.swift */; };
		5AC9EA1F26FB8A0700AB888D /* ZitiPostureQuery.swift in Sources */ = {isa = PBXBuildFile; fileRef = 5AC9EA1D26FB8A0700AB888D /* ZitiPostureQuery.swift */; };
		5AD1FBC325D4A8A10035CE6C /* ZitiHostConfigV1.swift in Sources */ = {isa = PBXBuildFile; fileRef = 5AD1FBC225D4A8A10035CE6C /* ZitiHostConfigV1.swift */; };
		5AD1FBC425D4A8A10035CE6C /* ZitiHostConfigV1.swift in Sources */ = {isa = PBXBuildFile; fileRef = 5AD1FBC225D4A8A10035CE6C /* ZitiHostConfigV1.swift */; };
		5ADAE972280A5834007D1DF4 /* ZitiTunnelEvent.swift in Sources */ = {isa = PBXBuildFile; fileRef = 5ADAE971280A5834007D1DF4 /* ZitiTunnelEvent.swift */; };
		5ADAE973280A5845007D1DF4 /* ZitiTunnelEvent.swift in Sources */ = {isa = PBXBuildFile; fileRef = 5ADAE971280A5834007D1DF4 /* ZitiTunnelEvent.swift */; };
		5ADAE977280F7EC4007D1DF4 /* libresolv.9.tbd in Frameworks */ = {isa = PBXBuildFile; fileRef = 5AFE864127E3C56000D47A47 /* libresolv.9.tbd */; };
		5ADAE978280F7EEB007D1DF4 /* libresolv.9.tbd in Frameworks */ = {isa = PBXBuildFile; fileRef = 5AFE864127E3C56000D47A47 /* libresolv.9.tbd */; };
		5ADAE97A280F7EFD007D1DF4 /* libresolv.9.tbd in Frameworks */ = {isa = PBXBuildFile; fileRef = 5ADAE979280F7EFD007D1DF4 /* libresolv.9.tbd */; };
		5ADAE97B280F7F05007D1DF4 /* libresolv.9.tbd in Frameworks */ = {isa = PBXBuildFile; fileRef = 5ADAE979280F7EFD007D1DF4 /* libresolv.9.tbd */; };
		5AE14C882471D32E00179365 /* main.swift in Sources */ = {isa = PBXBuildFile; fileRef = 5AE14C872471D32E00179365 /* main.swift */; };
		5AE14C8C2471DDA000179365 /* libCZiti.a in Frameworks */ = {isa = PBXBuildFile; fileRef = 5AB6DF68244B7C3C00F4B4E0 /* libCZiti.a */; };
		5AF0C4112489987500CD4DAE /* ZitiClaims.swift in Sources */ = {isa = PBXBuildFile; fileRef = 5AF0C4102489987500CD4DAE /* ZitiClaims.swift */; };
		5AF0C4122489987500CD4DAE /* ZitiClaims.swift in Sources */ = {isa = PBXBuildFile; fileRef = 5AF0C4102489987500CD4DAE /* ZitiClaims.swift */; };
/* End PBXBuildFile section */

/* Begin PBXContainerItemProxy section */
		5A0AC9492477427F0021E8D9 /* PBXContainerItemProxy */ = {
			isa = PBXContainerItemProxy;
			containerPortal = 5A2D83FA2444D4B9008B1D32 /* Project object */;
			proxyType = 1;
			remoteGlobalIDString = 5AB6DFAE244B990A00F4B4E0;
			remoteInfo = "CZiti-iOS";
		};
		5AAAEDEB2464D8FB00C56383 /* PBXContainerItemProxy */ = {
			isa = PBXContainerItemProxy;
			containerPortal = 5A2D83FA2444D4B9008B1D32 /* Project object */;
			proxyType = 1;
			remoteGlobalIDString = 5AB6DF67244B7C3C00F4B4E0;
			remoteInfo = "ZitiUrlProtocol-macOS";
		};
		5AB830D324748A1B0089AF93 /* PBXContainerItemProxy */ = {
			isa = PBXContainerItemProxy;
			containerPortal = 5A2D83FA2444D4B9008B1D32 /* Project object */;
			proxyType = 1;
			remoteGlobalIDString = 5AB6DFAE244B990A00F4B4E0;
			remoteInfo = "CZiti-iOS";
		};
		5AE14C8D2471DDA000179365 /* PBXContainerItemProxy */ = {
			isa = PBXContainerItemProxy;
			containerPortal = 5A2D83FA2444D4B9008B1D32 /* Project object */;
			proxyType = 1;
			remoteGlobalIDString = 5AB6DF67244B7C3C00F4B4E0;
			remoteInfo = "ZitiUrlProtocol-macOS";
		};
/* End PBXContainerItemProxy section */

/* Begin PBXCopyFilesBuildPhase section */
		5AAAEDE12464D8AB00C56383 /* CopyFiles */ = {
			isa = PBXCopyFilesBuildPhase;
			buildActionMask = 2147483647;
			dstPath = /usr/share/man/man1/;
			dstSubfolderSpec = 0;
			files = (
			);
			runOnlyForDeploymentPostprocessing = 1;
		};
		5AB6DFAD244B990A00F4B4E0 /* CopyFiles */ = {
			isa = PBXCopyFilesBuildPhase;
			buildActionMask = 2147483647;
			dstPath = "include/$(PRODUCT_NAME)";
			dstSubfolderSpec = 16;
			files = (
			);
			runOnlyForDeploymentPostprocessing = 0;
		};
		5AE14C832471D32E00179365 /* CopyFiles */ = {
			isa = PBXCopyFilesBuildPhase;
			buildActionMask = 2147483647;
			dstPath = /usr/share/man/man1/;
			dstSubfolderSpec = 0;
			files = (
			);
			runOnlyForDeploymentPostprocessing = 1;
		};
/* End PBXCopyFilesBuildPhase section */

/* Begin PBXFileReference section */
		5A0AC92F247742470021E8D9 /* sample-ios-objc.app */ = {isa = PBXFileReference; explicitFileType = wrapper.application; includeInIndex = 0; path = "sample-ios-objc.app"; sourceTree = BUILT_PRODUCTS_DIR; };
		5A0AC931247742470021E8D9 /* AppDelegate.h */ = {isa = PBXFileReference; lastKnownFileType = sourcecode.c.h; path = AppDelegate.h; sourceTree = "<group>"; };
		5A0AC932247742470021E8D9 /* AppDelegate.m */ = {isa = PBXFileReference; lastKnownFileType = sourcecode.c.objc; path = AppDelegate.m; sourceTree = "<group>"; };
		5A0AC934247742470021E8D9 /* SceneDelegate.h */ = {isa = PBXFileReference; lastKnownFileType = sourcecode.c.h; path = SceneDelegate.h; sourceTree = "<group>"; };
		5A0AC935247742470021E8D9 /* SceneDelegate.m */ = {isa = PBXFileReference; lastKnownFileType = sourcecode.c.objc; path = SceneDelegate.m; sourceTree = "<group>"; };
		5A0AC937247742470021E8D9 /* ViewController.h */ = {isa = PBXFileReference; lastKnownFileType = sourcecode.c.h; path = ViewController.h; sourceTree = "<group>"; };
		5A0AC938247742470021E8D9 /* ViewController.m */ = {isa = PBXFileReference; lastKnownFileType = sourcecode.c.objc; path = ViewController.m; sourceTree = "<group>"; };
		5A0AC93B247742470021E8D9 /* Base */ = {isa = PBXFileReference; lastKnownFileType = file.storyboard; name = Base; path = Base.lproj/Main.storyboard; sourceTree = "<group>"; };
		5A0AC93D2477424A0021E8D9 /* Assets.xcassets */ = {isa = PBXFileReference; lastKnownFileType = folder.assetcatalog; path = Assets.xcassets; sourceTree = "<group>"; };
		5A0AC9402477424A0021E8D9 /* Base */ = {isa = PBXFileReference; lastKnownFileType = file.storyboard; name = Base; path = Base.lproj/LaunchScreen.storyboard; sourceTree = "<group>"; };
		5A0AC9422477424A0021E8D9 /* Info.plist */ = {isa = PBXFileReference; lastKnownFileType = text.plist.xml; path = Info.plist; sourceTree = "<group>"; };
		5A0AC9432477424A0021E8D9 /* main.m */ = {isa = PBXFileReference; lastKnownFileType = sourcecode.c.objc; path = main.m; sourceTree = "<group>"; };
		5A0AC94E247783440021E8D9 /* Bridge.swift */ = {isa = PBXFileReference; lastKnownFileType = sourcecode.swift; path = Bridge.swift; sourceTree = "<group>"; };
		5A0E4A8A24530E1E00C56DCF /* libziti.a */ = {isa = PBXFileReference; lastKnownFileType = archive.ar; name = libziti.a; path = "deps/ziti-sdk-c/build-os-arch/library/libziti.a"; sourceTree = "<group>"; };
		5A0E4A8D24534DDE00C56DCF /* libsodium.a */ = {isa = PBXFileReference; lastKnownFileType = archive.ar; name = libsodium.a; path = "deps/ziti-sdk-c/build-os-arch/_deps/libsodium-build/lib/libsodium.a"; sourceTree = "<group>"; };
		5A298539283C271E0056C9A7 /* workspace-settings.xcconfig */ = {isa = PBXFileReference; lastKnownFileType = text.xcconfig; path = "workspace-settings.xcconfig"; sourceTree = "<group>"; };
		5A29E5EE268164CF00EED54C /* module.modulemap */ = {isa = PBXFileReference; lastKnownFileType = "sourcecode.module-map"; path = module.modulemap; sourceTree = "<group>"; };
		5A5538E72556F92100C02F03 /* ZitiPostureChecks.swift */ = {isa = PBXFileReference; lastKnownFileType = sourcecode.swift; path = ZitiPostureChecks.swift; sourceTree = "<group>"; };
		5A69FBFE25D1934A007B3B43 /* ZitiInterceptConfigV1.swift */ = {isa = PBXFileReference; lastKnownFileType = sourcecode.swift; path = ZitiInterceptConfigV1.swift; sourceTree = "<group>"; };
		5A71D8C0262885EF00504002 /* ZitiMfaEnrollment.swift */ = {isa = PBXFileReference; lastKnownFileType = sourcecode.swift; path = ZitiMfaEnrollment.swift; sourceTree = "<group>"; };
		5A71D8CF262CFCF900504002 /* ZitiMfaAuthQuery.swift */ = {isa = PBXFileReference; lastKnownFileType = sourcecode.swift; path = ZitiMfaAuthQuery.swift; sourceTree = "<group>"; };
		5A8B0B65258EDD1100182437 /* ZitiEvent.swift */ = {isa = PBXFileReference; lastKnownFileType = sourcecode.swift; path = ZitiEvent.swift; sourceTree = "<group>"; };
		5A8B0B80258FEA9900182437 /* ZitiService.swift */ = {isa = PBXFileReference; lastKnownFileType = sourcecode.swift; path = ZitiService.swift; sourceTree = "<group>"; };
		5A8B0C1C2594119900182437 /* ZitiTunnelServerConfigV1.swift */ = {isa = PBXFileReference; lastKnownFileType = sourcecode.swift; path = ZitiTunnelServerConfigV1.swift; sourceTree = "<group>"; };
		5AA2988A25857758001F7502 /* libziti-tunnel-cbs-c.a */ = {isa = PBXFileReference; lastKnownFileType = archive.ar; name = "libziti-tunnel-cbs-c.a"; path = "deps/ziti-tunnel-sdk-c/build-os-arch/lib/libziti-tunnel-cbs-c.a"; sourceTree = "<group>"; };
		5AA2988B25857758001F7502 /* libziti-tunnel-sdk-c.a */ = {isa = PBXFileReference; lastKnownFileType = archive.ar; name = "libziti-tunnel-sdk-c.a"; path = "deps/ziti-tunnel-sdk-c/build-os-arch/lib/libziti-tunnel-sdk-c.a"; sourceTree = "<group>"; };
		5AA2988C25857758001F7502 /* liblwipunixarch.a */ = {isa = PBXFileReference; lastKnownFileType = archive.ar; name = liblwipunixarch.a; path = "deps/ziti-tunnel-sdk-c/build-os-arch/lib/liblwipunixarch.a"; sourceTree = "<group>"; };
		5AA2988D25857758001F7502 /* liblwipcore.a */ = {isa = PBXFileReference; lastKnownFileType = archive.ar; name = liblwipcore.a; path = "deps/ziti-tunnel-sdk-c/build-os-arch/lib/liblwipcore.a"; sourceTree = "<group>"; };
		5AA2989225857788001F7502 /* liblwipunixarch.a */ = {isa = PBXFileReference; lastKnownFileType = archive.ar; name = liblwipunixarch.a; path = "deps/ziti-tunnel-sdk-c/build-os-arch/lib/liblwipunixarch.a"; sourceTree = "<group>"; };
		5AA2989325857788001F7502 /* libziti-tunnel-sdk-c.a */ = {isa = PBXFileReference; lastKnownFileType = archive.ar; name = "libziti-tunnel-sdk-c.a"; path = "deps/ziti-tunnel-sdk-c/build-os-arch/lib/libziti-tunnel-sdk-c.a"; sourceTree = "<group>"; };
		5AA2989425857788001F7502 /* libziti-tunnel-cbs-c.a */ = {isa = PBXFileReference; lastKnownFileType = archive.ar; name = "libziti-tunnel-cbs-c.a"; path = "deps/ziti-tunnel-sdk-c/build-os-arch/lib/libziti-tunnel-cbs-c.a"; sourceTree = "<group>"; };
		5AA2989525857789001F7502 /* liblwipcore.a */ = {isa = PBXFileReference; lastKnownFileType = archive.ar; name = liblwipcore.a; path = "deps/ziti-tunnel-sdk-c/build-os-arch/lib/liblwipcore.a"; sourceTree = "<group>"; };
		5AA298AC2585935F001F7502 /* ZitiTunnel.swift */ = {isa = PBXFileReference; lastKnownFileType = sourcecode.swift; path = ZitiTunnel.swift; sourceTree = "<group>"; };
		5AA298BB2585961C001F7502 /* NetifDriver.swift */ = {isa = PBXFileReference; lastKnownFileType = sourcecode.swift; path = NetifDriver.swift; sourceTree = "<group>"; };
		5AAAEDE32464D8AB00C56383 /* ziti-mac-enroller */ = {isa = PBXFileReference; explicitFileType = "compiled.mach-o.executable"; includeInIndex = 0; path = "ziti-mac-enroller"; sourceTree = BUILT_PRODUCTS_DIR; };
		5AAAEDE52464D8AB00C56383 /* main.swift */ = {isa = PBXFileReference; lastKnownFileType = sourcecode.swift; path = main.swift; sourceTree = "<group>"; };
		5AB6DF68244B7C3C00F4B4E0 /* libCZiti.a */ = {isa = PBXFileReference; explicitFileType = archive.ar; includeInIndex = 0; path = libCZiti.a; sourceTree = BUILT_PRODUCTS_DIR; };
		5AB6DF77244B8F2000F4B4E0 /* libuv_mbed.a */ = {isa = PBXFileReference; lastKnownFileType = archive.ar; name = libuv_mbed.a; path = "deps/ziti-sdk-c/build-os-arch/deps/uv-mbed/libuv_mbed.a"; sourceTree = "<group>"; };
		5AB6DF78244B8F2000F4B4E0 /* libmbedx509.a */ = {isa = PBXFileReference; lastKnownFileType = archive.ar; name = libmbedx509.a; path = "deps/ziti-sdk-c/build-os-arch/deps/uv-mbed/deps/mbedtls/library/libmbedx509.a"; sourceTree = "<group>"; };
		5AB6DF79244B8F2000F4B4E0 /* libmbedcrypto.a */ = {isa = PBXFileReference; lastKnownFileType = archive.ar; name = libmbedcrypto.a; path = "deps/ziti-sdk-c/build-os-arch/deps/uv-mbed/deps/mbedtls/crypto/library/libmbedcrypto.a"; sourceTree = "<group>"; };
		5AB6DF7A244B8F2000F4B4E0 /* libuv_link.a */ = {isa = PBXFileReference; lastKnownFileType = archive.ar; name = libuv_link.a; path = "deps/ziti-sdk-c/build-os-arch/deps/uv-mbed/deps/libuv_link.a"; sourceTree = "<group>"; };
		5AB6DF7B244B8F2000F4B4E0 /* libmbedtls.a */ = {isa = PBXFileReference; lastKnownFileType = archive.ar; name = libmbedtls.a; path = "deps/ziti-sdk-c/build-os-arch/deps/uv-mbed/deps/mbedtls/library/libmbedtls.a"; sourceTree = "<group>"; };
		5AB6DF7C244B8F2000F4B4E0 /* libuv_a.a */ = {isa = PBXFileReference; lastKnownFileType = archive.ar; name = libuv_a.a; path = "deps/ziti-sdk-c/build-os-arch/deps/uv-mbed/deps/libuv/libuv_a.a"; sourceTree = "<group>"; };
		5AB6DF7D244B8F2000F4B4E0 /* libhttp-parser.a */ = {isa = PBXFileReference; lastKnownFileType = archive.ar; name = "libhttp-parser.a"; path = "deps/ziti-sdk-c/build-os-arch/deps/uv-mbed/deps/libhttp-parser.a"; sourceTree = "<group>"; };
		5AB6DFAF244B990A00F4B4E0 /* libCZiti.a */ = {isa = PBXFileReference; explicitFileType = archive.ar; includeInIndex = 0; path = libCZiti.a; sourceTree = BUILT_PRODUCTS_DIR; };
		5AB8308E247432C40089AF93 /* Ziti-Bridging-Header.h */ = {isa = PBXFileReference; fileEncoding = 4; lastKnownFileType = sourcecode.c.h; path = "Ziti-Bridging-Header.h"; sourceTree = "<group>"; };
		5AB8308F247432C40089AF93 /* ZitiError.swift */ = {isa = PBXFileReference; fileEncoding = 4; lastKnownFileType = sourcecode.swift; path = ZitiError.swift; sourceTree = "<group>"; };
		5AB83090247432C40089AF93 /* ZitiIntercept.swift */ = {isa = PBXFileReference; fileEncoding = 4; lastKnownFileType = sourcecode.swift; path = ZitiIntercept.swift; sourceTree = "<group>"; };
		5AB83091247432C40089AF93 /* ZitiKeychain.swift */ = {isa = PBXFileReference; fileEncoding = 4; lastKnownFileType = sourcecode.swift; path = ZitiKeychain.swift; sourceTree = "<group>"; };
		5AB83092247432C40089AF93 /* ZitiConfig.swift */ = {isa = PBXFileReference; fileEncoding = 4; lastKnownFileType = sourcecode.swift; path = ZitiConfig.swift; sourceTree = "<group>"; };
		5AB83093247432C40089AF93 /* ZitiUnretained.swift */ = {isa = PBXFileReference; fileEncoding = 4; lastKnownFileType = sourcecode.swift; path = ZitiUnretained.swift; sourceTree = "<group>"; };
		5AB83094247432C40089AF93 /* ZitiLog.swift */ = {isa = PBXFileReference; fileEncoding = 4; lastKnownFileType = sourcecode.swift; path = ZitiLog.swift; sourceTree = "<group>"; };
		5AB83095247432C40089AF93 /* ZitiUrlClientConfigV1.swift */ = {isa = PBXFileReference; fileEncoding = 4; lastKnownFileType = sourcecode.swift; path = ZitiUrlClientConfigV1.swift; sourceTree = "<group>"; };
		5AB83096247432C40089AF93 /* ZitiUrlProtocol.swift */ = {isa = PBXFileReference; fileEncoding = 4; lastKnownFileType = sourcecode.swift; path = ZitiUrlProtocol.swift; sourceTree = "<group>"; };
		5AB83097247432C40089AF93 /* ZitiConnection.swift */ = {isa = PBXFileReference; fileEncoding = 4; lastKnownFileType = sourcecode.swift; path = ZitiConnection.swift; sourceTree = "<group>"; };
		5AB83098247432C40089AF93 /* ZitiTunnelClientConfigV1.swift */ = {isa = PBXFileReference; fileEncoding = 4; lastKnownFileType = sourcecode.swift; path = ZitiTunnelClientConfigV1.swift; sourceTree = "<group>"; };
		5AB83099247432C40089AF93 /* ZitiEnroller.swift */ = {isa = PBXFileReference; fileEncoding = 4; lastKnownFileType = sourcecode.swift; path = ZitiEnroller.swift; sourceTree = "<group>"; };
		5AB8309A247432C40089AF93 /* ZitiIdentity.swift */ = {isa = PBXFileReference; fileEncoding = 4; lastKnownFileType = sourcecode.swift; path = ZitiIdentity.swift; sourceTree = "<group>"; };
		5AB8309B247432C40089AF93 /* Ziti.swift */ = {isa = PBXFileReference; fileEncoding = 4; lastKnownFileType = sourcecode.swift; path = Ziti.swift; sourceTree = "<group>"; };
		5AB8309C247432C40089AF93 /* ziti.c */ = {isa = PBXFileReference; fileEncoding = 4; lastKnownFileType = sourcecode.c.c; path = ziti.c; sourceTree = "<group>"; };
		5AB830BE247489C30089AF93 /* cziti.sample-ios.app */ = {isa = PBXFileReference; explicitFileType = wrapper.application; includeInIndex = 0; path = "cziti.sample-ios.app"; sourceTree = BUILT_PRODUCTS_DIR; };
		5AB830C0247489C30089AF93 /* AppDelegate.swift */ = {isa = PBXFileReference; lastKnownFileType = sourcecode.swift; path = AppDelegate.swift; sourceTree = "<group>"; };
		5AB830C2247489C30089AF93 /* SceneDelegate.swift */ = {isa = PBXFileReference; lastKnownFileType = sourcecode.swift; path = SceneDelegate.swift; sourceTree = "<group>"; };
		5AB830C4247489C30089AF93 /* ViewController.swift */ = {isa = PBXFileReference; lastKnownFileType = sourcecode.swift; path = ViewController.swift; sourceTree = "<group>"; };
		5AB830C7247489C30089AF93 /* Base */ = {isa = PBXFileReference; lastKnownFileType = file.storyboard; name = Base; path = Base.lproj/Main.storyboard; sourceTree = "<group>"; };
		5AB830C9247489C70089AF93 /* Assets.xcassets */ = {isa = PBXFileReference; lastKnownFileType = folder.assetcatalog; path = Assets.xcassets; sourceTree = "<group>"; };
		5AB830CC247489C70089AF93 /* Base */ = {isa = PBXFileReference; lastKnownFileType = file.storyboard; name = Base; path = Base.lproj/LaunchScreen.storyboard; sourceTree = "<group>"; };
		5AB830CE247489C70089AF93 /* Info.plist */ = {isa = PBXFileReference; lastKnownFileType = text.plist.xml; path = Info.plist; sourceTree = "<group>"; };
		5AC9EA1A26FB80D600AB888D /* ZitiPostureQuerySet.swift */ = {isa = PBXFileReference; lastKnownFileType = sourcecode.swift; path = ZitiPostureQuerySet.swift; sourceTree = "<group>"; };
		5AC9EA1D26FB8A0700AB888D /* ZitiPostureQuery.swift */ = {isa = PBXFileReference; lastKnownFileType = sourcecode.swift; path = ZitiPostureQuery.swift; sourceTree = "<group>"; };
		5AD1FBC225D4A8A10035CE6C /* ZitiHostConfigV1.swift */ = {isa = PBXFileReference; lastKnownFileType = sourcecode.swift; path = ZitiHostConfigV1.swift; sourceTree = "<group>"; };
		5ADAE971280A5834007D1DF4 /* ZitiTunnelEvent.swift */ = {isa = PBXFileReference; fileEncoding = 4; lastKnownFileType = sourcecode.swift; path = ZitiTunnelEvent.swift; sourceTree = "<group>"; };
		5ADAE979280F7EFD007D1DF4 /* libresolv.9.tbd */ = {isa = PBXFileReference; lastKnownFileType = "sourcecode.text-based-dylib-definition"; name = libresolv.9.tbd; path = Platforms/iPhoneOS.platform/Developer/SDKs/iPhoneOS15.4.sdk/usr/lib/libresolv.9.tbd; sourceTree = DEVELOPER_DIR; };
		5AE14C852471D32E00179365 /* sample-mac-host */ = {isa = PBXFileReference; explicitFileType = "compiled.mach-o.executable"; includeInIndex = 0; path = "sample-mac-host"; sourceTree = BUILT_PRODUCTS_DIR; };
		5AE14C872471D32E00179365 /* main.swift */ = {isa = PBXFileReference; lastKnownFileType = sourcecode.swift; path = main.swift; sourceTree = "<group>"; };
		5AF0C4102489987500CD4DAE /* ZitiClaims.swift */ = {isa = PBXFileReference; lastKnownFileType = sourcecode.swift; path = ZitiClaims.swift; sourceTree = "<group>"; };
		5AFE864127E3C56000D47A47 /* libresolv.9.tbd */ = {isa = PBXFileReference; lastKnownFileType = "sourcecode.text-based-dylib-definition"; name = libresolv.9.tbd; path = usr/lib/libresolv.9.tbd; sourceTree = SDKROOT; };
		5AFE864327E3C62800D47A47 /* libresolv.tbd */ = {isa = PBXFileReference; lastKnownFileType = "sourcecode.text-based-dylib-definition"; name = libresolv.tbd; path = usr/lib/libresolv.tbd; sourceTree = SDKROOT; };
/* End PBXFileReference section */

/* Begin PBXFrameworksBuildPhase section */
		5A0AC92C247742470021E8D9 /* Frameworks */ = {
			isa = PBXFrameworksBuildPhase;
			buildActionMask = 2147483647;
			files = (
				5ADAE97B280F7F05007D1DF4 /* libresolv.9.tbd in Frameworks */,
				5A0AC9482477427F0021E8D9 /* libCZiti.a in Frameworks */,
			);
			runOnlyForDeploymentPostprocessing = 0;
		};
		5AAAEDE02464D8AB00C56383 /* Frameworks */ = {
			isa = PBXFrameworksBuildPhase;
			buildActionMask = 2147483647;
			files = (
				5ADAE977280F7EC4007D1DF4 /* libresolv.9.tbd in Frameworks */,
				5AAAEDEA2464D8FB00C56383 /* libCZiti.a in Frameworks */,
			);
			runOnlyForDeploymentPostprocessing = 0;
		};
		5AB6DF66244B7C3C00F4B4E0 /* Frameworks */ = {
			isa = PBXFrameworksBuildPhase;
			buildActionMask = 2147483647;
			files = (
				5AA2988E25857758001F7502 /* libziti-tunnel-cbs-c.a in Frameworks */,
				5AA2988F25857758001F7502 /* libziti-tunnel-sdk-c.a in Frameworks */,
				5AA2989125857759001F7502 /* liblwipcore.a in Frameworks */,
				5A0E4A8E24534DDE00C56DCF /* libsodium.a in Frameworks */,
				5A0E4A8B24530E1E00C56DCF /* libziti.a in Frameworks */,
				5AB6DF7E244B8F2000F4B4E0 /* libuv_mbed.a in Frameworks */,
				5AB6DF7F244B8F2000F4B4E0 /* libmbedx509.a in Frameworks */,
				5AB6DF80244B8F2000F4B4E0 /* libmbedcrypto.a in Frameworks */,
				5AB6DF82244B8F2000F4B4E0 /* libmbedtls.a in Frameworks */,
				5AB6DF83244B8F2000F4B4E0 /* libuv_a.a in Frameworks */,
			);
			runOnlyForDeploymentPostprocessing = 0;
		};
		5AB6DFAC244B990A00F4B4E0 /* Frameworks */ = {
			isa = PBXFrameworksBuildPhase;
			buildActionMask = 2147483647;
			files = (
				5AA2989725857789001F7502 /* libziti-tunnel-sdk-c.a in Frameworks */,
				5AA2989825857789001F7502 /* libziti-tunnel-cbs-c.a in Frameworks */,
				5AA2989925857789001F7502 /* liblwipcore.a in Frameworks */,
				5AB6DFBE244BA65400F4B4E0 /* libuv_mbed.a in Frameworks */,
				5AB6DFBC244BA64B00F4B4E0 /* libuv_a.a in Frameworks */,
				5AB6DFB9244BA63F00F4B4E0 /* libmbedcrypto.a in Frameworks */,
				5AB6DFBB244BA64700F4B4E0 /* libmbedx509.a in Frameworks */,
				5AB6DFBA244BA64300F4B4E0 /* libmbedtls.a in Frameworks */,
				5A0E4A8F24534DE500C56DCF /* libsodium.a in Frameworks */,
				5A0E4A8C24530E2500C56DCF /* libziti.a in Frameworks */,
			);
			runOnlyForDeploymentPostprocessing = 0;
		};
		5AB830BB247489C30089AF93 /* Frameworks */ = {
			isa = PBXFrameworksBuildPhase;
			buildActionMask = 2147483647;
			files = (
				5ADAE97A280F7EFD007D1DF4 /* libresolv.9.tbd in Frameworks */,
				5AB830D224748A1B0089AF93 /* libCZiti.a in Frameworks */,
			);
			runOnlyForDeploymentPostprocessing = 0;
		};
		5AE14C822471D32E00179365 /* Frameworks */ = {
			isa = PBXFrameworksBuildPhase;
			buildActionMask = 2147483647;
			files = (
				5ADAE978280F7EEB007D1DF4 /* libresolv.9.tbd in Frameworks */,
				5AE14C8C2471DDA000179365 /* libCZiti.a in Frameworks */,
			);
			runOnlyForDeploymentPostprocessing = 0;
		};
/* End PBXFrameworksBuildPhase section */

/* Begin PBXGroup section */
		5A0AC930247742470021E8D9 /* sample-ios-objc */ = {
			isa = PBXGroup;
			children = (
				5A0AC931247742470021E8D9 /* AppDelegate.h */,
				5A0AC932247742470021E8D9 /* AppDelegate.m */,
				5A0AC934247742470021E8D9 /* SceneDelegate.h */,
				5A0AC935247742470021E8D9 /* SceneDelegate.m */,
				5A0AC937247742470021E8D9 /* ViewController.h */,
				5A0AC938247742470021E8D9 /* ViewController.m */,
				5A0AC93A247742470021E8D9 /* Main.storyboard */,
				5A0AC93D2477424A0021E8D9 /* Assets.xcassets */,
				5A0AC93F2477424A0021E8D9 /* LaunchScreen.storyboard */,
				5A0AC9422477424A0021E8D9 /* Info.plist */,
				5A0AC9432477424A0021E8D9 /* main.m */,
				5A0AC94E247783440021E8D9 /* Bridge.swift */,
			);
			path = "sample-ios-objc";
			sourceTree = "<group>";
		};
		5A298538283C26EE0056C9A7 /* Configs */ = {
			isa = PBXGroup;
			children = (
				5A298539283C271E0056C9A7 /* workspace-settings.xcconfig */,
			);
			path = Configs;
			sourceTree = "<group>";
		};
		5A29E5ED2681649500EED54C /* ProjectModule */ = {
			isa = PBXGroup;
			children = (
				5A29E5EE268164CF00EED54C /* module.modulemap */,
			);
			path = ProjectModule;
			sourceTree = "<group>";
		};
		5A2D83F92444D4B9008B1D32 = {
			isa = PBXGroup;
			children = (
				5A298538283C26EE0056C9A7 /* Configs */,
				5AB8308D247432C40089AF93 /* lib */,
				5AAAEDE42464D8AB00C56383 /* ziti-mac-enroller */,
				5AE14C862471D32E00179365 /* sample-mac-host */,
				5AB830BF247489C30089AF93 /* cziti.sample-ios */,
				5A0AC930247742470021E8D9 /* sample-ios-objc */,
				5A2D84062444D54C008B1D32 /* Products */,
				5AB6DF76244B8F2000F4B4E0 /* Frameworks */,
			);
			sourceTree = "<group>";
		};
		5A2D84062444D54C008B1D32 /* Products */ = {
			isa = PBXGroup;
			children = (
				5AB6DF68244B7C3C00F4B4E0 /* libCZiti.a */,
				5AB6DFAF244B990A00F4B4E0 /* libCZiti.a */,
				5AAAEDE32464D8AB00C56383 /* ziti-mac-enroller */,
				5AE14C852471D32E00179365 /* sample-mac-host */,
				5AB830BE247489C30089AF93 /* cziti.sample-ios.app */,
				5A0AC92F247742470021E8D9 /* sample-ios-objc.app */,
			);
			name = Products;
			sourceTree = "<group>";
		};
		5AAAEDE42464D8AB00C56383 /* ziti-mac-enroller */ = {
			isa = PBXGroup;
			children = (
				5AAAEDE52464D8AB00C56383 /* main.swift */,
			);
			path = "ziti-mac-enroller";
			sourceTree = "<group>";
		};
		5AB6DF76244B8F2000F4B4E0 /* Frameworks */ = {
			isa = PBXGroup;
			children = (
				5ADAE979280F7EFD007D1DF4 /* libresolv.9.tbd */,
				5AFE864327E3C62800D47A47 /* libresolv.tbd */,
				5AFE864127E3C56000D47A47 /* libresolv.9.tbd */,
				5AA2988D25857758001F7502 /* liblwipcore.a */,
				5AA2989525857789001F7502 /* liblwipcore.a */,
				5AA2988C25857758001F7502 /* liblwipunixarch.a */,
				5AA2988A25857758001F7502 /* libziti-tunnel-cbs-c.a */,
				5AA2989425857788001F7502 /* libziti-tunnel-cbs-c.a */,
				5AA2988B25857758001F7502 /* libziti-tunnel-sdk-c.a */,
				5AA2989225857788001F7502 /* liblwipunixarch.a */,
				5AA2989325857788001F7502 /* libziti-tunnel-sdk-c.a */,
				5A0E4A8D24534DDE00C56DCF /* libsodium.a */,
				5A0E4A8A24530E1E00C56DCF /* libziti.a */,
				5AB6DF7D244B8F2000F4B4E0 /* libhttp-parser.a */,
				5AB6DF79244B8F2000F4B4E0 /* libmbedcrypto.a */,
				5AB6DF7B244B8F2000F4B4E0 /* libmbedtls.a */,
				5AB6DF78244B8F2000F4B4E0 /* libmbedx509.a */,
				5AB6DF7C244B8F2000F4B4E0 /* libuv_a.a */,
				5AB6DF7A244B8F2000F4B4E0 /* libuv_link.a */,
				5AB6DF77244B8F2000F4B4E0 /* libuv_mbed.a */,
			);
			name = Frameworks;
			sourceTree = "<group>";
		};
		5AB8308D247432C40089AF93 /* lib */ = {
			isa = PBXGroup;
			children = (
				5A29E5ED2681649500EED54C /* ProjectModule */,
				5AB8309B247432C40089AF93 /* Ziti.swift */,
				5AB8309A247432C40089AF93 /* ZitiIdentity.swift */,
				5AF0C4102489987500CD4DAE /* ZitiClaims.swift */,
				5A8B0B65258EDD1100182437 /* ZitiEvent.swift */,
				5A8B0B80258FEA9900182437 /* ZitiService.swift */,
				5AC9EA1A26FB80D600AB888D /* ZitiPostureQuerySet.swift */,
				5AC9EA1D26FB8A0700AB888D /* ZitiPostureQuery.swift */,
				5A71D8C0262885EF00504002 /* ZitiMfaEnrollment.swift */,
				5A71D8CF262CFCF900504002 /* ZitiMfaAuthQuery.swift */,
				5AB83099247432C40089AF93 /* ZitiEnroller.swift */,
				5AB83097247432C40089AF93 /* ZitiConnection.swift */,
				5AB83096247432C40089AF93 /* ZitiUrlProtocol.swift */,
				5AB83090247432C40089AF93 /* ZitiIntercept.swift */,
				5AB83091247432C40089AF93 /* ZitiKeychain.swift */,
				5AB83092247432C40089AF93 /* ZitiConfig.swift */,
				5AB83095247432C40089AF93 /* ZitiUrlClientConfigV1.swift */,
				5AB83098247432C40089AF93 /* ZitiTunnelClientConfigV1.swift */,
				5A8B0C1C2594119900182437 /* ZitiTunnelServerConfigV1.swift */,
				5A69FBFE25D1934A007B3B43 /* ZitiInterceptConfigV1.swift */,
				5AD1FBC225D4A8A10035CE6C /* ZitiHostConfigV1.swift */,
				5A5538E72556F92100C02F03 /* ZitiPostureChecks.swift */,
				5AB8308F247432C40089AF93 /* ZitiError.swift */,
				5AB83094247432C40089AF93 /* ZitiLog.swift */,
				5AB83093247432C40089AF93 /* ZitiUnretained.swift */,
				5AA298AC2585935F001F7502 /* ZitiTunnel.swift */,
				5ADAE971280A5834007D1DF4 /* ZitiTunnelEvent.swift */,
				5AA298BB2585961C001F7502 /* NetifDriver.swift */,
				5AB8309C247432C40089AF93 /* ziti.c */,
				5AB8308E247432C40089AF93 /* Ziti-Bridging-Header.h */,
			);
			path = lib;
			sourceTree = "<group>";
		};
		5AB830BF247489C30089AF93 /* cziti.sample-ios */ = {
			isa = PBXGroup;
			children = (
				5AB830C0247489C30089AF93 /* AppDelegate.swift */,
				5AB830C2247489C30089AF93 /* SceneDelegate.swift */,
				5AB830C4247489C30089AF93 /* ViewController.swift */,
				5AB830C6247489C30089AF93 /* Main.storyboard */,
				5AB830C9247489C70089AF93 /* Assets.xcassets */,
				5AB830CB247489C70089AF93 /* LaunchScreen.storyboard */,
				5AB830CE247489C70089AF93 /* Info.plist */,
			);
			path = "cziti.sample-ios";
			sourceTree = "<group>";
		};
		5AE14C862471D32E00179365 /* sample-mac-host */ = {
			isa = PBXGroup;
			children = (
				5AE14C872471D32E00179365 /* main.swift */,
			);
			path = "sample-mac-host";
			sourceTree = "<group>";
		};
/* End PBXGroup section */

/* Begin PBXHeadersBuildPhase section */
		5AB6DF64244B7C3C00F4B4E0 /* Headers */ = {
			isa = PBXHeadersBuildPhase;
			buildActionMask = 2147483647;
			files = (
			);
			runOnlyForDeploymentPostprocessing = 0;
		};
/* End PBXHeadersBuildPhase section */

/* Begin PBXNativeTarget section */
		5A0AC92E247742470021E8D9 /* sample-ios-objc */ = {
			isa = PBXNativeTarget;
			buildConfigurationList = 5A0AC9472477424B0021E8D9 /* Build configuration list for PBXNativeTarget "sample-ios-objc" */;
			buildPhases = (
				5A0AC92B247742470021E8D9 /* Sources */,
				5A0AC92C247742470021E8D9 /* Frameworks */,
				5A0AC92D247742470021E8D9 /* Resources */,
			);
			buildRules = (
			);
			dependencies = (
				5A0AC94A2477427F0021E8D9 /* PBXTargetDependency */,
			);
			name = "sample-ios-objc";
			productName = "sample-ios-objc";
			productReference = 5A0AC92F247742470021E8D9 /* sample-ios-objc.app */;
			productType = "com.apple.product-type.application";
		};
		5AAAEDE22464D8AB00C56383 /* ziti-mac-enroller */ = {
			isa = PBXNativeTarget;
			buildConfigurationList = 5AAAEDE72464D8AB00C56383 /* Build configuration list for PBXNativeTarget "ziti-mac-enroller" */;
			buildPhases = (
				5AAAEDDF2464D8AB00C56383 /* Sources */,
				5AAAEDE02464D8AB00C56383 /* Frameworks */,
				5AAAEDE12464D8AB00C56383 /* CopyFiles */,
			);
			buildRules = (
			);
			dependencies = (
				5AAAEDEC2464D8FB00C56383 /* PBXTargetDependency */,
			);
			name = "ziti-mac-enroller";
			productName = "ziti-mac-enroller";
			productReference = 5AAAEDE32464D8AB00C56383 /* ziti-mac-enroller */;
			productType = "com.apple.product-type.tool";
		};
		5AB6DF67244B7C3C00F4B4E0 /* CZiti-macOS */ = {
			isa = PBXNativeTarget;
			buildConfigurationList = 5AB6DF6E244B7C3C00F4B4E0 /* Build configuration list for PBXNativeTarget "CZiti-macOS" */;
			buildPhases = (
				5AB6DF64244B7C3C00F4B4E0 /* Headers */,
				5AB6DF65244B7C3C00F4B4E0 /* Sources */,
				5AB6DF66244B7C3C00F4B4E0 /* Frameworks */,
			);
			buildRules = (
			);
			dependencies = (
			);
			name = "CZiti-macOS";
			productName = zupmac;
			productReference = 5AB6DF68244B7C3C00F4B4E0 /* libCZiti.a */;
			productType = "com.apple.product-type.library.static";
		};
		5AB6DFAE244B990A00F4B4E0 /* CZiti-iOS */ = {
			isa = PBXNativeTarget;
			buildConfigurationList = 5AB6DFB3244B990A00F4B4E0 /* Build configuration list for PBXNativeTarget "CZiti-iOS" */;
			buildPhases = (
				5AB6DFAB244B990A00F4B4E0 /* Sources */,
				5AB6DFAC244B990A00F4B4E0 /* Frameworks */,
				5AB6DFAD244B990A00F4B4E0 /* CopyFiles */,
			);
			buildRules = (
			);
			dependencies = (
			);
			name = "CZiti-iOS";
			productName = zupios;
			productReference = 5AB6DFAF244B990A00F4B4E0 /* libCZiti.a */;
			productType = "com.apple.product-type.library.static";
		};
		5AB830BD247489C30089AF93 /* cziti.sample-ios */ = {
			isa = PBXNativeTarget;
			buildConfigurationList = 5AB830D1247489C70089AF93 /* Build configuration list for PBXNativeTarget "cziti.sample-ios" */;
			buildPhases = (
				5AB830BA247489C30089AF93 /* Sources */,
				5AB830BB247489C30089AF93 /* Frameworks */,
				5AB830BC247489C30089AF93 /* Resources */,
			);
			buildRules = (
			);
			dependencies = (
				5AB830D424748A1B0089AF93 /* PBXTargetDependency */,
			);
			name = "cziti.sample-ios";
			productName = "cziti.sample-ios";
			productReference = 5AB830BE247489C30089AF93 /* cziti.sample-ios.app */;
			productType = "com.apple.product-type.application";
		};
		5AE14C842471D32E00179365 /* sample-mac-host */ = {
			isa = PBXNativeTarget;
			buildConfigurationList = 5AE14C8B2471D32E00179365 /* Build configuration list for PBXNativeTarget "sample-mac-host" */;
			buildPhases = (
				5AE14C812471D32E00179365 /* Sources */,
				5AE14C822471D32E00179365 /* Frameworks */,
				5AE14C832471D32E00179365 /* CopyFiles */,
			);
			buildRules = (
			);
			dependencies = (
				5AE14C8E2471DDA000179365 /* PBXTargetDependency */,
			);
			name = "sample-mac-host";
			productName = "sample-mac-host";
			productReference = 5AE14C852471D32E00179365 /* sample-mac-host */;
			productType = "com.apple.product-type.tool";
		};
/* End PBXNativeTarget section */

/* Begin PBXProject section */
		5A2D83FA2444D4B9008B1D32 /* Project object */ = {
			isa = PBXProject;
			attributes = {
				LastSwiftUpdateCheck = 1140;
				LastUpgradeCheck = 1330;
				TargetAttributes = {
					5A0AC92E247742470021E8D9 = {
						CreatedOnToolsVersion = 11.4.1;
						LastSwiftMigration = 1140;
					};
					5AAAEDE22464D8AB00C56383 = {
						CreatedOnToolsVersion = 11.4.1;
					};
					5AB6DF67244B7C3C00F4B4E0 = {
						CreatedOnToolsVersion = 11.4.1;
					};
					5AB6DFAE244B990A00F4B4E0 = {
						CreatedOnToolsVersion = 11.4.1;
						LastSwiftMigration = 1140;
					};
					5AB830BD247489C30089AF93 = {
						CreatedOnToolsVersion = 11.4.1;
					};
					5AE14C842471D32E00179365 = {
						CreatedOnToolsVersion = 11.4.1;
					};
				};
			};
			buildConfigurationList = 5A2D83FD2444D4B9008B1D32 /* Build configuration list for PBXProject "CZiti" */;
			compatibilityVersion = "Xcode 9.3";
			developmentRegion = en;
			hasScannedForEncodings = 0;
			knownRegions = (
				en,
				Base,
			);
			mainGroup = 5A2D83F92444D4B9008B1D32;
			productRefGroup = 5A2D84062444D54C008B1D32 /* Products */;
			projectDirPath = "";
			projectRoot = "";
			targets = (
				5AB6DF67244B7C3C00F4B4E0 /* CZiti-macOS */,
				5AB6DFAE244B990A00F4B4E0 /* CZiti-iOS */,
				5AAAEDE22464D8AB00C56383 /* ziti-mac-enroller */,
				5AE14C842471D32E00179365 /* sample-mac-host */,
				5AB830BD247489C30089AF93 /* cziti.sample-ios */,
				5A0AC92E247742470021E8D9 /* sample-ios-objc */,
			);
		};
/* End PBXProject section */

/* Begin PBXResourcesBuildPhase section */
		5A0AC92D247742470021E8D9 /* Resources */ = {
			isa = PBXResourcesBuildPhase;
			buildActionMask = 2147483647;
			files = (
				5A0AC9412477424A0021E8D9 /* LaunchScreen.storyboard in Resources */,
				5A0AC93E2477424A0021E8D9 /* Assets.xcassets in Resources */,
				5A0AC93C247742470021E8D9 /* Main.storyboard in Resources */,
			);
			runOnlyForDeploymentPostprocessing = 0;
		};
		5AB830BC247489C30089AF93 /* Resources */ = {
			isa = PBXResourcesBuildPhase;
			buildActionMask = 2147483647;
			files = (
				5AB830CD247489C70089AF93 /* LaunchScreen.storyboard in Resources */,
				5AB830CA247489C70089AF93 /* Assets.xcassets in Resources */,
				5AB830C8247489C30089AF93 /* Main.storyboard in Resources */,
			);
			runOnlyForDeploymentPostprocessing = 0;
		};
/* End PBXResourcesBuildPhase section */

/* Begin PBXSourcesBuildPhase section */
		5A0AC92B247742470021E8D9 /* Sources */ = {
			isa = PBXSourcesBuildPhase;
			buildActionMask = 2147483647;
			files = (
				5A411E0B251FE40B005EE351 /* Bridge.swift in Sources */,
				5A0AC939247742470021E8D9 /* ViewController.m in Sources */,
				5A0AC933247742470021E8D9 /* AppDelegate.m in Sources */,
				5A0AC9442477424A0021E8D9 /* main.m in Sources */,
				5A0AC936247742470021E8D9 /* SceneDelegate.m in Sources */,
			);
			runOnlyForDeploymentPostprocessing = 0;
		};
		5AAAEDDF2464D8AB00C56383 /* Sources */ = {
			isa = PBXSourcesBuildPhase;
			buildActionMask = 2147483647;
			files = (
				5AAAEDE62464D8AB00C56383 /* main.swift in Sources */,
			);
			runOnlyForDeploymentPostprocessing = 0;
		};
		5AB6DF65244B7C3C00F4B4E0 /* Sources */ = {
			isa = PBXSourcesBuildPhase;
			buildActionMask = 2147483647;
			files = (
				5AB830A0247432C40089AF93 /* ZitiKeychain.swift in Sources */,
				5A8B0B81258FEA9A00182437 /* ZitiService.swift in Sources */,
				5AB830A1247432C40089AF93 /* ZitiConfig.swift in Sources */,
				5AB8309E247432C40089AF93 /* ZitiError.swift in Sources */,
				5AB830A7247432C40089AF93 /* ZitiTunnelClientConfigV1.swift in Sources */,
				5AB830A5247432C40089AF93 /* ZitiUrlProtocol.swift in Sources */,
				5AD1FBC325D4A8A10035CE6C /* ZitiHostConfigV1.swift in Sources */,
				5A5538E82556F92100C02F03 /* ZitiPostureChecks.swift in Sources */,
				5AB830A8247432C40089AF93 /* ZitiEnroller.swift in Sources */,
				5AB830A9247432C50089AF93 /* ZitiIdentity.swift in Sources */,
				5AA298BC2585961C001F7502 /* NetifDriver.swift in Sources */,
				5AB830A3247432C40089AF93 /* ZitiLog.swift in Sources */,
				5A71D8D0262CFCF900504002 /* ZitiMfaAuthQuery.swift in Sources */,
				5A69FBFF25D1934A007B3B43 /* ZitiInterceptConfigV1.swift in Sources */,
				5AB830A4247432C40089AF93 /* ZitiUrlClientConfigV1.swift in Sources */,
				5A71D8C1262885EF00504002 /* ZitiMfaEnrollment.swift in Sources */,
				5AC9EA1E26FB8A0700AB888D /* ZitiPostureQuery.swift in Sources */,
				5AB830AA247432C50089AF93 /* Ziti.swift in Sources */,
				5AB830AB247432C50089AF93 /* ziti.c in Sources */,
				5AB830A2247432C40089AF93 /* ZitiUnretained.swift in Sources */,
				5AA298AD2585935F001F7502 /* ZitiTunnel.swift in Sources */,
				5A8B0C1D2594119900182437 /* ZitiTunnelServerConfigV1.swift in Sources */,
				5A8B0B66258EDD1100182437 /* ZitiEvent.swift in Sources */,
				5AB830A6247432C40089AF93 /* ZitiConnection.swift in Sources */,
				5ADAE972280A5834007D1DF4 /* ZitiTunnelEvent.swift in Sources */,
				5AB8309F247432C40089AF93 /* ZitiIntercept.swift in Sources */,
				5AC9EA1B26FB80D600AB888D /* ZitiPostureQuerySet.swift in Sources */,
				5AF0C4112489987500CD4DAE /* ZitiClaims.swift in Sources */,
			);
			runOnlyForDeploymentPostprocessing = 0;
		};
		5AB6DFAB244B990A00F4B4E0 /* Sources */ = {
			isa = PBXSourcesBuildPhase;
			buildActionMask = 2147483647;
			files = (
				5AB830AE247433150089AF93 /* ZitiKeychain.swift in Sources */,
				5A8B0B82258FEA9A00182437 /* ZitiService.swift in Sources */,
				5AB830AF247433190089AF93 /* ZitiConfig.swift in Sources */,
				5AB830AC2474330D0089AF93 /* ZitiError.swift in Sources */,
				5AB830B52474332E0089AF93 /* ZitiTunnelClientConfigV1.swift in Sources */,
				5AB830B3247433270089AF93 /* ZitiUrlProtocol.swift in Sources */,
				5AD1FBC425D4A8A10035CE6C /* ZitiHostConfigV1.swift in Sources */,
				5A5538E92556F92100C02F03 /* ZitiPostureChecks.swift in Sources */,
				5AB830B6247433310089AF93 /* ZitiEnroller.swift in Sources */,
				5AB830B7247433350089AF93 /* ZitiIdentity.swift in Sources */,
				5AA298BD2585961C001F7502 /* NetifDriver.swift in Sources */,
				5AB830B1247433200089AF93 /* ZitiLog.swift in Sources */,
				5A71D8D1262CFCFA00504002 /* ZitiMfaAuthQuery.swift in Sources */,
				5A69FC0025D1934A007B3B43 /* ZitiInterceptConfigV1.swift in Sources */,
				5AB830B2247433230089AF93 /* ZitiUrlClientConfigV1.swift in Sources */,
				5A71D8C2262885EF00504002 /* ZitiMfaEnrollment.swift in Sources */,
				5AC9EA1F26FB8A0700AB888D /* ZitiPostureQuery.swift in Sources */,
				5AB830B8247433390089AF93 /* Ziti.swift in Sources */,
				5AB830B92474333D0089AF93 /* ziti.c in Sources */,
				5AB830B02474331C0089AF93 /* ZitiUnretained.swift in Sources */,
				5AA298AE2585935F001F7502 /* ZitiTunnel.swift in Sources */,
				5A8B0C1E2594119900182437 /* ZitiTunnelServerConfigV1.swift in Sources */,
				5A8B0B67258EDD1100182437 /* ZitiEvent.swift in Sources */,
				5AB830B42474332B0089AF93 /* ZitiConnection.swift in Sources */,
				5ADAE973280A5845007D1DF4 /* ZitiTunnelEvent.swift in Sources */,
				5AB830AD247433110089AF93 /* ZitiIntercept.swift in Sources */,
				5AC9EA1C26FB80D600AB888D /* ZitiPostureQuerySet.swift in Sources */,
				5AF0C4122489987500CD4DAE /* ZitiClaims.swift in Sources */,
			);
			runOnlyForDeploymentPostprocessing = 0;
		};
		5AB830BA247489C30089AF93 /* Sources */ = {
			isa = PBXSourcesBuildPhase;
			buildActionMask = 2147483647;
			files = (
				5AB830C5247489C30089AF93 /* ViewController.swift in Sources */,
				5AB830C1247489C30089AF93 /* AppDelegate.swift in Sources */,
				5AB830C3247489C30089AF93 /* SceneDelegate.swift in Sources */,
			);
			runOnlyForDeploymentPostprocessing = 0;
		};
		5AE14C812471D32E00179365 /* Sources */ = {
			isa = PBXSourcesBuildPhase;
			buildActionMask = 2147483647;
			files = (
				5AE14C882471D32E00179365 /* main.swift in Sources */,
			);
			runOnlyForDeploymentPostprocessing = 0;
		};
/* End PBXSourcesBuildPhase section */

/* Begin PBXTargetDependency section */
		5A0AC94A2477427F0021E8D9 /* PBXTargetDependency */ = {
			isa = PBXTargetDependency;
			target = 5AB6DFAE244B990A00F4B4E0 /* CZiti-iOS */;
			targetProxy = 5A0AC9492477427F0021E8D9 /* PBXContainerItemProxy */;
		};
		5AAAEDEC2464D8FB00C56383 /* PBXTargetDependency */ = {
			isa = PBXTargetDependency;
			target = 5AB6DF67244B7C3C00F4B4E0 /* CZiti-macOS */;
			targetProxy = 5AAAEDEB2464D8FB00C56383 /* PBXContainerItemProxy */;
		};
		5AB830D424748A1B0089AF93 /* PBXTargetDependency */ = {
			isa = PBXTargetDependency;
			target = 5AB6DFAE244B990A00F4B4E0 /* CZiti-iOS */;
			targetProxy = 5AB830D324748A1B0089AF93 /* PBXContainerItemProxy */;
		};
		5AE14C8E2471DDA000179365 /* PBXTargetDependency */ = {
			isa = PBXTargetDependency;
			target = 5AB6DF67244B7C3C00F4B4E0 /* CZiti-macOS */;
			targetProxy = 5AE14C8D2471DDA000179365 /* PBXContainerItemProxy */;
		};
/* End PBXTargetDependency section */

/* Begin PBXVariantGroup section */
		5A0AC93A247742470021E8D9 /* Main.storyboard */ = {
			isa = PBXVariantGroup;
			children = (
				5A0AC93B247742470021E8D9 /* Base */,
			);
			name = Main.storyboard;
			sourceTree = "<group>";
		};
		5A0AC93F2477424A0021E8D9 /* LaunchScreen.storyboard */ = {
			isa = PBXVariantGroup;
			children = (
				5A0AC9402477424A0021E8D9 /* Base */,
			);
			name = LaunchScreen.storyboard;
			sourceTree = "<group>";
		};
		5AB830C6247489C30089AF93 /* Main.storyboard */ = {
			isa = PBXVariantGroup;
			children = (
				5AB830C7247489C30089AF93 /* Base */,
			);
			name = Main.storyboard;
			sourceTree = "<group>";
		};
		5AB830CB247489C70089AF93 /* LaunchScreen.storyboard */ = {
			isa = PBXVariantGroup;
			children = (
				5AB830CC247489C70089AF93 /* Base */,
			);
			name = LaunchScreen.storyboard;
			sourceTree = "<group>";
		};
/* End PBXVariantGroup section */

/* Begin XCBuildConfiguration section */
		5A0AC9452477424A0021E8D9 /* Debug */ = {
			isa = XCBuildConfiguration;
			buildSettings = {
				ALWAYS_EMBED_SWIFT_STANDARD_LIBRARIES = YES;
				ALWAYS_SEARCH_USER_PATHS = NO;
				ASSETCATALOG_COMPILER_APPICON_NAME = AppIcon;
				CLANG_ANALYZER_NONNULL = YES;
				CLANG_ANALYZER_NUMBER_OBJECT_CONVERSION = YES_AGGRESSIVE;
				CLANG_CXX_LANGUAGE_STANDARD = "gnu++14";
				CLANG_CXX_LIBRARY = "libc++";
				CLANG_ENABLE_MODULES = YES;
				CLANG_ENABLE_OBJC_ARC = YES;
				CLANG_ENABLE_OBJC_WEAK = YES;
				CLANG_WARN_BLOCK_CAPTURE_AUTORELEASING = YES;
				CLANG_WARN_BOOL_CONVERSION = YES;
				CLANG_WARN_COMMA = YES;
				CLANG_WARN_CONSTANT_CONVERSION = YES;
				CLANG_WARN_DEPRECATED_OBJC_IMPLEMENTATIONS = YES;
				CLANG_WARN_DIRECT_OBJC_ISA_USAGE = YES_ERROR;
				CLANG_WARN_DOCUMENTATION_COMMENTS = YES;
				CLANG_WARN_EMPTY_BODY = YES;
				CLANG_WARN_ENUM_CONVERSION = YES;
				CLANG_WARN_INFINITE_RECURSION = YES;
				CLANG_WARN_INT_CONVERSION = YES;
				CLANG_WARN_NON_LITERAL_NULL_CONVERSION = YES;
				CLANG_WARN_OBJC_IMPLICIT_RETAIN_SELF = YES;
				CLANG_WARN_OBJC_LITERAL_CONVERSION = YES;
				CLANG_WARN_OBJC_ROOT_CLASS = YES_ERROR;
				CLANG_WARN_RANGE_LOOP_ANALYSIS = YES;
				CLANG_WARN_STRICT_PROTOTYPES = YES;
				CLANG_WARN_SUSPICIOUS_MOVE = YES;
				CLANG_WARN_UNGUARDED_AVAILABILITY = YES_AGGRESSIVE;
				CLANG_WARN_UNREACHABLE_CODE = YES;
				CLANG_WARN__DUPLICATE_METHOD_MATCH = YES;
				CODE_SIGN_STYLE = Automatic;
				COPY_PHASE_STRIP = NO;
				DEBUG_INFORMATION_FORMAT = dwarf;
				ENABLE_BITCODE = NO;
				ENABLE_STRICT_OBJC_MSGSEND = YES;
				ENABLE_TESTABILITY = YES;
				GCC_C_LANGUAGE_STANDARD = gnu11;
				GCC_DYNAMIC_NO_PIC = NO;
				GCC_NO_COMMON_BLOCKS = YES;
				GCC_OPTIMIZATION_LEVEL = 0;
				GCC_PREPROCESSOR_DEFINITIONS = (
					"DEBUG=1",
					"$(inherited)",
				);
				GCC_WARN_64_TO_32_BIT_CONVERSION = YES;
				GCC_WARN_ABOUT_RETURN_TYPE = YES_ERROR;
				GCC_WARN_UNDECLARED_SELECTOR = YES;
				GCC_WARN_UNINITIALIZED_AUTOS = YES_AGGRESSIVE;
				GCC_WARN_UNUSED_FUNCTION = YES;
				GCC_WARN_UNUSED_VARIABLE = YES;
				HEADER_SEARCH_PATHS = (
					"$(inherited)",
					"$(PROJECT_DIR)/include/$(PLATFORM_NAME)",
				);
				INFOPLIST_FILE = "sample-ios-objc/Info.plist";
				IPHONEOS_DEPLOYMENT_TARGET = 13.0;
				LD_RUNPATH_SEARCH_PATHS = (
					"$(inherited)",
					"@executable_path/Frameworks",
				);
				MTL_ENABLE_DEBUG_INFO = INCLUDE_SOURCE;
				MTL_FAST_MATH = YES;
				ONLY_ACTIVE_ARCH = YES;
				PRODUCT_BUNDLE_IDENTIFIER = "$(ORGANIZATION_PREFIX).sample-ios-objc";
				PRODUCT_NAME = "$(TARGET_NAME)";
				SDKROOT = iphoneos;
				SWIFT_OBJC_BRIDGING_HEADER = "";
				SWIFT_OPTIMIZATION_LEVEL = "-Onone";
				SWIFT_VERSION = 5.0;
				TARGETED_DEVICE_FAMILY = "1,2";
			};
			name = Debug;
		};
		5A0AC9462477424A0021E8D9 /* Release */ = {
			isa = XCBuildConfiguration;
			buildSettings = {
				ALWAYS_EMBED_SWIFT_STANDARD_LIBRARIES = YES;
				ALWAYS_SEARCH_USER_PATHS = NO;
				ASSETCATALOG_COMPILER_APPICON_NAME = AppIcon;
				CLANG_ANALYZER_NONNULL = YES;
				CLANG_ANALYZER_NUMBER_OBJECT_CONVERSION = YES_AGGRESSIVE;
				CLANG_CXX_LANGUAGE_STANDARD = "gnu++14";
				CLANG_CXX_LIBRARY = "libc++";
				CLANG_ENABLE_MODULES = YES;
				CLANG_ENABLE_OBJC_ARC = YES;
				CLANG_ENABLE_OBJC_WEAK = YES;
				CLANG_WARN_BLOCK_CAPTURE_AUTORELEASING = YES;
				CLANG_WARN_BOOL_CONVERSION = YES;
				CLANG_WARN_COMMA = YES;
				CLANG_WARN_CONSTANT_CONVERSION = YES;
				CLANG_WARN_DEPRECATED_OBJC_IMPLEMENTATIONS = YES;
				CLANG_WARN_DIRECT_OBJC_ISA_USAGE = YES_ERROR;
				CLANG_WARN_DOCUMENTATION_COMMENTS = YES;
				CLANG_WARN_EMPTY_BODY = YES;
				CLANG_WARN_ENUM_CONVERSION = YES;
				CLANG_WARN_INFINITE_RECURSION = YES;
				CLANG_WARN_INT_CONVERSION = YES;
				CLANG_WARN_NON_LITERAL_NULL_CONVERSION = YES;
				CLANG_WARN_OBJC_IMPLICIT_RETAIN_SELF = YES;
				CLANG_WARN_OBJC_LITERAL_CONVERSION = YES;
				CLANG_WARN_OBJC_ROOT_CLASS = YES_ERROR;
				CLANG_WARN_RANGE_LOOP_ANALYSIS = YES;
				CLANG_WARN_STRICT_PROTOTYPES = YES;
				CLANG_WARN_SUSPICIOUS_MOVE = YES;
				CLANG_WARN_UNGUARDED_AVAILABILITY = YES_AGGRESSIVE;
				CLANG_WARN_UNREACHABLE_CODE = YES;
				CLANG_WARN__DUPLICATE_METHOD_MATCH = YES;
				CODE_SIGN_STYLE = Automatic;
				COPY_PHASE_STRIP = NO;
				DEBUG_INFORMATION_FORMAT = "dwarf-with-dsym";
				ENABLE_BITCODE = NO;
				ENABLE_NS_ASSERTIONS = NO;
				ENABLE_STRICT_OBJC_MSGSEND = YES;
				GCC_C_LANGUAGE_STANDARD = gnu11;
				GCC_NO_COMMON_BLOCKS = YES;
				GCC_WARN_64_TO_32_BIT_CONVERSION = YES;
				GCC_WARN_ABOUT_RETURN_TYPE = YES_ERROR;
				GCC_WARN_UNDECLARED_SELECTOR = YES;
				GCC_WARN_UNINITIALIZED_AUTOS = YES_AGGRESSIVE;
				GCC_WARN_UNUSED_FUNCTION = YES;
				GCC_WARN_UNUSED_VARIABLE = YES;
				HEADER_SEARCH_PATHS = (
					"$(inherited)",
					"$(PROJECT_DIR)/include/$(PLATFORM_NAME)",
				);
				INFOPLIST_FILE = "sample-ios-objc/Info.plist";
				IPHONEOS_DEPLOYMENT_TARGET = 13.0;
				LD_RUNPATH_SEARCH_PATHS = (
					"$(inherited)",
					"@executable_path/Frameworks",
				);
				MTL_ENABLE_DEBUG_INFO = NO;
				MTL_FAST_MATH = YES;
				PRODUCT_BUNDLE_IDENTIFIER = "$(ORGANIZATION_PREFIX).sample-ios-objc";
				PRODUCT_NAME = "$(TARGET_NAME)";
				SDKROOT = iphoneos;
				SWIFT_OBJC_BRIDGING_HEADER = "";
				SWIFT_VERSION = 5.0;
				TARGETED_DEVICE_FAMILY = "1,2";
				VALIDATE_PRODUCT = YES;
			};
			name = Release;
		};
		5A2D83FE2444D4B9008B1D32 /* Debug */ = {
			isa = XCBuildConfiguration;
			baseConfigurationReference = 5A298539283C271E0056C9A7 /* workspace-settings.xcconfig */;
			buildSettings = {
				BUILD_LIBRARY_FOR_DISTRIBUTION = YES;
				CLANG_WARN_BLOCK_CAPTURE_AUTORELEASING = YES;
				CLANG_WARN_BOOL_CONVERSION = YES;
				CLANG_WARN_COMMA = YES;
				CLANG_WARN_CONSTANT_CONVERSION = YES;
				CLANG_WARN_DEPRECATED_OBJC_IMPLEMENTATIONS = YES;
				CLANG_WARN_EMPTY_BODY = YES;
				CLANG_WARN_ENUM_CONVERSION = YES;
				CLANG_WARN_INFINITE_RECURSION = YES;
				CLANG_WARN_INT_CONVERSION = YES;
				CLANG_WARN_NON_LITERAL_NULL_CONVERSION = YES;
				CLANG_WARN_OBJC_IMPLICIT_RETAIN_SELF = YES;
				CLANG_WARN_OBJC_LITERAL_CONVERSION = YES;
				CLANG_WARN_QUOTED_INCLUDE_IN_FRAMEWORK_HEADER = YES;
				CLANG_WARN_RANGE_LOOP_ANALYSIS = YES;
				CLANG_WARN_STRICT_PROTOTYPES = YES;
				CLANG_WARN_SUSPICIOUS_MOVE = YES;
				CLANG_WARN_UNREACHABLE_CODE = YES;
				CLANG_WARN__DUPLICATE_METHOD_MATCH = YES;
				ENABLE_STRICT_OBJC_MSGSEND = YES;
				ENABLE_TESTABILITY = YES;
				GCC_NO_COMMON_BLOCKS = YES;
				GCC_WARN_64_TO_32_BIT_CONVERSION = YES;
				GCC_WARN_ABOUT_RETURN_TYPE = YES;
				GCC_WARN_UNDECLARED_SELECTOR = YES;
				GCC_WARN_UNINITIALIZED_AUTOS = YES;
				GCC_WARN_UNUSED_FUNCTION = YES;
				GCC_WARN_UNUSED_VARIABLE = YES;
				HEADER_SEARCH_PATHS = (
					"$(PROJECT_DIR)/deps/ziti-tunnel-sdk-c/build-$(PLATFORM_NAME)-$(CURRENT_ARCH)/_deps/uv-mbed-src/include",
					"$(PROJECT_DIR)/deps/ziti-tunnel-sdk-c/build-$(PLATFORM_NAME)-$(CURRENT_ARCH)/_deps/http_parser-src",
					"$(PROJECT_DIR)/deps/ziti-tunnel-sdk-c/build-$(PLATFORM_NAME)-$(CURRENT_ARCH)/_deps/uv-mbed-src/deps/uv_link_t/include",
					"$(PROJECT_DIR)/deps/ziti-tunnel-sdk-c/build-$(PLATFORM_NAME)-$(CURRENT_ARCH)/_deps/libuv-src/include",
					"$(PROJECT_DIR)/deps/ziti-tunnel-sdk-c/build-$(PLATFORM_NAME)-$(CURRENT_ARCH)/_deps/ziti-sdk-c-src/includes",
					"$(PROJECT_DIR)/deps/ziti-tunnel-sdk-c/include",
					"$(PROJECT_DIR)/deps/ziti-tunnel-sdk-c/lib/ziti-tunnel/include",
					"$(PROJECT_DIR)/deps/ziti-tunnel-sdk-c/lib/ziti-tunnel-cbs/include",
					"$(PROJECT_DIR)/deps/ziti-tunnel-sdk-c/lib/ziti-tunnel/lwip",
					"$(PROJECT_DIR)/deps/ziti-tunnel-sdk-c/build-$(PLATFORM_NAME)-$(CURRENT_ARCH)/_deps/lwip-src/src/include",
					"$(PROJECT_DIR)/deps/ziti-tunnel-sdk-c/build-$(PLATFORM_NAME)-$(CURRENT_ARCH)/_deps/lwip-contrib-src/ports/unix/port/include",
				);
				LIBRARY_SEARCH_PATHS = (
					"$(PROJECT_DIR)/deps/ziti-tunnel-sdk-c/build-$(PLATFORM_NAME)-$(CURRENT_ARCH)/_deps/uv-mbed-build",
					"$(PROJECT_DIR)/deps/ziti-tunnel-sdk-c/build-$(PLATFORM_NAME)-$(CURRENT_ARCH)/_deps/mbedtls-build/library",
					"$(PROJECT_DIR)/deps/ziti-tunnel-sdk-c/build-$(PLATFORM_NAME)-$(CURRENT_ARCH)/_deps/uv-mbed-build",
					"$(PROJECT_DIR)/deps/ziti-tunnel-sdk-c/build-$(PLATFORM_NAME)-$(CURRENT_ARCH)/_deps/libuv-build",
					"$(PROJECT_DIR)/deps/ziti-tunnel-sdk-c/build-$(PLATFORM_NAME)-$(CURRENT_ARCH)/_deps/libsodium-build/lib",
					"$(PROJECT_DIR)/deps/ziti-tunnel-sdk-c/build-$(PLATFORM_NAME)-$(CURRENT_ARCH)/_deps/ziti-sdk-c-build/library",
					"$(PROJECT_DIR)/deps/ziti-tunnel-sdk-c/build-$(PLATFORM_NAME)-$(CURRENT_ARCH)/lib/ziti-tunnel",
					"$(PROJECT_DIR)/deps/ziti-tunnel-sdk-c/build-$(PLATFORM_NAME)-$(CURRENT_ARCH)/lib/ziti-tunnel-cbs",
				);
				ONLY_ACTIVE_ARCH = YES;
				OTHER_SWIFT_FLAGS = "";
				SWIFT_INCLUDE_PATHS = "$(SRCROOT)/lib/ProjectModule";
				SWIFT_OBJC_BRIDGING_HEADER = "";
			};
			name = Debug;
		};
		5A2D83FF2444D4B9008B1D32 /* Release */ = {
			isa = XCBuildConfiguration;
			baseConfigurationReference = 5A298539283C271E0056C9A7 /* workspace-settings.xcconfig */;
			buildSettings = {
				BUILD_LIBRARY_FOR_DISTRIBUTION = YES;
				CLANG_WARN_BLOCK_CAPTURE_AUTORELEASING = YES;
				CLANG_WARN_BOOL_CONVERSION = YES;
				CLANG_WARN_COMMA = YES;
				CLANG_WARN_CONSTANT_CONVERSION = YES;
				CLANG_WARN_DEPRECATED_OBJC_IMPLEMENTATIONS = YES;
				CLANG_WARN_EMPTY_BODY = YES;
				CLANG_WARN_ENUM_CONVERSION = YES;
				CLANG_WARN_INFINITE_RECURSION = YES;
				CLANG_WARN_INT_CONVERSION = YES;
				CLANG_WARN_NON_LITERAL_NULL_CONVERSION = YES;
				CLANG_WARN_OBJC_IMPLICIT_RETAIN_SELF = YES;
				CLANG_WARN_OBJC_LITERAL_CONVERSION = YES;
				CLANG_WARN_QUOTED_INCLUDE_IN_FRAMEWORK_HEADER = YES;
				CLANG_WARN_RANGE_LOOP_ANALYSIS = YES;
				CLANG_WARN_STRICT_PROTOTYPES = YES;
				CLANG_WARN_SUSPICIOUS_MOVE = YES;
				CLANG_WARN_UNREACHABLE_CODE = YES;
				CLANG_WARN__DUPLICATE_METHOD_MATCH = YES;
				ENABLE_STRICT_OBJC_MSGSEND = YES;
				GCC_NO_COMMON_BLOCKS = YES;
				GCC_WARN_64_TO_32_BIT_CONVERSION = YES;
				GCC_WARN_ABOUT_RETURN_TYPE = YES;
				GCC_WARN_UNDECLARED_SELECTOR = YES;
				GCC_WARN_UNINITIALIZED_AUTOS = YES;
				GCC_WARN_UNUSED_FUNCTION = YES;
				GCC_WARN_UNUSED_VARIABLE = YES;
				HEADER_SEARCH_PATHS = (
					"$(PROJECT_DIR)/deps/ziti-tunnel-sdk-c/build-$(PLATFORM_NAME)-$(CURRENT_ARCH)/_deps/uv-mbed-src/include",
					"$(PROJECT_DIR)/deps/ziti-tunnel-sdk-c/build-$(PLATFORM_NAME)-$(CURRENT_ARCH)/_deps/http_parser-src",
					"$(PROJECT_DIR)/deps/ziti-tunnel-sdk-c/build-$(PLATFORM_NAME)-$(CURRENT_ARCH)/_deps/uv-mbed-src/deps/uv_link_t/include",
					"$(PROJECT_DIR)/deps/ziti-tunnel-sdk-c/build-$(PLATFORM_NAME)-$(CURRENT_ARCH)/_deps/libuv-src/include",
					"$(PROJECT_DIR)/deps/ziti-tunnel-sdk-c/build-$(PLATFORM_NAME)-$(CURRENT_ARCH)/_deps/ziti-sdk-c-src/includes",
					"$(PROJECT_DIR)/deps/ziti-tunnel-sdk-c/include",
					"$(PROJECT_DIR)/deps/ziti-tunnel-sdk-c/lib/ziti-tunnel/include",
					"$(PROJECT_DIR)/deps/ziti-tunnel-sdk-c/lib/ziti-tunnel-cbs/include",
					"$(PROJECT_DIR)/deps/ziti-tunnel-sdk-c/lib/ziti-tunnel/lwip",
					"$(PROJECT_DIR)/deps/ziti-tunnel-sdk-c/build-$(PLATFORM_NAME)-$(CURRENT_ARCH)/_deps/lwip-src/src/include",
					"$(PROJECT_DIR)/deps/ziti-tunnel-sdk-c/build-$(PLATFORM_NAME)-$(CURRENT_ARCH)/_deps/lwip-contrib-src/ports/unix/port/include",
				);
				LIBRARY_SEARCH_PATHS = (
					"$(PROJECT_DIR)/deps/ziti-tunnel-sdk-c/build-$(PLATFORM_NAME)-$(CURRENT_ARCH)/_deps/uv-mbed-build",
					"$(PROJECT_DIR)/deps/ziti-tunnel-sdk-c/build-$(PLATFORM_NAME)-$(CURRENT_ARCH)/_deps/mbedtls-build/library",
					"$(PROJECT_DIR)/deps/ziti-tunnel-sdk-c/build-$(PLATFORM_NAME)-$(CURRENT_ARCH)/_deps/uv-mbed-build",
					"$(PROJECT_DIR)/deps/ziti-tunnel-sdk-c/build-$(PLATFORM_NAME)-$(CURRENT_ARCH)/_deps/libuv-build",
					"$(PROJECT_DIR)/deps/ziti-tunnel-sdk-c/build-$(PLATFORM_NAME)-$(CURRENT_ARCH)/_deps/libsodium-build/lib",
					"$(PROJECT_DIR)/deps/ziti-tunnel-sdk-c/build-$(PLATFORM_NAME)-$(CURRENT_ARCH)/_deps/ziti-sdk-c-build/library",
					"$(PROJECT_DIR)/deps/ziti-tunnel-sdk-c/build-$(PLATFORM_NAME)-$(CURRENT_ARCH)/lib/ziti-tunnel",
					"$(PROJECT_DIR)/deps/ziti-tunnel-sdk-c/build-$(PLATFORM_NAME)-$(CURRENT_ARCH)/lib/ziti-tunnel-cbs",
				);
				OTHER_SWIFT_FLAGS = "";
				SWIFT_COMPILATION_MODE = wholemodule;
				SWIFT_INCLUDE_PATHS = "$(SRCROOT)/lib/ProjectModule";
				SWIFT_OBJC_BRIDGING_HEADER = "";
			};
			name = Release;
		};
		5AAAEDE82464D8AB00C56383 /* Debug */ = {
			isa = XCBuildConfiguration;
			buildSettings = {
				ALWAYS_SEARCH_USER_PATHS = NO;
				CLANG_ANALYZER_NONNULL = YES;
				CLANG_ANALYZER_NUMBER_OBJECT_CONVERSION = YES_AGGRESSIVE;
				CLANG_CXX_LANGUAGE_STANDARD = "gnu++14";
				CLANG_CXX_LIBRARY = "libc++";
				CLANG_ENABLE_MODULES = YES;
				CLANG_ENABLE_OBJC_ARC = YES;
				CLANG_ENABLE_OBJC_WEAK = YES;
				CLANG_WARN_BLOCK_CAPTURE_AUTORELEASING = YES;
				CLANG_WARN_BOOL_CONVERSION = YES;
				CLANG_WARN_COMMA = YES;
				CLANG_WARN_CONSTANT_CONVERSION = YES;
				CLANG_WARN_DEPRECATED_OBJC_IMPLEMENTATIONS = YES;
				CLANG_WARN_DIRECT_OBJC_ISA_USAGE = YES_ERROR;
				CLANG_WARN_DOCUMENTATION_COMMENTS = YES;
				CLANG_WARN_EMPTY_BODY = YES;
				CLANG_WARN_ENUM_CONVERSION = YES;
				CLANG_WARN_INFINITE_RECURSION = YES;
				CLANG_WARN_INT_CONVERSION = YES;
				CLANG_WARN_NON_LITERAL_NULL_CONVERSION = YES;
				CLANG_WARN_OBJC_IMPLICIT_RETAIN_SELF = YES;
				CLANG_WARN_OBJC_LITERAL_CONVERSION = YES;
				CLANG_WARN_OBJC_ROOT_CLASS = YES_ERROR;
				CLANG_WARN_RANGE_LOOP_ANALYSIS = YES;
				CLANG_WARN_STRICT_PROTOTYPES = YES;
				CLANG_WARN_SUSPICIOUS_MOVE = YES;
				CLANG_WARN_UNGUARDED_AVAILABILITY = YES_AGGRESSIVE;
				CLANG_WARN_UNREACHABLE_CODE = YES;
				CLANG_WARN__DUPLICATE_METHOD_MATCH = YES;
				CODE_SIGN_IDENTITY = "-";
				CODE_SIGN_STYLE = Automatic;
				COPY_PHASE_STRIP = NO;
				DEBUG_INFORMATION_FORMAT = dwarf;
				ENABLE_HARDENED_RUNTIME = YES;
				ENABLE_STRICT_OBJC_MSGSEND = YES;
				ENABLE_TESTABILITY = YES;
				GCC_C_LANGUAGE_STANDARD = gnu11;
				GCC_DYNAMIC_NO_PIC = NO;
				GCC_NO_COMMON_BLOCKS = YES;
				GCC_OPTIMIZATION_LEVEL = 0;
				GCC_PREPROCESSOR_DEFINITIONS = (
					"DEBUG=1",
					"$(inherited)",
				);
				GCC_WARN_64_TO_32_BIT_CONVERSION = YES;
				GCC_WARN_ABOUT_RETURN_TYPE = YES_ERROR;
				GCC_WARN_UNDECLARED_SELECTOR = YES;
				GCC_WARN_UNINITIALIZED_AUTOS = YES_AGGRESSIVE;
				GCC_WARN_UNUSED_FUNCTION = YES;
				GCC_WARN_UNUSED_VARIABLE = YES;
				MACOSX_DEPLOYMENT_TARGET = 10.15;
				MTL_ENABLE_DEBUG_INFO = INCLUDE_SOURCE;
				MTL_FAST_MATH = YES;
				ONLY_ACTIVE_ARCH = YES;
				PRODUCT_BUNDLE_IDENTIFIER = "$(ORGANIZATION_PREFIX).sample-mac-enroller";
				PRODUCT_NAME = "$(TARGET_NAME)";
				SDKROOT = macosx;
				SWIFT_ACTIVE_COMPILATION_CONDITIONS = DEBUG;
				SWIFT_OBJC_BRIDGING_HEADER = "$(inherited)";
				SWIFT_OPTIMIZATION_LEVEL = "-Onone";
				SWIFT_VERSION = 5.0;
			};
			name = Debug;
		};
		5AAAEDE92464D8AB00C56383 /* Release */ = {
			isa = XCBuildConfiguration;
			buildSettings = {
				ALWAYS_SEARCH_USER_PATHS = NO;
				CLANG_ANALYZER_NONNULL = YES;
				CLANG_ANALYZER_NUMBER_OBJECT_CONVERSION = YES_AGGRESSIVE;
				CLANG_CXX_LANGUAGE_STANDARD = "gnu++14";
				CLANG_CXX_LIBRARY = "libc++";
				CLANG_ENABLE_MODULES = YES;
				CLANG_ENABLE_OBJC_ARC = YES;
				CLANG_ENABLE_OBJC_WEAK = YES;
				CLANG_WARN_BLOCK_CAPTURE_AUTORELEASING = YES;
				CLANG_WARN_BOOL_CONVERSION = YES;
				CLANG_WARN_COMMA = YES;
				CLANG_WARN_CONSTANT_CONVERSION = YES;
				CLANG_WARN_DEPRECATED_OBJC_IMPLEMENTATIONS = YES;
				CLANG_WARN_DIRECT_OBJC_ISA_USAGE = YES_ERROR;
				CLANG_WARN_DOCUMENTATION_COMMENTS = YES;
				CLANG_WARN_EMPTY_BODY = YES;
				CLANG_WARN_ENUM_CONVERSION = YES;
				CLANG_WARN_INFINITE_RECURSION = YES;
				CLANG_WARN_INT_CONVERSION = YES;
				CLANG_WARN_NON_LITERAL_NULL_CONVERSION = YES;
				CLANG_WARN_OBJC_IMPLICIT_RETAIN_SELF = YES;
				CLANG_WARN_OBJC_LITERAL_CONVERSION = YES;
				CLANG_WARN_OBJC_ROOT_CLASS = YES_ERROR;
				CLANG_WARN_RANGE_LOOP_ANALYSIS = YES;
				CLANG_WARN_STRICT_PROTOTYPES = YES;
				CLANG_WARN_SUSPICIOUS_MOVE = YES;
				CLANG_WARN_UNGUARDED_AVAILABILITY = YES_AGGRESSIVE;
				CLANG_WARN_UNREACHABLE_CODE = YES;
				CLANG_WARN__DUPLICATE_METHOD_MATCH = YES;
				CODE_SIGN_IDENTITY = "-";
				CODE_SIGN_STYLE = Automatic;
				COPY_PHASE_STRIP = NO;
				DEBUG_INFORMATION_FORMAT = "dwarf-with-dsym";
				ENABLE_HARDENED_RUNTIME = YES;
				ENABLE_NS_ASSERTIONS = NO;
				ENABLE_STRICT_OBJC_MSGSEND = YES;
				GCC_C_LANGUAGE_STANDARD = gnu11;
				GCC_NO_COMMON_BLOCKS = YES;
				GCC_WARN_64_TO_32_BIT_CONVERSION = YES;
				GCC_WARN_ABOUT_RETURN_TYPE = YES_ERROR;
				GCC_WARN_UNDECLARED_SELECTOR = YES;
				GCC_WARN_UNINITIALIZED_AUTOS = YES_AGGRESSIVE;
				GCC_WARN_UNUSED_FUNCTION = YES;
				GCC_WARN_UNUSED_VARIABLE = YES;
				MACOSX_DEPLOYMENT_TARGET = 10.15;
				MTL_ENABLE_DEBUG_INFO = NO;
				MTL_FAST_MATH = YES;
				PRODUCT_BUNDLE_IDENTIFIER = "$(ORGANIZATION_PREFIX).ziti-mac-enroller";
				PRODUCT_NAME = "$(TARGET_NAME)";
				SDKROOT = macosx;
				SWIFT_COMPILATION_MODE = wholemodule;
				SWIFT_OBJC_BRIDGING_HEADER = "$(inherited)";
				SWIFT_OPTIMIZATION_LEVEL = "-O";
				SWIFT_VERSION = 5.0;
			};
			name = Release;
		};
		5AB6DF6F244B7C3C00F4B4E0 /* Debug */ = {
			isa = XCBuildConfiguration;
			buildSettings = {
				ALWAYS_SEARCH_USER_PATHS = NO;
				BUILD_LIBRARY_FOR_DISTRIBUTION = YES;
				CLANG_ANALYZER_NONNULL = YES;
				CLANG_ANALYZER_NUMBER_OBJECT_CONVERSION = YES_AGGRESSIVE;
				CLANG_CXX_LANGUAGE_STANDARD = "gnu++14";
				CLANG_CXX_LIBRARY = "libc++";
				CLANG_ENABLE_MODULES = YES;
				CLANG_ENABLE_OBJC_ARC = YES;
				CLANG_ENABLE_OBJC_WEAK = YES;
				CLANG_WARN_BLOCK_CAPTURE_AUTORELEASING = YES;
				CLANG_WARN_BOOL_CONVERSION = YES;
				CLANG_WARN_COMMA = YES;
				CLANG_WARN_CONSTANT_CONVERSION = YES;
				CLANG_WARN_DEPRECATED_OBJC_IMPLEMENTATIONS = YES;
				CLANG_WARN_DIRECT_OBJC_ISA_USAGE = YES_ERROR;
				CLANG_WARN_DOCUMENTATION_COMMENTS = YES;
				CLANG_WARN_EMPTY_BODY = YES;
				CLANG_WARN_ENUM_CONVERSION = YES;
				CLANG_WARN_INFINITE_RECURSION = YES;
				CLANG_WARN_INT_CONVERSION = YES;
				CLANG_WARN_NON_LITERAL_NULL_CONVERSION = YES;
				CLANG_WARN_OBJC_IMPLICIT_RETAIN_SELF = YES;
				CLANG_WARN_OBJC_LITERAL_CONVERSION = YES;
				CLANG_WARN_OBJC_ROOT_CLASS = YES_ERROR;
				CLANG_WARN_RANGE_LOOP_ANALYSIS = YES;
				CLANG_WARN_STRICT_PROTOTYPES = YES;
				CLANG_WARN_SUSPICIOUS_MOVE = YES;
				CLANG_WARN_UNGUARDED_AVAILABILITY = YES_AGGRESSIVE;
				CLANG_WARN_UNREACHABLE_CODE = YES;
				CLANG_WARN__DUPLICATE_METHOD_MATCH = YES;
				CODE_SIGN_STYLE = Automatic;
				COPY_PHASE_STRIP = NO;
				DEBUG_INFORMATION_FORMAT = dwarf;
				ENABLE_STRICT_OBJC_MSGSEND = YES;
				ENABLE_TESTABILITY = YES;
				EXECUTABLE_PREFIX = lib;
				GCC_C_LANGUAGE_STANDARD = gnu11;
				GCC_DYNAMIC_NO_PIC = NO;
				GCC_NO_COMMON_BLOCKS = YES;
				GCC_OPTIMIZATION_LEVEL = 0;
				GCC_PREPROCESSOR_DEFINITIONS = (
					"DEBUG=1",
					"$(inherited)",
				);
				GCC_WARN_64_TO_32_BIT_CONVERSION = YES;
				GCC_WARN_ABOUT_RETURN_TYPE = YES_ERROR;
				GCC_WARN_UNDECLARED_SELECTOR = YES;
				GCC_WARN_UNINITIALIZED_AUTOS = YES_AGGRESSIVE;
				GCC_WARN_UNUSED_FUNCTION = YES;
				GCC_WARN_UNUSED_VARIABLE = YES;
				HEADER_SEARCH_PATHS = "$(inherited)";
				LIBRARY_SEARCH_PATHS = "$(inherited)";
				MACOSX_DEPLOYMENT_TARGET = 10.15;
				MTL_ENABLE_DEBUG_INFO = INCLUDE_SOURCE;
				MTL_FAST_MATH = YES;
				ONLY_ACTIVE_ARCH = YES;
				OTHER_SWIFT_FLAGS = "";
				PRODUCT_NAME = CZiti;
				SDKROOT = macosx;
				SKIP_INSTALL = YES;
				SWIFT_OBJC_BRIDGING_HEADER = "$(inherited)";
				SWIFT_VERSION = 5.0;
			};
			name = Debug;
		};
		5AB6DF70244B7C3C00F4B4E0 /* Release */ = {
			isa = XCBuildConfiguration;
			buildSettings = {
				ALWAYS_SEARCH_USER_PATHS = NO;
				BUILD_LIBRARY_FOR_DISTRIBUTION = YES;
				CLANG_ANALYZER_NONNULL = YES;
				CLANG_ANALYZER_NUMBER_OBJECT_CONVERSION = YES_AGGRESSIVE;
				CLANG_CXX_LANGUAGE_STANDARD = "gnu++14";
				CLANG_CXX_LIBRARY = "libc++";
				CLANG_ENABLE_MODULES = YES;
				CLANG_ENABLE_OBJC_ARC = YES;
				CLANG_ENABLE_OBJC_WEAK = YES;
				CLANG_WARN_BLOCK_CAPTURE_AUTORELEASING = YES;
				CLANG_WARN_BOOL_CONVERSION = YES;
				CLANG_WARN_COMMA = YES;
				CLANG_WARN_CONSTANT_CONVERSION = YES;
				CLANG_WARN_DEPRECATED_OBJC_IMPLEMENTATIONS = YES;
				CLANG_WARN_DIRECT_OBJC_ISA_USAGE = YES_ERROR;
				CLANG_WARN_DOCUMENTATION_COMMENTS = YES;
				CLANG_WARN_EMPTY_BODY = YES;
				CLANG_WARN_ENUM_CONVERSION = YES;
				CLANG_WARN_INFINITE_RECURSION = YES;
				CLANG_WARN_INT_CONVERSION = YES;
				CLANG_WARN_NON_LITERAL_NULL_CONVERSION = YES;
				CLANG_WARN_OBJC_IMPLICIT_RETAIN_SELF = YES;
				CLANG_WARN_OBJC_LITERAL_CONVERSION = YES;
				CLANG_WARN_OBJC_ROOT_CLASS = YES_ERROR;
				CLANG_WARN_RANGE_LOOP_ANALYSIS = YES;
				CLANG_WARN_STRICT_PROTOTYPES = YES;
				CLANG_WARN_SUSPICIOUS_MOVE = YES;
				CLANG_WARN_UNGUARDED_AVAILABILITY = YES_AGGRESSIVE;
				CLANG_WARN_UNREACHABLE_CODE = YES;
				CLANG_WARN__DUPLICATE_METHOD_MATCH = YES;
				CODE_SIGN_STYLE = Automatic;
				COPY_PHASE_STRIP = NO;
				DEBUG_INFORMATION_FORMAT = "dwarf-with-dsym";
				ENABLE_NS_ASSERTIONS = NO;
				ENABLE_STRICT_OBJC_MSGSEND = YES;
				EXECUTABLE_PREFIX = lib;
				GCC_C_LANGUAGE_STANDARD = gnu11;
				GCC_NO_COMMON_BLOCKS = YES;
				GCC_WARN_64_TO_32_BIT_CONVERSION = YES;
				GCC_WARN_ABOUT_RETURN_TYPE = YES_ERROR;
				GCC_WARN_UNDECLARED_SELECTOR = YES;
				GCC_WARN_UNINITIALIZED_AUTOS = YES_AGGRESSIVE;
				GCC_WARN_UNUSED_FUNCTION = YES;
				GCC_WARN_UNUSED_VARIABLE = YES;
				HEADER_SEARCH_PATHS = "$(inherited)";
				LIBRARY_SEARCH_PATHS = "$(inherited)";
				MACOSX_DEPLOYMENT_TARGET = 10.15;
				MTL_ENABLE_DEBUG_INFO = NO;
				MTL_FAST_MATH = YES;
				OTHER_SWIFT_FLAGS = "";
				PRODUCT_NAME = CZiti;
				SDKROOT = macosx;
				SKIP_INSTALL = YES;
				SWIFT_OBJC_BRIDGING_HEADER = "$(inherited)";
				SWIFT_VERSION = 5.0;
			};
			name = Release;
		};
		5AB6DFB4244B990A00F4B4E0 /* Debug */ = {
			isa = XCBuildConfiguration;
			buildSettings = {
				ALWAYS_SEARCH_USER_PATHS = NO;
				CLANG_ANALYZER_NONNULL = YES;
				CLANG_ANALYZER_NUMBER_OBJECT_CONVERSION = YES_AGGRESSIVE;
				CLANG_CXX_LANGUAGE_STANDARD = "gnu++14";
				CLANG_CXX_LIBRARY = "libc++";
				CLANG_ENABLE_MODULES = YES;
				CLANG_ENABLE_OBJC_ARC = YES;
				CLANG_ENABLE_OBJC_WEAK = YES;
				CLANG_WARN_BLOCK_CAPTURE_AUTORELEASING = YES;
				CLANG_WARN_BOOL_CONVERSION = YES;
				CLANG_WARN_COMMA = YES;
				CLANG_WARN_CONSTANT_CONVERSION = YES;
				CLANG_WARN_DEPRECATED_OBJC_IMPLEMENTATIONS = YES;
				CLANG_WARN_DIRECT_OBJC_ISA_USAGE = YES_ERROR;
				CLANG_WARN_DOCUMENTATION_COMMENTS = YES;
				CLANG_WARN_EMPTY_BODY = YES;
				CLANG_WARN_ENUM_CONVERSION = YES;
				CLANG_WARN_INFINITE_RECURSION = YES;
				CLANG_WARN_INT_CONVERSION = YES;
				CLANG_WARN_NON_LITERAL_NULL_CONVERSION = YES;
				CLANG_WARN_OBJC_IMPLICIT_RETAIN_SELF = YES;
				CLANG_WARN_OBJC_LITERAL_CONVERSION = YES;
				CLANG_WARN_OBJC_ROOT_CLASS = YES_ERROR;
				CLANG_WARN_RANGE_LOOP_ANALYSIS = YES;
				CLANG_WARN_STRICT_PROTOTYPES = YES;
				CLANG_WARN_SUSPICIOUS_MOVE = YES;
				CLANG_WARN_UNGUARDED_AVAILABILITY = YES_AGGRESSIVE;
				CLANG_WARN_UNREACHABLE_CODE = YES;
				CLANG_WARN__DUPLICATE_METHOD_MATCH = YES;
				CODE_SIGN_STYLE = Automatic;
				COPY_PHASE_STRIP = NO;
				DEBUG_INFORMATION_FORMAT = dwarf;
				ENABLE_STRICT_OBJC_MSGSEND = YES;
				ENABLE_TESTABILITY = YES;
				GCC_C_LANGUAGE_STANDARD = gnu11;
				GCC_DYNAMIC_NO_PIC = NO;
				GCC_NO_COMMON_BLOCKS = YES;
				GCC_OPTIMIZATION_LEVEL = 0;
				GCC_PREPROCESSOR_DEFINITIONS = (
					"DEBUG=1",
					"$(inherited)",
				);
				GCC_WARN_64_TO_32_BIT_CONVERSION = YES;
				GCC_WARN_ABOUT_RETURN_TYPE = YES_ERROR;
				GCC_WARN_UNDECLARED_SELECTOR = YES;
				GCC_WARN_UNINITIALIZED_AUTOS = YES_AGGRESSIVE;
				GCC_WARN_UNUSED_FUNCTION = YES;
				GCC_WARN_UNUSED_VARIABLE = YES;
				HEADER_SEARCH_PATHS = "$(inherited)";
				IPHONEOS_DEPLOYMENT_TARGET = 12.1;
				LD_RUNPATH_SEARCH_PATHS = (
					"$(inherited)",
					"@executable_path/Frameworks",
					"@loader_path/Frameworks",
				);
				LIBRARY_SEARCH_PATHS = "$(inherited)";
				MTL_ENABLE_DEBUG_INFO = INCLUDE_SOURCE;
				MTL_FAST_MATH = YES;
				ONLY_ACTIVE_ARCH = YES;
				OTHER_LDFLAGS = "-ObjC";
				PRODUCT_NAME = CZiti;
				SDKROOT = iphoneos;
				SKIP_INSTALL = YES;
				SWIFT_ACTIVE_COMPILATION_CONDITIONS = DEBUG;
				SWIFT_OBJC_BRIDGING_HEADER = "$(inherited)";
				SWIFT_OPTIMIZATION_LEVEL = "-Onone";
				SWIFT_VERSION = 5.0;
				TARGETED_DEVICE_FAMILY = "1,2";
			};
			name = Debug;
		};
		5AB6DFB5244B990A00F4B4E0 /* Release */ = {
			isa = XCBuildConfiguration;
			buildSettings = {
				ALWAYS_SEARCH_USER_PATHS = NO;
				CLANG_ANALYZER_NONNULL = YES;
				CLANG_ANALYZER_NUMBER_OBJECT_CONVERSION = YES_AGGRESSIVE;
				CLANG_CXX_LANGUAGE_STANDARD = "gnu++14";
				CLANG_CXX_LIBRARY = "libc++";
				CLANG_ENABLE_MODULES = YES;
				CLANG_ENABLE_OBJC_ARC = YES;
				CLANG_ENABLE_OBJC_WEAK = YES;
				CLANG_WARN_BLOCK_CAPTURE_AUTORELEASING = YES;
				CLANG_WARN_BOOL_CONVERSION = YES;
				CLANG_WARN_COMMA = YES;
				CLANG_WARN_CONSTANT_CONVERSION = YES;
				CLANG_WARN_DEPRECATED_OBJC_IMPLEMENTATIONS = YES;
				CLANG_WARN_DIRECT_OBJC_ISA_USAGE = YES_ERROR;
				CLANG_WARN_DOCUMENTATION_COMMENTS = YES;
				CLANG_WARN_EMPTY_BODY = YES;
				CLANG_WARN_ENUM_CONVERSION = YES;
				CLANG_WARN_INFINITE_RECURSION = YES;
				CLANG_WARN_INT_CONVERSION = YES;
				CLANG_WARN_NON_LITERAL_NULL_CONVERSION = YES;
				CLANG_WARN_OBJC_IMPLICIT_RETAIN_SELF = YES;
				CLANG_WARN_OBJC_LITERAL_CONVERSION = YES;
				CLANG_WARN_OBJC_ROOT_CLASS = YES_ERROR;
				CLANG_WARN_RANGE_LOOP_ANALYSIS = YES;
				CLANG_WARN_STRICT_PROTOTYPES = YES;
				CLANG_WARN_SUSPICIOUS_MOVE = YES;
				CLANG_WARN_UNGUARDED_AVAILABILITY = YES_AGGRESSIVE;
				CLANG_WARN_UNREACHABLE_CODE = YES;
				CLANG_WARN__DUPLICATE_METHOD_MATCH = YES;
				CODE_SIGN_STYLE = Automatic;
				COPY_PHASE_STRIP = NO;
				DEBUG_INFORMATION_FORMAT = "dwarf-with-dsym";
				ENABLE_NS_ASSERTIONS = NO;
				ENABLE_STRICT_OBJC_MSGSEND = YES;
				GCC_C_LANGUAGE_STANDARD = gnu11;
				GCC_NO_COMMON_BLOCKS = YES;
				GCC_WARN_64_TO_32_BIT_CONVERSION = YES;
				GCC_WARN_ABOUT_RETURN_TYPE = YES_ERROR;
				GCC_WARN_UNDECLARED_SELECTOR = YES;
				GCC_WARN_UNINITIALIZED_AUTOS = YES_AGGRESSIVE;
				GCC_WARN_UNUSED_FUNCTION = YES;
				GCC_WARN_UNUSED_VARIABLE = YES;
				HEADER_SEARCH_PATHS = "$(inherited)";
				IPHONEOS_DEPLOYMENT_TARGET = 12.1;
				LD_RUNPATH_SEARCH_PATHS = (
					"$(inherited)",
					"@executable_path/Frameworks",
					"@loader_path/Frameworks",
				);
				LIBRARY_SEARCH_PATHS = "$(inherited)";
				MTL_ENABLE_DEBUG_INFO = NO;
				MTL_FAST_MATH = YES;
				OTHER_LDFLAGS = "-ObjC";
				PRODUCT_NAME = CZiti;
				SDKROOT = iphoneos;
				SKIP_INSTALL = YES;
				SWIFT_COMPILATION_MODE = wholemodule;
				SWIFT_OBJC_BRIDGING_HEADER = "$(inherited)";
				SWIFT_OPTIMIZATION_LEVEL = "-O";
				SWIFT_VERSION = 5.0;
				TARGETED_DEVICE_FAMILY = "1,2";
				VALIDATE_PRODUCT = YES;
			};
			name = Release;
		};
		5AB830CF247489C70089AF93 /* Debug */ = {
			isa = XCBuildConfiguration;
			buildSettings = {
				ALWAYS_SEARCH_USER_PATHS = NO;
				ASSETCATALOG_COMPILER_APPICON_NAME = AppIcon;
				CLANG_ANALYZER_NONNULL = YES;
				CLANG_ANALYZER_NUMBER_OBJECT_CONVERSION = YES_AGGRESSIVE;
				CLANG_CXX_LANGUAGE_STANDARD = "gnu++14";
				CLANG_CXX_LIBRARY = "libc++";
				CLANG_ENABLE_MODULES = YES;
				CLANG_ENABLE_OBJC_ARC = YES;
				CLANG_ENABLE_OBJC_WEAK = YES;
				CLANG_WARN_BLOCK_CAPTURE_AUTORELEASING = YES;
				CLANG_WARN_BOOL_CONVERSION = YES;
				CLANG_WARN_COMMA = YES;
				CLANG_WARN_CONSTANT_CONVERSION = YES;
				CLANG_WARN_DEPRECATED_OBJC_IMPLEMENTATIONS = YES;
				CLANG_WARN_DIRECT_OBJC_ISA_USAGE = YES_ERROR;
				CLANG_WARN_DOCUMENTATION_COMMENTS = YES;
				CLANG_WARN_EMPTY_BODY = YES;
				CLANG_WARN_ENUM_CONVERSION = YES;
				CLANG_WARN_INFINITE_RECURSION = YES;
				CLANG_WARN_INT_CONVERSION = YES;
				CLANG_WARN_NON_LITERAL_NULL_CONVERSION = YES;
				CLANG_WARN_OBJC_IMPLICIT_RETAIN_SELF = YES;
				CLANG_WARN_OBJC_LITERAL_CONVERSION = YES;
				CLANG_WARN_OBJC_ROOT_CLASS = YES_ERROR;
				CLANG_WARN_RANGE_LOOP_ANALYSIS = YES;
				CLANG_WARN_STRICT_PROTOTYPES = YES;
				CLANG_WARN_SUSPICIOUS_MOVE = YES;
				CLANG_WARN_UNGUARDED_AVAILABILITY = YES_AGGRESSIVE;
				CLANG_WARN_UNREACHABLE_CODE = YES;
				CLANG_WARN__DUPLICATE_METHOD_MATCH = YES;
				CODE_SIGN_STYLE = Automatic;
				COPY_PHASE_STRIP = NO;
				DEBUG_INFORMATION_FORMAT = dwarf;
				ENABLE_BITCODE = NO;
				ENABLE_STRICT_OBJC_MSGSEND = YES;
				ENABLE_TESTABILITY = YES;
				GCC_C_LANGUAGE_STANDARD = gnu11;
				GCC_DYNAMIC_NO_PIC = NO;
				GCC_NO_COMMON_BLOCKS = YES;
				GCC_OPTIMIZATION_LEVEL = 0;
				GCC_PREPROCESSOR_DEFINITIONS = (
					"DEBUG=1",
					"$(inherited)",
				);
				GCC_WARN_64_TO_32_BIT_CONVERSION = YES;
				GCC_WARN_ABOUT_RETURN_TYPE = YES_ERROR;
				GCC_WARN_UNDECLARED_SELECTOR = YES;
				GCC_WARN_UNINITIALIZED_AUTOS = YES_AGGRESSIVE;
				GCC_WARN_UNUSED_FUNCTION = YES;
				GCC_WARN_UNUSED_VARIABLE = YES;
				INFOPLIST_FILE = "cziti.sample-ios/Info.plist";
				IPHONEOS_DEPLOYMENT_TARGET = 13.0;
				LD_RUNPATH_SEARCH_PATHS = (
					"$(inherited)",
					"@executable_path/Frameworks",
				);
				MTL_ENABLE_DEBUG_INFO = INCLUDE_SOURCE;
				MTL_FAST_MATH = YES;
				ONLY_ACTIVE_ARCH = YES;
				PRODUCT_BUNDLE_IDENTIFIER = "$(ORGANIZATION_PREFIX).cziti-sample-ios";
				PRODUCT_NAME = "$(TARGET_NAME)";
				SDKROOT = iphoneos;
				SWIFT_ACTIVE_COMPILATION_CONDITIONS = DEBUG;
				SWIFT_OPTIMIZATION_LEVEL = "-Onone";
				SWIFT_VERSION = 5.0;
				TARGETED_DEVICE_FAMILY = "1,2";
			};
			name = Debug;
		};
		5AB830D0247489C70089AF93 /* Release */ = {
			isa = XCBuildConfiguration;
			buildSettings = {
				ALWAYS_SEARCH_USER_PATHS = NO;
				ASSETCATALOG_COMPILER_APPICON_NAME = AppIcon;
				CLANG_ANALYZER_NONNULL = YES;
				CLANG_ANALYZER_NUMBER_OBJECT_CONVERSION = YES_AGGRESSIVE;
				CLANG_CXX_LANGUAGE_STANDARD = "gnu++14";
				CLANG_CXX_LIBRARY = "libc++";
				CLANG_ENABLE_MODULES = YES;
				CLANG_ENABLE_OBJC_ARC = YES;
				CLANG_ENABLE_OBJC_WEAK = YES;
				CLANG_WARN_BLOCK_CAPTURE_AUTORELEASING = YES;
				CLANG_WARN_BOOL_CONVERSION = YES;
				CLANG_WARN_COMMA = YES;
				CLANG_WARN_CONSTANT_CONVERSION = YES;
				CLANG_WARN_DEPRECATED_OBJC_IMPLEMENTATIONS = YES;
				CLANG_WARN_DIRECT_OBJC_ISA_USAGE = YES_ERROR;
				CLANG_WARN_DOCUMENTATION_COMMENTS = YES;
				CLANG_WARN_EMPTY_BODY = YES;
				CLANG_WARN_ENUM_CONVERSION = YES;
				CLANG_WARN_INFINITE_RECURSION = YES;
				CLANG_WARN_INT_CONVERSION = YES;
				CLANG_WARN_NON_LITERAL_NULL_CONVERSION = YES;
				CLANG_WARN_OBJC_IMPLICIT_RETAIN_SELF = YES;
				CLANG_WARN_OBJC_LITERAL_CONVERSION = YES;
				CLANG_WARN_OBJC_ROOT_CLASS = YES_ERROR;
				CLANG_WARN_RANGE_LOOP_ANALYSIS = YES;
				CLANG_WARN_STRICT_PROTOTYPES = YES;
				CLANG_WARN_SUSPICIOUS_MOVE = YES;
				CLANG_WARN_UNGUARDED_AVAILABILITY = YES_AGGRESSIVE;
				CLANG_WARN_UNREACHABLE_CODE = YES;
				CLANG_WARN__DUPLICATE_METHOD_MATCH = YES;
				CODE_SIGN_STYLE = Automatic;
				COPY_PHASE_STRIP = NO;
				DEBUG_INFORMATION_FORMAT = "dwarf-with-dsym";
				ENABLE_BITCODE = NO;
				ENABLE_NS_ASSERTIONS = NO;
				ENABLE_STRICT_OBJC_MSGSEND = YES;
				GCC_C_LANGUAGE_STANDARD = gnu11;
				GCC_NO_COMMON_BLOCKS = YES;
				GCC_WARN_64_TO_32_BIT_CONVERSION = YES;
				GCC_WARN_ABOUT_RETURN_TYPE = YES_ERROR;
				GCC_WARN_UNDECLARED_SELECTOR = YES;
				GCC_WARN_UNINITIALIZED_AUTOS = YES_AGGRESSIVE;
				GCC_WARN_UNUSED_FUNCTION = YES;
				GCC_WARN_UNUSED_VARIABLE = YES;
				INFOPLIST_FILE = "cziti.sample-ios/Info.plist";
				IPHONEOS_DEPLOYMENT_TARGET = 13.0;
				LD_RUNPATH_SEARCH_PATHS = (
					"$(inherited)",
					"@executable_path/Frameworks",
				);
				MTL_ENABLE_DEBUG_INFO = NO;
				MTL_FAST_MATH = YES;
				PRODUCT_BUNDLE_IDENTIFIER = "$(ORGANIZATION_PREFIX).cziti-sample-ios";
				PRODUCT_NAME = "$(TARGET_NAME)";
				SDKROOT = iphoneos;
				SWIFT_COMPILATION_MODE = wholemodule;
				SWIFT_OPTIMIZATION_LEVEL = "-O";
				SWIFT_VERSION = 5.0;
				TARGETED_DEVICE_FAMILY = "1,2";
				VALIDATE_PRODUCT = YES;
			};
			name = Release;
		};
		5AE14C892471D32E00179365 /* Debug */ = {
			isa = XCBuildConfiguration;
			buildSettings = {
				ALWAYS_SEARCH_USER_PATHS = NO;
				CLANG_ANALYZER_NONNULL = YES;
				CLANG_ANALYZER_NUMBER_OBJECT_CONVERSION = YES_AGGRESSIVE;
				CLANG_CXX_LANGUAGE_STANDARD = "gnu++14";
				CLANG_CXX_LIBRARY = "libc++";
				CLANG_ENABLE_MODULES = YES;
				CLANG_ENABLE_OBJC_ARC = YES;
				CLANG_ENABLE_OBJC_WEAK = YES;
				CLANG_WARN_BLOCK_CAPTURE_AUTORELEASING = YES;
				CLANG_WARN_BOOL_CONVERSION = YES;
				CLANG_WARN_COMMA = YES;
				CLANG_WARN_CONSTANT_CONVERSION = YES;
				CLANG_WARN_DEPRECATED_OBJC_IMPLEMENTATIONS = YES;
				CLANG_WARN_DIRECT_OBJC_ISA_USAGE = YES_ERROR;
				CLANG_WARN_DOCUMENTATION_COMMENTS = YES;
				CLANG_WARN_EMPTY_BODY = YES;
				CLANG_WARN_ENUM_CONVERSION = YES;
				CLANG_WARN_INFINITE_RECURSION = YES;
				CLANG_WARN_INT_CONVERSION = YES;
				CLANG_WARN_NON_LITERAL_NULL_CONVERSION = YES;
				CLANG_WARN_OBJC_IMPLICIT_RETAIN_SELF = YES;
				CLANG_WARN_OBJC_LITERAL_CONVERSION = YES;
				CLANG_WARN_OBJC_ROOT_CLASS = YES_ERROR;
				CLANG_WARN_RANGE_LOOP_ANALYSIS = YES;
				CLANG_WARN_STRICT_PROTOTYPES = YES;
				CLANG_WARN_SUSPICIOUS_MOVE = YES;
				CLANG_WARN_UNGUARDED_AVAILABILITY = YES_AGGRESSIVE;
				CLANG_WARN_UNREACHABLE_CODE = YES;
				CLANG_WARN__DUPLICATE_METHOD_MATCH = YES;
				CODE_SIGN_IDENTITY = "-";
				CODE_SIGN_STYLE = Automatic;
				COPY_PHASE_STRIP = NO;
				DEBUG_INFORMATION_FORMAT = dwarf;
				ENABLE_HARDENED_RUNTIME = YES;
				ENABLE_STRICT_OBJC_MSGSEND = YES;
				ENABLE_TESTABILITY = YES;
				GCC_C_LANGUAGE_STANDARD = gnu11;
				GCC_DYNAMIC_NO_PIC = NO;
				GCC_NO_COMMON_BLOCKS = YES;
				GCC_OPTIMIZATION_LEVEL = 0;
				GCC_PREPROCESSOR_DEFINITIONS = (
					"DEBUG=1",
					"$(inherited)",
				);
				GCC_WARN_64_TO_32_BIT_CONVERSION = YES;
				GCC_WARN_ABOUT_RETURN_TYPE = YES_ERROR;
				GCC_WARN_UNDECLARED_SELECTOR = YES;
				GCC_WARN_UNINITIALIZED_AUTOS = YES_AGGRESSIVE;
				GCC_WARN_UNUSED_FUNCTION = YES;
				GCC_WARN_UNUSED_VARIABLE = YES;
				MACOSX_DEPLOYMENT_TARGET = 10.15;
				MTL_ENABLE_DEBUG_INFO = INCLUDE_SOURCE;
				MTL_FAST_MATH = YES;
				ONLY_ACTIVE_ARCH = YES;
				PRODUCT_BUNDLE_IDENTIFIER = "$(ORGANIZATION_PREFIX).sample-mac-host";
				PRODUCT_NAME = "$(TARGET_NAME)";
				SDKROOT = macosx;
				SWIFT_ACTIVE_COMPILATION_CONDITIONS = DEBUG;
				SWIFT_OBJC_BRIDGING_HEADER = "$(inherited)";
				SWIFT_OPTIMIZATION_LEVEL = "-Onone";
				SWIFT_VERSION = 5.0;
			};
			name = Debug;
		};
		5AE14C8A2471D32E00179365 /* Release */ = {
			isa = XCBuildConfiguration;
			buildSettings = {
				ALWAYS_SEARCH_USER_PATHS = NO;
				CLANG_ANALYZER_NONNULL = YES;
				CLANG_ANALYZER_NUMBER_OBJECT_CONVERSION = YES_AGGRESSIVE;
				CLANG_CXX_LANGUAGE_STANDARD = "gnu++14";
				CLANG_CXX_LIBRARY = "libc++";
				CLANG_ENABLE_MODULES = YES;
				CLANG_ENABLE_OBJC_ARC = YES;
				CLANG_ENABLE_OBJC_WEAK = YES;
				CLANG_WARN_BLOCK_CAPTURE_AUTORELEASING = YES;
				CLANG_WARN_BOOL_CONVERSION = YES;
				CLANG_WARN_COMMA = YES;
				CLANG_WARN_CONSTANT_CONVERSION = YES;
				CLANG_WARN_DEPRECATED_OBJC_IMPLEMENTATIONS = YES;
				CLANG_WARN_DIRECT_OBJC_ISA_USAGE = YES_ERROR;
				CLANG_WARN_DOCUMENTATION_COMMENTS = YES;
				CLANG_WARN_EMPTY_BODY = YES;
				CLANG_WARN_ENUM_CONVERSION = YES;
				CLANG_WARN_INFINITE_RECURSION = YES;
				CLANG_WARN_INT_CONVERSION = YES;
				CLANG_WARN_NON_LITERAL_NULL_CONVERSION = YES;
				CLANG_WARN_OBJC_IMPLICIT_RETAIN_SELF = YES;
				CLANG_WARN_OBJC_LITERAL_CONVERSION = YES;
				CLANG_WARN_OBJC_ROOT_CLASS = YES_ERROR;
				CLANG_WARN_RANGE_LOOP_ANALYSIS = YES;
				CLANG_WARN_STRICT_PROTOTYPES = YES;
				CLANG_WARN_SUSPICIOUS_MOVE = YES;
				CLANG_WARN_UNGUARDED_AVAILABILITY = YES_AGGRESSIVE;
				CLANG_WARN_UNREACHABLE_CODE = YES;
				CLANG_WARN__DUPLICATE_METHOD_MATCH = YES;
				CODE_SIGN_IDENTITY = "-";
				CODE_SIGN_STYLE = Automatic;
				COPY_PHASE_STRIP = NO;
				DEBUG_INFORMATION_FORMAT = "dwarf-with-dsym";
				ENABLE_HARDENED_RUNTIME = YES;
				ENABLE_NS_ASSERTIONS = NO;
				ENABLE_STRICT_OBJC_MSGSEND = YES;
				GCC_C_LANGUAGE_STANDARD = gnu11;
				GCC_NO_COMMON_BLOCKS = YES;
				GCC_WARN_64_TO_32_BIT_CONVERSION = YES;
				GCC_WARN_ABOUT_RETURN_TYPE = YES_ERROR;
				GCC_WARN_UNDECLARED_SELECTOR = YES;
				GCC_WARN_UNINITIALIZED_AUTOS = YES_AGGRESSIVE;
				GCC_WARN_UNUSED_FUNCTION = YES;
				GCC_WARN_UNUSED_VARIABLE = YES;
				MACOSX_DEPLOYMENT_TARGET = 10.15;
				MTL_ENABLE_DEBUG_INFO = NO;
				MTL_FAST_MATH = YES;
				PRODUCT_BUNDLE_IDENTIFIER = "$(ORGANIZATION_PREFIX).sample-mac-host";
				PRODUCT_NAME = "$(TARGET_NAME)";
				SDKROOT = macosx;
				SWIFT_COMPILATION_MODE = wholemodule;
				SWIFT_OBJC_BRIDGING_HEADER = "$(inherited)";
				SWIFT_OPTIMIZATION_LEVEL = "-O";
				SWIFT_VERSION = 5.0;
			};
			name = Release;
		};
/* End XCBuildConfiguration section */

/* Begin XCConfigurationList section */
		5A0AC9472477424B0021E8D9 /* Build configuration list for PBXNativeTarget "sample-ios-objc" */ = {
			isa = XCConfigurationList;
			buildConfigurations = (
				5A0AC9452477424A0021E8D9 /* Debug */,
				5A0AC9462477424A0021E8D9 /* Release */,
			);
			defaultConfigurationIsVisible = 0;
			defaultConfigurationName = Release;
		};
		5A2D83FD2444D4B9008B1D32 /* Build configuration list for PBXProject "CZiti" */ = {
			isa = XCConfigurationList;
			buildConfigurations = (
				5A2D83FE2444D4B9008B1D32 /* Debug */,
				5A2D83FF2444D4B9008B1D32 /* Release */,
			);
			defaultConfigurationIsVisible = 0;
			defaultConfigurationName = Release;
		};
		5AAAEDE72464D8AB00C56383 /* Build configuration list for PBXNativeTarget "ziti-mac-enroller" */ = {
			isa = XCConfigurationList;
			buildConfigurations = (
				5AAAEDE82464D8AB00C56383 /* Debug */,
				5AAAEDE92464D8AB00C56383 /* Release */,
			);
			defaultConfigurationIsVisible = 0;
			defaultConfigurationName = Release;
		};
		5AB6DF6E244B7C3C00F4B4E0 /* Build configuration list for PBXNativeTarget "CZiti-macOS" */ = {
			isa = XCConfigurationList;
			buildConfigurations = (
				5AB6DF6F244B7C3C00F4B4E0 /* Debug */,
				5AB6DF70244B7C3C00F4B4E0 /* Release */,
			);
			defaultConfigurationIsVisible = 0;
			defaultConfigurationName = Release;
		};
		5AB6DFB3244B990A00F4B4E0 /* Build configuration list for PBXNativeTarget "CZiti-iOS" */ = {
			isa = XCConfigurationList;
			buildConfigurations = (
				5AB6DFB4244B990A00F4B4E0 /* Debug */,
				5AB6DFB5244B990A00F4B4E0 /* Release */,
			);
			defaultConfigurationIsVisible = 0;
			defaultConfigurationName = Release;
		};
		5AB830D1247489C70089AF93 /* Build configuration list for PBXNativeTarget "cziti.sample-ios" */ = {
			isa = XCConfigurationList;
			buildConfigurations = (
				5AB830CF247489C70089AF93 /* Debug */,
				5AB830D0247489C70089AF93 /* Release */,
			);
			defaultConfigurationIsVisible = 0;
			defaultConfigurationName = Release;
		};
		5AE14C8B2471D32E00179365 /* Build configuration list for PBXNativeTarget "sample-mac-host" */ = {
			isa = XCConfigurationList;
			buildConfigurations = (
				5AE14C892471D32E00179365 /* Debug */,
				5AE14C8A2471D32E00179365 /* Release */,
			);
			defaultConfigurationIsVisible = 0;
			defaultConfigurationName = Release;
		};
/* End XCConfigurationList section */
	};
	rootObject = 5A2D83FA2444D4B9008B1D32 /* Project object */;
}
