// !$*UTF8*$!
{
	archiveVersion = 1;
	classes = {
	};
	objectVersion = 50;
	objects = {

/* Begin PBXBuildFile section */
		5A2D84172444D5AE008B1D32 /* ZitiUrlProtocol.h in Headers */ = {isa = PBXBuildFile; fileRef = 5A2D84152444D5AE008B1D32 /* ZitiUrlProtocol.h */; settings = {ATTRIBUTES = (Public, ); }; };
		5A2D841D2444D748008B1D32 /* ZitiUrlProtocol.swift in Sources */ = {isa = PBXBuildFile; fileRef = 5A2D841C2444D748008B1D32 /* ZitiUrlProtocol.swift */; };
		5A2D94A424451564008B1D32 /* ZitiUrlProtocol.swift in Sources */ = {isa = PBXBuildFile; fileRef = 5A2D841C2444D748008B1D32 /* ZitiUrlProtocol.swift */; };
		5A2D94B624451E07008B1D32 /* http_parser.h in Headers */ = {isa = PBXBuildFile; fileRef = 5A2D94B524451E07008B1D32 /* http_parser.h */; settings = {ATTRIBUTES = (Public, ); }; };
		5A2D94B724451E07008B1D32 /* http_parser.h in Headers */ = {isa = PBXBuildFile; fileRef = 5A2D94B524451E07008B1D32 /* http_parser.h */; settings = {ATTRIBUTES = (Public, ); }; };
		5A2D94C324451F6F008B1D32 /* libhttp-parser.a in Frameworks */ = {isa = PBXBuildFile; fileRef = 5A2D94C124451F57008B1D32 /* libhttp-parser.a */; };
		5A2D94C424451F73008B1D32 /* libmbedcrypto.a in Frameworks */ = {isa = PBXBuildFile; fileRef = 5A2D94C224451F57008B1D32 /* libmbedcrypto.a */; };
		5A2D94C524451F77008B1D32 /* libmbedtls.a in Frameworks */ = {isa = PBXBuildFile; fileRef = 5A2D94BE24451F57008B1D32 /* libmbedtls.a */; };
		5A2D94C624451F7B008B1D32 /* libmbedx509.a in Frameworks */ = {isa = PBXBuildFile; fileRef = 5A2D94BF24451F57008B1D32 /* libmbedx509.a */; };
		5A2D94C724451F7F008B1D32 /* libuv_link.a in Frameworks */ = {isa = PBXBuildFile; fileRef = 5A2D94BD24451F57008B1D32 /* libuv_link.a */; };
		5A2D94C824451F85008B1D32 /* libuv_mbed.a in Frameworks */ = {isa = PBXBuildFile; fileRef = 5A2D94C024451F57008B1D32 /* libuv_mbed.a */; };
		5A2D94CA24451FDA008B1D32 /* libuv_a.a in Frameworks */ = {isa = PBXBuildFile; fileRef = 5A2D94C924451FD4008B1D32 /* libuv_a.a */; };
		5AA628C22446228B003D374B /* uv.h in Headers */ = {isa = PBXBuildFile; fileRef = 5AA628C12446228A003D374B /* uv.h */; settings = {ATTRIBUTES = (Public, ); }; };
		5AA628C324462296003D374B /* uv.h in Headers */ = {isa = PBXBuildFile; fileRef = 5AA628C12446228A003D374B /* uv.h */; settings = {ATTRIBUTES = (Public, ); }; };
		5AA629172446341C003D374B /* uv_link_t.h in Headers */ = {isa = PBXBuildFile; fileRef = 5AA629162446341C003D374B /* uv_link_t.h */; settings = {ATTRIBUTES = (Public, ); }; };
		5AA6291824463430003D374B /* uv_link_t.h in Headers */ = {isa = PBXBuildFile; fileRef = 5AA629162446341C003D374B /* uv_link_t.h */; settings = {ATTRIBUTES = (Public, ); }; };
		5AA6291A244635BA003D374B /* uv_mbed in Resources */ = {isa = PBXBuildFile; fileRef = 5AA62919244635B9003D374B /* uv_mbed */; };
		5AA6291C24463650003D374B /* uv_mbed in Headers */ = {isa = PBXBuildFile; fileRef = 5AA62919244635B9003D374B /* uv_mbed */; settings = {ATTRIBUTES = (Public, ); }; };
		5AA6291E24463B43003D374B /* uv in Resources */ = {isa = PBXBuildFile; fileRef = 5AA6291D24463B43003D374B /* uv */; };
		5AD37EC22446A8DA00C9C0F3 /* uv in Resources */ = {isa = PBXBuildFile; fileRef = 5AA6291D24463B43003D374B /* uv */; };
		5AD37EC52447DE0900C9C0F3 /* uv in Headers */ = {isa = PBXBuildFile; fileRef = 5AA6291D24463B43003D374B /* uv */; settings = {ATTRIBUTES = (Public, ); }; };
		5AD37EC62447DE2700C9C0F3 /* ZitiUrlProtocol.h in Headers */ = {isa = PBXBuildFile; fileRef = 5A2D84152444D5AE008B1D32 /* ZitiUrlProtocol.h */; settings = {ATTRIBUTES = (Public, ); }; };
		5AD37EC72447DE7300C9C0F3 /* uv_mbed in Headers */ = {isa = PBXBuildFile; fileRef = 5AA62919244635B9003D374B /* uv_mbed */; settings = {ATTRIBUTES = (Public, ); }; };
		5AD37EC82447DE7700C9C0F3 /* uv in Headers */ = {isa = PBXBuildFile; fileRef = 5AA6291D24463B43003D374B /* uv */; settings = {ATTRIBUTES = (Public, ); }; };
/* End PBXBuildFile section */

/* Begin PBXFileReference section */
		5A2D84052444D54C008B1D32 /* ZitiUrlProtocol.framework */ = {isa = PBXFileReference; explicitFileType = wrapper.framework; includeInIndex = 0; path = ZitiUrlProtocol.framework; sourceTree = BUILT_PRODUCTS_DIR; };
		5A2D84092444D54C008B1D32 /* Info.plist */ = {isa = PBXFileReference; lastKnownFileType = text.plist.xml; path = Info.plist; sourceTree = "<group>"; };
		5A2D84132444D5AE008B1D32 /* ZitiUrlProtocol.framework */ = {isa = PBXFileReference; explicitFileType = wrapper.framework; includeInIndex = 0; path = ZitiUrlProtocol.framework; sourceTree = BUILT_PRODUCTS_DIR; };
		5A2D84152444D5AE008B1D32 /* ZitiUrlProtocol.h */ = {isa = PBXFileReference; lastKnownFileType = sourcecode.c.h; path = ZitiUrlProtocol.h; sourceTree = "<group>"; };
		5A2D84162444D5AE008B1D32 /* Info.plist */ = {isa = PBXFileReference; lastKnownFileType = text.plist.xml; path = Info.plist; sourceTree = "<group>"; };
		5A2D841C2444D748008B1D32 /* ZitiUrlProtocol.swift */ = {isa = PBXFileReference; lastKnownFileType = sourcecode.swift; path = ZitiUrlProtocol.swift; sourceTree = "<group>"; };
		5A2D94A32445148A008B1D32 /* module.modulemap */ = {isa = PBXFileReference; lastKnownFileType = "sourcecode.module-map"; path = module.modulemap; sourceTree = "<group>"; };
		5A2D94B524451E07008B1D32 /* http_parser.h */ = {isa = PBXFileReference; fileEncoding = 4; lastKnownFileType = sourcecode.c.h; name = http_parser.h; path = "deps/ziti-sdk-c/deps/uv-mbed/deps/http-parser/http_parser.h"; sourceTree = SOURCE_ROOT; };
		5A2D94BD24451F57008B1D32 /* libuv_link.a */ = {isa = PBXFileReference; lastKnownFileType = archive.ar; name = libuv_link.a; path = "deps/ziti-sdk-c/build-darwin-x86_64/deps/uv-mbed/deps/libuv_link.a"; sourceTree = "<group>"; };
		5A2D94BE24451F57008B1D32 /* libmbedtls.a */ = {isa = PBXFileReference; lastKnownFileType = archive.ar; name = libmbedtls.a; path = "deps/ziti-sdk-c/build-darwin-x86_64/deps/uv-mbed/deps/mbedtls/library/libmbedtls.a"; sourceTree = "<group>"; };
		5A2D94BF24451F57008B1D32 /* libmbedx509.a */ = {isa = PBXFileReference; lastKnownFileType = archive.ar; name = libmbedx509.a; path = "deps/ziti-sdk-c/build-darwin-x86_64/deps/uv-mbed/deps/mbedtls/library/libmbedx509.a"; sourceTree = "<group>"; };
		5A2D94C024451F57008B1D32 /* libuv_mbed.a */ = {isa = PBXFileReference; lastKnownFileType = archive.ar; name = libuv_mbed.a; path = "deps/ziti-sdk-c/build-darwin-x86_64/deps/uv-mbed/libuv_mbed.a"; sourceTree = "<group>"; };
		5A2D94C124451F57008B1D32 /* libhttp-parser.a */ = {isa = PBXFileReference; lastKnownFileType = archive.ar; name = "libhttp-parser.a"; path = "deps/ziti-sdk-c/build-darwin-x86_64/deps/uv-mbed/deps/libhttp-parser.a"; sourceTree = "<group>"; };
		5A2D94C224451F57008B1D32 /* libmbedcrypto.a */ = {isa = PBXFileReference; lastKnownFileType = archive.ar; name = libmbedcrypto.a; path = "deps/ziti-sdk-c/build-darwin-x86_64/deps/uv-mbed/deps/mbedtls/crypto/library/libmbedcrypto.a"; sourceTree = "<group>"; };
		5A2D94C924451FD4008B1D32 /* libuv_a.a */ = {isa = PBXFileReference; lastKnownFileType = archive.ar; name = libuv_a.a; path = "deps/ziti-sdk-c/build-darwin-x86_64/deps/uv-mbed/deps/libuv/libuv_a.a"; sourceTree = "<group>"; };
		5AA628C12446228A003D374B /* uv.h */ = {isa = PBXFileReference; fileEncoding = 4; lastKnownFileType = sourcecode.c.h; name = uv.h; path = "deps/ziti-sdk-c/deps/uv-mbed/deps/libuv/include/uv.h"; sourceTree = SOURCE_ROOT; };
		5AA629162446341C003D374B /* uv_link_t.h */ = {isa = PBXFileReference; fileEncoding = 4; lastKnownFileType = sourcecode.c.h; name = uv_link_t.h; path = "deps/ziti-sdk-c/deps/uv-mbed/deps/uv_link_t/include/uv_link_t.h"; sourceTree = SOURCE_ROOT; };
		5AA62919244635B9003D374B /* uv_mbed */ = {isa = PBXFileReference; fileEncoding = 4; lastKnownFileType = text; name = uv_mbed; path = "deps/ziti-sdk-c/deps/uv-mbed/include/uv_mbed"; sourceTree = SOURCE_ROOT; };
		5AA6291D24463B43003D374B /* uv */ = {isa = PBXFileReference; fileEncoding = 4; lastKnownFileType = text; name = uv; path = "deps/ziti-sdk-c/deps/uv-mbed/deps/libuv/include/uv"; sourceTree = SOURCE_ROOT; };
/* End PBXFileReference section */

/* Begin PBXFrameworksBuildPhase section */
		5A2D84022444D54C008B1D32 /* Frameworks */ = {
			isa = PBXFrameworksBuildPhase;
			buildActionMask = 2147483647;
			files = (
			);
			runOnlyForDeploymentPostprocessing = 0;
		};
		5A2D84102444D5AE008B1D32 /* Frameworks */ = {
			isa = PBXFrameworksBuildPhase;
			buildActionMask = 2147483647;
			files = (
				5A2D94C724451F7F008B1D32 /* libuv_link.a in Frameworks */,
				5A2D94CA24451FDA008B1D32 /* libuv_a.a in Frameworks */,
				5A2D94C424451F73008B1D32 /* libmbedcrypto.a in Frameworks */,
				5A2D94C824451F85008B1D32 /* libuv_mbed.a in Frameworks */,
				5A2D94C624451F7B008B1D32 /* libmbedx509.a in Frameworks */,
				5A2D94C524451F77008B1D32 /* libmbedtls.a in Frameworks */,
				5A2D94C324451F6F008B1D32 /* libhttp-parser.a in Frameworks */,
			);
			runOnlyForDeploymentPostprocessing = 0;
		};
/* End PBXFrameworksBuildPhase section */

/* Begin PBXGroup section */
		5A2D83F92444D4B9008B1D32 = {
			isa = PBXGroup;
			children = (
				5A2D841B2444D731008B1D32 /* Common */,
				5A2D84072444D54C008B1D32 /* ZitiUrlProtocol-iOS */,
				5A2D84142444D5AE008B1D32 /* ZitiUrlProtocol-macOS */,
				5A2D84062444D54C008B1D32 /* Products */,
				5A2D94BC24451F56008B1D32 /* Frameworks */,
			);
			sourceTree = "<group>";
		};
		5A2D84062444D54C008B1D32 /* Products */ = {
			isa = PBXGroup;
			children = (
				5A2D84052444D54C008B1D32 /* ZitiUrlProtocol.framework */,
				5A2D84132444D5AE008B1D32 /* ZitiUrlProtocol.framework */,
			);
			name = Products;
			sourceTree = "<group>";
		};
		5A2D84072444D54C008B1D32 /* ZitiUrlProtocol-iOS */ = {
			isa = PBXGroup;
			children = (
				5A2D84092444D54C008B1D32 /* Info.plist */,
			);
			path = "ZitiUrlProtocol-iOS";
			sourceTree = "<group>";
		};
		5A2D84142444D5AE008B1D32 /* ZitiUrlProtocol-macOS */ = {
			isa = PBXGroup;
			children = (
				5A2D84162444D5AE008B1D32 /* Info.plist */,
			);
			path = "ZitiUrlProtocol-macOS";
			sourceTree = "<group>";
		};
		5A2D841B2444D731008B1D32 /* Common */ = {
			isa = PBXGroup;
			children = (
				5AA6291D24463B43003D374B /* uv */,
				5AA62919244635B9003D374B /* uv_mbed */,
				5AA629162446341C003D374B /* uv_link_t.h */,
				5AA628C12446228A003D374B /* uv.h */,
				5A2D94B524451E07008B1D32 /* http_parser.h */,
				5A2D84152444D5AE008B1D32 /* ZitiUrlProtocol.h */,
				5A2D841C2444D748008B1D32 /* ZitiUrlProtocol.swift */,
				5A2D94A32445148A008B1D32 /* module.modulemap */,
			);
			path = Common;
			sourceTree = "<group>";
		};
		5A2D94BC24451F56008B1D32 /* Frameworks */ = {
			isa = PBXGroup;
			children = (
				5A2D94C924451FD4008B1D32 /* libuv_a.a */,
				5A2D94C124451F57008B1D32 /* libhttp-parser.a */,
				5A2D94C224451F57008B1D32 /* libmbedcrypto.a */,
				5A2D94BE24451F57008B1D32 /* libmbedtls.a */,
				5A2D94BF24451F57008B1D32 /* libmbedx509.a */,
				5A2D94BD24451F57008B1D32 /* libuv_link.a */,
				5A2D94C024451F57008B1D32 /* libuv_mbed.a */,
			);
			name = Frameworks;
			sourceTree = "<group>";
		};
/* End PBXGroup section */

/* Begin PBXHeadersBuildPhase section */
		5A2D84002444D54C008B1D32 /* Headers */ = {
			isa = PBXHeadersBuildPhase;
			buildActionMask = 2147483647;
			files = (
				5A2D94B624451E07008B1D32 /* http_parser.h in Headers */,
				5AA629172446341C003D374B /* uv_link_t.h in Headers */,
				5AD37EC62447DE2700C9C0F3 /* ZitiUrlProtocol.h in Headers */,
				5AA628C22446228B003D374B /* uv.h in Headers */,
				5AD37EC82447DE7700C9C0F3 /* uv in Headers */,
				5AD37EC72447DE7300C9C0F3 /* uv_mbed in Headers */,
			);
			runOnlyForDeploymentPostprocessing = 0;
		};
		5A2D840E2444D5AE008B1D32 /* Headers */ = {
			isa = PBXHeadersBuildPhase;
			buildActionMask = 2147483647;
			files = (
				5A2D84172444D5AE008B1D32 /* ZitiUrlProtocol.h in Headers */,
				5AD37EC52447DE0900C9C0F3 /* uv in Headers */,
				5AA6291C24463650003D374B /* uv_mbed in Headers */,
				5A2D94B724451E07008B1D32 /* http_parser.h in Headers */,
				5AA6291824463430003D374B /* uv_link_t.h in Headers */,
				5AA628C324462296003D374B /* uv.h in Headers */,
			);
			runOnlyForDeploymentPostprocessing = 0;
		};
/* End PBXHeadersBuildPhase section */

/* Begin PBXNativeTarget section */
		5A2D84042444D54C008B1D32 /* ZitiUrlProtocol-iOS */ = {
			isa = PBXNativeTarget;
			buildConfigurationList = 5A2D840D2444D54C008B1D32 /* Build configuration list for PBXNativeTarget "ZitiUrlProtocol-iOS" */;
			buildPhases = (
				5A2D84002444D54C008B1D32 /* Headers */,
				5A2D84012444D54C008B1D32 /* Sources */,
				5A2D84022444D54C008B1D32 /* Frameworks */,
				5A2D84032444D54C008B1D32 /* Resources */,
			);
			buildRules = (
			);
			dependencies = (
			);
			name = "ZitiUrlProtocol-iOS";
			productName = "ZitiUrlProtocol-iOS";
			productReference = 5A2D84052444D54C008B1D32 /* ZitiUrlProtocol.framework */;
			productType = "com.apple.product-type.framework";
		};
		5A2D84122444D5AE008B1D32 /* ZitiUrlProtocol-macOS */ = {
			isa = PBXNativeTarget;
			buildConfigurationList = 5A2D84182444D5AE008B1D32 /* Build configuration list for PBXNativeTarget "ZitiUrlProtocol-macOS" */;
			buildPhases = (
				5A2D840E2444D5AE008B1D32 /* Headers */,
				5A2D840F2444D5AE008B1D32 /* Sources */,
				5A2D84102444D5AE008B1D32 /* Frameworks */,
				5A2D84112444D5AE008B1D32 /* Resources */,
			);
			buildRules = (
			);
			dependencies = (
			);
			name = "ZitiUrlProtocol-macOS";
			productName = "ZitiUrlProtocol-macOS";
			productReference = 5A2D84132444D5AE008B1D32 /* ZitiUrlProtocol.framework */;
			productType = "com.apple.product-type.framework";
		};
/* End PBXNativeTarget section */

/* Begin PBXProject section */
		5A2D83FA2444D4B9008B1D32 /* Project object */ = {
			isa = PBXProject;
			attributes = {
				LastUpgradeCheck = 1140;
				TargetAttributes = {
					5A2D84042444D54C008B1D32 = {
						CreatedOnToolsVersion = 11.4;
						LastSwiftMigration = 1140;
					};
					5A2D84122444D5AE008B1D32 = {
						CreatedOnToolsVersion = 11.4;
					};
				};
			};
			buildConfigurationList = 5A2D83FD2444D4B9008B1D32 /* Build configuration list for PBXProject "ZitiUrlProtocol" */;
			compatibilityVersion = "Xcode 9.3";
			developmentRegion = en;
			hasScannedForEncodings = 0;
			knownRegions = (
				en,
				Base,
			);
			mainGroup = 5A2D83F92444D4B9008B1D32;
			productRefGroup = 5A2D84062444D54C008B1D32 /* Products */;
			projectDirPath = "";
			projectRoot = "";
			targets = (
				5A2D84042444D54C008B1D32 /* ZitiUrlProtocol-iOS */,
				5A2D84122444D5AE008B1D32 /* ZitiUrlProtocol-macOS */,
			);
		};
/* End PBXProject section */

/* Begin PBXResourcesBuildPhase section */
		5A2D84032444D54C008B1D32 /* Resources */ = {
			isa = PBXResourcesBuildPhase;
			buildActionMask = 2147483647;
			files = (
				5AA6291A244635BA003D374B /* uv_mbed in Resources */,
				5AA6291E24463B43003D374B /* uv in Resources */,
			);
			runOnlyForDeploymentPostprocessing = 0;
		};
		5A2D84112444D5AE008B1D32 /* Resources */ = {
			isa = PBXResourcesBuildPhase;
			buildActionMask = 2147483647;
			files = (
				5AD37EC22446A8DA00C9C0F3 /* uv in Resources */,
			);
			runOnlyForDeploymentPostprocessing = 0;
		};
/* End PBXResourcesBuildPhase section */

/* Begin PBXSourcesBuildPhase section */
		5A2D84012444D54C008B1D32 /* Sources */ = {
			isa = PBXSourcesBuildPhase;
			buildActionMask = 2147483647;
			files = (
				5A2D841D2444D748008B1D32 /* ZitiUrlProtocol.swift in Sources */,
			);
			runOnlyForDeploymentPostprocessing = 0;
		};
		5A2D840F2444D5AE008B1D32 /* Sources */ = {
			isa = PBXSourcesBuildPhase;
			buildActionMask = 2147483647;
			files = (
				5A2D94A424451564008B1D32 /* ZitiUrlProtocol.swift in Sources */,
			);
			runOnlyForDeploymentPostprocessing = 0;
		};
/* End PBXSourcesBuildPhase section */

/* Begin XCBuildConfiguration section */
		5A2D83FE2444D4B9008B1D32 /* Debug */ = {
			isa = XCBuildConfiguration;
			buildSettings = {
			};
			name = Debug;
		};
		5A2D83FF2444D4B9008B1D32 /* Release */ = {
			isa = XCBuildConfiguration;
			buildSettings = {
			};
			name = Release;
		};
		5A2D840B2444D54C008B1D32 /* Debug */ = {
			isa = XCBuildConfiguration;
			buildSettings = {
				ALWAYS_SEARCH_USER_PATHS = NO;
				CLANG_ANALYZER_NONNULL = YES;
				CLANG_ANALYZER_NUMBER_OBJECT_CONVERSION = YES_AGGRESSIVE;
				CLANG_CXX_LANGUAGE_STANDARD = "gnu++14";
				CLANG_CXX_LIBRARY = "libc++";
				CLANG_ENABLE_MODULES = YES;
				CLANG_ENABLE_OBJC_ARC = YES;
				CLANG_ENABLE_OBJC_WEAK = YES;
				CLANG_WARN_BLOCK_CAPTURE_AUTORELEASING = YES;
				CLANG_WARN_BOOL_CONVERSION = YES;
				CLANG_WARN_COMMA = YES;
				CLANG_WARN_CONSTANT_CONVERSION = YES;
				CLANG_WARN_DEPRECATED_OBJC_IMPLEMENTATIONS = YES;
				CLANG_WARN_DIRECT_OBJC_ISA_USAGE = YES_ERROR;
				CLANG_WARN_DOCUMENTATION_COMMENTS = YES;
				CLANG_WARN_EMPTY_BODY = YES;
				CLANG_WARN_ENUM_CONVERSION = YES;
				CLANG_WARN_INFINITE_RECURSION = YES;
				CLANG_WARN_INT_CONVERSION = YES;
				CLANG_WARN_NON_LITERAL_NULL_CONVERSION = YES;
				CLANG_WARN_OBJC_IMPLICIT_RETAIN_SELF = YES;
				CLANG_WARN_OBJC_LITERAL_CONVERSION = YES;
				CLANG_WARN_OBJC_ROOT_CLASS = YES_ERROR;
				CLANG_WARN_RANGE_LOOP_ANALYSIS = YES;
				CLANG_WARN_STRICT_PROTOTYPES = YES;
				CLANG_WARN_SUSPICIOUS_MOVE = YES;
				CLANG_WARN_UNGUARDED_AVAILABILITY = YES_AGGRESSIVE;
				CLANG_WARN_UNREACHABLE_CODE = YES;
				CLANG_WARN__DUPLICATE_METHOD_MATCH = YES;
				CODE_SIGN_STYLE = Automatic;
				COPY_PHASE_STRIP = NO;
				CURRENT_PROJECT_VERSION = 1;
				DEBUG_INFORMATION_FORMAT = dwarf;
				DEFINES_MODULE = YES;
				DEVELOPMENT_TEAM = MN5S649TXM;
				DYLIB_COMPATIBILITY_VERSION = 1;
				DYLIB_CURRENT_VERSION = 1;
				DYLIB_INSTALL_NAME_BASE = "@rpath";
				ENABLE_STRICT_OBJC_MSGSEND = YES;
				ENABLE_TESTABILITY = YES;
				GCC_C_LANGUAGE_STANDARD = gnu11;
				GCC_DYNAMIC_NO_PIC = NO;
				GCC_NO_COMMON_BLOCKS = YES;
				GCC_OPTIMIZATION_LEVEL = 0;
				GCC_PREPROCESSOR_DEFINITIONS = (
					"DEBUG=1",
					"$(inherited)",
				);
				GCC_WARN_64_TO_32_BIT_CONVERSION = YES;
				GCC_WARN_ABOUT_RETURN_TYPE = YES_ERROR;
				GCC_WARN_UNDECLARED_SELECTOR = YES;
				GCC_WARN_UNINITIALIZED_AUTOS = YES_AGGRESSIVE;
				GCC_WARN_UNUSED_FUNCTION = YES;
				GCC_WARN_UNUSED_VARIABLE = YES;
				HEADER_SEARCH_PATHS = (
					"$(SRCROOT)/deps/ziti-sdk-c/deps/uv-mbed/include",
					"$(SRCROOT)/deps/ziti-sdk-c/deps/http-parser",
					"$(SRCROOT)/deps/ziti-sdk-c/deps/uv-mbed/deps/uv_link_t/include",
					"$(SRCROOT)/deps/ziti-sdk-c/deps/uv-mbed/deps/uv_link_t/include",
				);
				INFOPLIST_FILE = "ZitiUrlProtocol-iOS/Info.plist";
				INSTALL_PATH = "$(LOCAL_LIBRARY_DIR)/Frameworks";
				IPHONEOS_DEPLOYMENT_TARGET = 13.4;
				LD_RUNPATH_SEARCH_PATHS = (
					"$(inherited)",
					"@executable_path/Frameworks",
					"@loader_path/Frameworks",
				);
				LIBRARY_SEARCH_PATHS = "$(SRCROOT)/deps/ziti-sdk-c/build-iOS-arm64/**";
				MODULEMAP_FILE = "$(SRCROOT)/Common/module.modulemap";
				MTL_ENABLE_DEBUG_INFO = INCLUDE_SOURCE;
				MTL_FAST_MATH = YES;
				ONLY_ACTIVE_ARCH = YES;
				PRODUCT_BUNDLE_IDENTIFIER = "io.netfoundry.ZitiUrlProtocol-iOS";
				PRODUCT_NAME = ZitiUrlProtocol;
				SDKROOT = iphoneos;
				SKIP_INSTALL = YES;
				SWIFT_ACTIVE_COMPILATION_CONDITIONS = DEBUG;
				SWIFT_OPTIMIZATION_LEVEL = "-Onone";
				SWIFT_VERSION = 5.0;
				TARGETED_DEVICE_FAMILY = "1,2";
				VERSIONING_SYSTEM = "apple-generic";
				VERSION_INFO_PREFIX = "";
			};
			name = Debug;
		};
		5A2D840C2444D54C008B1D32 /* Release */ = {
			isa = XCBuildConfiguration;
			buildSettings = {
				ALWAYS_SEARCH_USER_PATHS = NO;
				CLANG_ANALYZER_NONNULL = YES;
				CLANG_ANALYZER_NUMBER_OBJECT_CONVERSION = YES_AGGRESSIVE;
				CLANG_CXX_LANGUAGE_STANDARD = "gnu++14";
				CLANG_CXX_LIBRARY = "libc++";
				CLANG_ENABLE_MODULES = YES;
				CLANG_ENABLE_OBJC_ARC = YES;
				CLANG_ENABLE_OBJC_WEAK = YES;
				CLANG_WARN_BLOCK_CAPTURE_AUTORELEASING = YES;
				CLANG_WARN_BOOL_CONVERSION = YES;
				CLANG_WARN_COMMA = YES;
				CLANG_WARN_CONSTANT_CONVERSION = YES;
				CLANG_WARN_DEPRECATED_OBJC_IMPLEMENTATIONS = YES;
				CLANG_WARN_DIRECT_OBJC_ISA_USAGE = YES_ERROR;
				CLANG_WARN_DOCUMENTATION_COMMENTS = YES;
				CLANG_WARN_EMPTY_BODY = YES;
				CLANG_WARN_ENUM_CONVERSION = YES;
				CLANG_WARN_INFINITE_RECURSION = YES;
				CLANG_WARN_INT_CONVERSION = YES;
				CLANG_WARN_NON_LITERAL_NULL_CONVERSION = YES;
				CLANG_WARN_OBJC_IMPLICIT_RETAIN_SELF = YES;
				CLANG_WARN_OBJC_LITERAL_CONVERSION = YES;
				CLANG_WARN_OBJC_ROOT_CLASS = YES_ERROR;
				CLANG_WARN_RANGE_LOOP_ANALYSIS = YES;
				CLANG_WARN_STRICT_PROTOTYPES = YES;
				CLANG_WARN_SUSPICIOUS_MOVE = YES;
				CLANG_WARN_UNGUARDED_AVAILABILITY = YES_AGGRESSIVE;
				CLANG_WARN_UNREACHABLE_CODE = YES;
				CLANG_WARN__DUPLICATE_METHOD_MATCH = YES;
				CODE_SIGN_STYLE = Automatic;
				COPY_PHASE_STRIP = NO;
				CURRENT_PROJECT_VERSION = 1;
				DEBUG_INFORMATION_FORMAT = "dwarf-with-dsym";
				DEFINES_MODULE = YES;
				DEVELOPMENT_TEAM = MN5S649TXM;
				DYLIB_COMPATIBILITY_VERSION = 1;
				DYLIB_CURRENT_VERSION = 1;
				DYLIB_INSTALL_NAME_BASE = "@rpath";
				ENABLE_NS_ASSERTIONS = NO;
				ENABLE_STRICT_OBJC_MSGSEND = YES;
				GCC_C_LANGUAGE_STANDARD = gnu11;
				GCC_NO_COMMON_BLOCKS = YES;
				GCC_WARN_64_TO_32_BIT_CONVERSION = YES;
				GCC_WARN_ABOUT_RETURN_TYPE = YES_ERROR;
				GCC_WARN_UNDECLARED_SELECTOR = YES;
				GCC_WARN_UNINITIALIZED_AUTOS = YES_AGGRESSIVE;
				GCC_WARN_UNUSED_FUNCTION = YES;
				GCC_WARN_UNUSED_VARIABLE = YES;
				HEADER_SEARCH_PATHS = (
					"$(SRCROOT)/deps/ziti-sdk-c/deps/uv-mbed/include",
					"$(SRCROOT)/deps/ziti-sdk-c/deps/http-parser",
					"$(SRCROOT)/deps/ziti-sdk-c/deps/uv-mbed/deps/uv_link_t/include",
					"$(SRCROOT)/deps/ziti-sdk-c/deps/uv-mbed/deps/uv_link_t/include",
				);
				INFOPLIST_FILE = "ZitiUrlProtocol-iOS/Info.plist";
				INSTALL_PATH = "$(LOCAL_LIBRARY_DIR)/Frameworks";
				IPHONEOS_DEPLOYMENT_TARGET = 13.4;
				LD_RUNPATH_SEARCH_PATHS = (
					"$(inherited)",
					"@executable_path/Frameworks",
					"@loader_path/Frameworks",
				);
				LIBRARY_SEARCH_PATHS = "$(SRCROOT)/deps/ziti-sdk-c/build-iOS-arm64/**";
				MODULEMAP_FILE = "$(SRCROOT)/Common/module.modulemap";
				MTL_ENABLE_DEBUG_INFO = NO;
				MTL_FAST_MATH = YES;
				PRODUCT_BUNDLE_IDENTIFIER = "io.netfoundry.ZitiUrlProtocol-iOS";
				PRODUCT_NAME = ZitiUrlProtocol;
				SDKROOT = iphoneos;
				SKIP_INSTALL = YES;
				SWIFT_COMPILATION_MODE = wholemodule;
				SWIFT_OPTIMIZATION_LEVEL = "-O";
				SWIFT_VERSION = 5.0;
				TARGETED_DEVICE_FAMILY = "1,2";
				VALIDATE_PRODUCT = YES;
				VERSIONING_SYSTEM = "apple-generic";
				VERSION_INFO_PREFIX = "";
			};
			name = Release;
		};
		5A2D84192444D5AE008B1D32 /* Debug */ = {
			isa = XCBuildConfiguration;
			buildSettings = {
				ALWAYS_SEARCH_USER_PATHS = NO;
				CLANG_ALLOW_NON_MODULAR_INCLUDES_IN_FRAMEWORK_MODULES = NO;
				CLANG_ANALYZER_NONNULL = YES;
				CLANG_ANALYZER_NUMBER_OBJECT_CONVERSION = YES_AGGRESSIVE;
				CLANG_CXX_LANGUAGE_STANDARD = "gnu++14";
				CLANG_CXX_LIBRARY = "libc++";
				CLANG_ENABLE_MODULES = YES;
				CLANG_ENABLE_OBJC_ARC = YES;
				CLANG_ENABLE_OBJC_WEAK = YES;
				CLANG_WARN_BLOCK_CAPTURE_AUTORELEASING = YES;
				CLANG_WARN_BOOL_CONVERSION = YES;
				CLANG_WARN_COMMA = YES;
				CLANG_WARN_CONSTANT_CONVERSION = YES;
				CLANG_WARN_DEPRECATED_OBJC_IMPLEMENTATIONS = YES;
				CLANG_WARN_DIRECT_OBJC_ISA_USAGE = YES_ERROR;
				CLANG_WARN_DOCUMENTATION_COMMENTS = YES;
				CLANG_WARN_EMPTY_BODY = YES;
				CLANG_WARN_ENUM_CONVERSION = YES;
				CLANG_WARN_INFINITE_RECURSION = YES;
				CLANG_WARN_INT_CONVERSION = YES;
				CLANG_WARN_NON_LITERAL_NULL_CONVERSION = YES;
				CLANG_WARN_OBJC_IMPLICIT_RETAIN_SELF = YES;
				CLANG_WARN_OBJC_LITERAL_CONVERSION = YES;
				CLANG_WARN_OBJC_ROOT_CLASS = YES_ERROR;
				CLANG_WARN_RANGE_LOOP_ANALYSIS = YES;
				CLANG_WARN_STRICT_PROTOTYPES = YES;
				CLANG_WARN_SUSPICIOUS_MOVE = YES;
				CLANG_WARN_UNGUARDED_AVAILABILITY = YES_AGGRESSIVE;
				CLANG_WARN_UNREACHABLE_CODE = YES;
				CLANG_WARN__DUPLICATE_METHOD_MATCH = YES;
				CODE_SIGN_STYLE = Automatic;
				COMBINE_HIDPI_IMAGES = YES;
				COPY_PHASE_STRIP = NO;
				CURRENT_PROJECT_VERSION = 1;
				DEBUG_INFORMATION_FORMAT = dwarf;
				DEFINES_MODULE = YES;
				DEVELOPMENT_TEAM = MN5S649TXM;
				DYLIB_COMPATIBILITY_VERSION = 1;
				DYLIB_CURRENT_VERSION = 1;
				DYLIB_INSTALL_NAME_BASE = "@rpath";
				ENABLE_STRICT_OBJC_MSGSEND = YES;
				ENABLE_TESTABILITY = YES;
				GCC_C_LANGUAGE_STANDARD = gnu11;
				GCC_DYNAMIC_NO_PIC = NO;
				GCC_NO_COMMON_BLOCKS = YES;
				GCC_OPTIMIZATION_LEVEL = 0;
				GCC_PREPROCESSOR_DEFINITIONS = (
					"DEBUG=1",
					"$(inherited)",
				);
				GCC_WARN_64_TO_32_BIT_CONVERSION = YES;
				GCC_WARN_ABOUT_RETURN_TYPE = YES_ERROR;
				GCC_WARN_UNDECLARED_SELECTOR = YES;
				GCC_WARN_UNINITIALIZED_AUTOS = YES_AGGRESSIVE;
				GCC_WARN_UNUSED_FUNCTION = YES;
				GCC_WARN_UNUSED_VARIABLE = YES;
				HEADER_SEARCH_PATHS = (
					"$(SRCROOT)/deps/ziti-sdk-c/deps/uv-mbed/include",
					"$(SRCROOT)/deps/ziti-sdk-c/deps/http-parser",
					"$(SRCROOT)/deps/ziti-sdk-c/deps/uv-mbed/deps/uv_link_t/include",
					"$(SRCROOT)/deps/ziti-sdk-c/deps/uv-mbed/deps/libuv/include",
				);
				INFOPLIST_FILE = "ZitiUrlProtocol-macOS/Info.plist";
				INSTALL_PATH = "$(LOCAL_LIBRARY_DIR)/Frameworks";
				LD_RUNPATH_SEARCH_PATHS = (
					"$(inherited)",
					"@executable_path/../Frameworks",
					"@loader_path/Frameworks",
				);
				LIBRARY_SEARCH_PATHS = (
					"$(SRCROOT)/deps/ziti-sdk-c/build-darwin-x86_64/**",
					"$(PROJECT_DIR)/deps/ziti-sdk-c/build-darwin-x86_64/library",
					"$(PROJECT_DIR)/deps/ziti-sdk-c/build-darwin-x86_64/_deps/libsodium-build/lib",
					"$(PROJECT_DIR)/deps/ziti-sdk-c/build-darwin-x86_64/_deps/libsodium-build/src/libsodium/.libs",
					"$(PROJECT_DIR)/deps/ziti-sdk-c/build-darwin-x86_64/deps/uv-mbed",
					"$(PROJECT_DIR)/deps/ziti-sdk-c/build-darwin-x86_64/deps/uv-mbed/deps/libuv",
					"$(PROJECT_DIR)/deps/ziti-sdk-c/build-darwin-x86_64/deps/uv-mbed/deps",
					"$(PROJECT_DIR)/deps/ziti-sdk-c/build-darwin-x86_64/deps/uv-mbed/deps/mbedtls/crypto/library",
					"$(PROJECT_DIR)/deps/ziti-sdk-c/build-darwin-x86_64/deps/uv-mbed/deps/mbedtls/library",
				);
				MACOSX_DEPLOYMENT_TARGET = 10.15;
				MODULEMAP_FILE = "$(SRCROOT)/Common/module.modulemap";
				MODULEMAP_PRIVATE_FILE = "";
				MTL_ENABLE_DEBUG_INFO = INCLUDE_SOURCE;
				MTL_FAST_MATH = YES;
				ONLY_ACTIVE_ARCH = YES;
				PRODUCT_BUNDLE_IDENTIFIER = "io.netfoundry.ZitiUrlProtocol-macOS";
				PRODUCT_NAME = ZitiUrlProtocol;
				SDKROOT = macosx;
				SKIP_INSTALL = YES;
				SWIFT_ACTIVE_COMPILATION_CONDITIONS = DEBUG;
				SWIFT_OPTIMIZATION_LEVEL = "-Onone";
				SWIFT_VERSION = 5.0;
				VERSIONING_SYSTEM = "apple-generic";
				VERSION_INFO_PREFIX = "";
			};
			name = Debug;
		};
		5A2D841A2444D5AE008B1D32 /* Release */ = {
			isa = XCBuildConfiguration;
			buildSettings = {
				ALWAYS_SEARCH_USER_PATHS = NO;
				CLANG_ALLOW_NON_MODULAR_INCLUDES_IN_FRAMEWORK_MODULES = NO;
				CLANG_ANALYZER_NONNULL = YES;
				CLANG_ANALYZER_NUMBER_OBJECT_CONVERSION = YES_AGGRESSIVE;
				CLANG_CXX_LANGUAGE_STANDARD = "gnu++14";
				CLANG_CXX_LIBRARY = "libc++";
				CLANG_ENABLE_MODULES = YES;
				CLANG_ENABLE_OBJC_ARC = YES;
				CLANG_ENABLE_OBJC_WEAK = YES;
				CLANG_WARN_BLOCK_CAPTURE_AUTORELEASING = YES;
				CLANG_WARN_BOOL_CONVERSION = YES;
				CLANG_WARN_COMMA = YES;
				CLANG_WARN_CONSTANT_CONVERSION = YES;
				CLANG_WARN_DEPRECATED_OBJC_IMPLEMENTATIONS = YES;
				CLANG_WARN_DIRECT_OBJC_ISA_USAGE = YES_ERROR;
				CLANG_WARN_DOCUMENTATION_COMMENTS = YES;
				CLANG_WARN_EMPTY_BODY = YES;
				CLANG_WARN_ENUM_CONVERSION = YES;
				CLANG_WARN_INFINITE_RECURSION = YES;
				CLANG_WARN_INT_CONVERSION = YES;
				CLANG_WARN_NON_LITERAL_NULL_CONVERSION = YES;
				CLANG_WARN_OBJC_IMPLICIT_RETAIN_SELF = YES;
				CLANG_WARN_OBJC_LITERAL_CONVERSION = YES;
				CLANG_WARN_OBJC_ROOT_CLASS = YES_ERROR;
				CLANG_WARN_RANGE_LOOP_ANALYSIS = YES;
				CLANG_WARN_STRICT_PROTOTYPES = YES;
				CLANG_WARN_SUSPICIOUS_MOVE = YES;
				CLANG_WARN_UNGUARDED_AVAILABILITY = YES_AGGRESSIVE;
				CLANG_WARN_UNREACHABLE_CODE = YES;
				CLANG_WARN__DUPLICATE_METHOD_MATCH = YES;
				CODE_SIGN_STYLE = Automatic;
				COMBINE_HIDPI_IMAGES = YES;
				COPY_PHASE_STRIP = NO;
				CURRENT_PROJECT_VERSION = 1;
				DEBUG_INFORMATION_FORMAT = "dwarf-with-dsym";
				DEFINES_MODULE = YES;
				DEVELOPMENT_TEAM = MN5S649TXM;
				DYLIB_COMPATIBILITY_VERSION = 1;
				DYLIB_CURRENT_VERSION = 1;
				DYLIB_INSTALL_NAME_BASE = "@rpath";
				ENABLE_NS_ASSERTIONS = NO;
				ENABLE_STRICT_OBJC_MSGSEND = YES;
				GCC_C_LANGUAGE_STANDARD = gnu11;
				GCC_NO_COMMON_BLOCKS = YES;
				GCC_WARN_64_TO_32_BIT_CONVERSION = YES;
				GCC_WARN_ABOUT_RETURN_TYPE = YES_ERROR;
				GCC_WARN_UNDECLARED_SELECTOR = YES;
				GCC_WARN_UNINITIALIZED_AUTOS = YES_AGGRESSIVE;
				GCC_WARN_UNUSED_FUNCTION = YES;
				GCC_WARN_UNUSED_VARIABLE = YES;
				HEADER_SEARCH_PATHS = (
					"$(SRCROOT)/deps/ziti-sdk-c/deps/uv-mbed/include",
					"$(SRCROOT)/deps/ziti-sdk-c/deps/http-parser",
					"$(SRCROOT)/deps/ziti-sdk-c/deps/uv-mbed/deps/uv_link_t/include",
					"$(SRCROOT)/deps/ziti-sdk-c/deps/uv-mbed/deps/libuv/include",
				);
				INFOPLIST_FILE = "ZitiUrlProtocol-macOS/Info.plist";
				INSTALL_PATH = "$(LOCAL_LIBRARY_DIR)/Frameworks";
				LD_RUNPATH_SEARCH_PATHS = (
					"$(inherited)",
					"@executable_path/../Frameworks",
					"@loader_path/Frameworks",
				);
				LIBRARY_SEARCH_PATHS = (
					"$(SRCROOT)/deps/ziti-sdk-c/build-darwin-x86_64/**",
					"$(PROJECT_DIR)/deps/ziti-sdk-c/build-darwin-x86_64/library",
					"$(PROJECT_DIR)/deps/ziti-sdk-c/build-darwin-x86_64/_deps/libsodium-build/lib",
					"$(PROJECT_DIR)/deps/ziti-sdk-c/build-darwin-x86_64/_deps/libsodium-build/src/libsodium/.libs",
					"$(PROJECT_DIR)/deps/ziti-sdk-c/build-darwin-x86_64/deps/uv-mbed",
					"$(PROJECT_DIR)/deps/ziti-sdk-c/build-darwin-x86_64/deps/uv-mbed/deps/libuv",
					"$(PROJECT_DIR)/deps/ziti-sdk-c/build-darwin-x86_64/deps/uv-mbed/deps",
					"$(PROJECT_DIR)/deps/ziti-sdk-c/build-darwin-x86_64/deps/uv-mbed/deps/mbedtls/crypto/library",
					"$(PROJECT_DIR)/deps/ziti-sdk-c/build-darwin-x86_64/deps/uv-mbed/deps/mbedtls/library",
				);
				MACOSX_DEPLOYMENT_TARGET = 10.15;
				MODULEMAP_FILE = "$(SRCROOT)/Common/module.modulemap";
				MODULEMAP_PRIVATE_FILE = "";
				MTL_ENABLE_DEBUG_INFO = NO;
				MTL_FAST_MATH = YES;
				PRODUCT_BUNDLE_IDENTIFIER = "io.netfoundry.ZitiUrlProtocol-macOS";
				PRODUCT_NAME = ZitiUrlProtocol;
				SDKROOT = macosx;
				SKIP_INSTALL = YES;
				SWIFT_COMPILATION_MODE = wholemodule;
				SWIFT_OPTIMIZATION_LEVEL = "-O";
				SWIFT_VERSION = 5.0;
				VERSIONING_SYSTEM = "apple-generic";
				VERSION_INFO_PREFIX = "";
			};
			name = Release;
		};
/* End XCBuildConfiguration section */

/* Begin XCConfigurationList section */
		5A2D83FD2444D4B9008B1D32 /* Build configuration list for PBXProject "ZitiUrlProtocol" */ = {
			isa = XCConfigurationList;
			buildConfigurations = (
				5A2D83FE2444D4B9008B1D32 /* Debug */,
				5A2D83FF2444D4B9008B1D32 /* Release */,
			);
			defaultConfigurationIsVisible = 0;
			defaultConfigurationName = Release;
		};
		5A2D840D2444D54C008B1D32 /* Build configuration list for PBXNativeTarget "ZitiUrlProtocol-iOS" */ = {
			isa = XCConfigurationList;
			buildConfigurations = (
				5A2D840B2444D54C008B1D32 /* Debug */,
				5A2D840C2444D54C008B1D32 /* Release */,
			);
			defaultConfigurationIsVisible = 0;
			defaultConfigurationName = Release;
		};
		5A2D84182444D5AE008B1D32 /* Build configuration list for PBXNativeTarget "ZitiUrlProtocol-macOS" */ = {
			isa = XCConfigurationList;
			buildConfigurations = (
				5A2D84192444D5AE008B1D32 /* Debug */,
				5A2D841A2444D5AE008B1D32 /* Release */,
			);
			defaultConfigurationIsVisible = 0;
			defaultConfigurationName = Release;
		};
/* End XCConfigurationList section */
	};
	rootObject = 5A2D83FA2444D4B9008B1D32 /* Project object */;
}
