// !$*UTF8*$!
{
	archiveVersion = 1;
	classes = {
	};
	objectVersion = 50;
	objects = {

/* Begin PBXBuildFile section */
		5A0E4A8B24530E1E00C56DCF /* libziti.a in Frameworks */ = {isa = PBXBuildFile; fileRef = 5A0E4A8A24530E1E00C56DCF /* libziti.a */; };
		5A0E4A8C24530E2500C56DCF /* libziti.a in Frameworks */ = {isa = PBXBuildFile; fileRef = 5A0E4A8A24530E1E00C56DCF /* libziti.a */; };
		5A0E4A8E24534DDE00C56DCF /* libsodium.a in Frameworks */ = {isa = PBXBuildFile; fileRef = 5A0E4A8D24534DDE00C56DCF /* libsodium.a */; };
		5A0E4A8F24534DE500C56DCF /* libsodium.a in Frameworks */ = {isa = PBXBuildFile; fileRef = 5A0E4A8D24534DDE00C56DCF /* libsodium.a */; };
		5A0E4A92245DE46900C56DCF /* ziti.c in Sources */ = {isa = PBXBuildFile; fileRef = 5A0E4A91245DE46900C56DCF /* ziti.c */; };
		5A0E4A93245DE46900C56DCF /* ziti.c in Sources */ = {isa = PBXBuildFile; fileRef = 5A0E4A91245DE46900C56DCF /* ziti.c */; };
		5AAAEDC8246315E700C56383 /* ZitiIntercept.swift in Sources */ = {isa = PBXBuildFile; fileRef = 5AAAEDC7246315E700C56383 /* ZitiIntercept.swift */; };
		5AAAEDC9246315E700C56383 /* ZitiIntercept.swift in Sources */ = {isa = PBXBuildFile; fileRef = 5AAAEDC7246315E700C56383 /* ZitiIntercept.swift */; };
		5AAAEDCC24633F0600C56383 /* ZitiConfig.swift in Sources */ = {isa = PBXBuildFile; fileRef = 5AAAEDCB24633F0600C56383 /* ZitiConfig.swift */; };
		5AAAEDCD24633F0600C56383 /* ZitiConfig.swift in Sources */ = {isa = PBXBuildFile; fileRef = 5AAAEDCB24633F0600C56383 /* ZitiConfig.swift */; };
		5AAAEDCF24633F3800C56383 /* ZitiUrlConfig.swift in Sources */ = {isa = PBXBuildFile; fileRef = 5AAAEDCE24633F3800C56383 /* ZitiUrlConfig.swift */; };
		5AAAEDD024633F3800C56383 /* ZitiUrlConfig.swift in Sources */ = {isa = PBXBuildFile; fileRef = 5AAAEDCE24633F3800C56383 /* ZitiUrlConfig.swift */; };
		5AAAEDD224633F7A00C56383 /* ZitiTunnelConfig.swift in Sources */ = {isa = PBXBuildFile; fileRef = 5AAAEDD124633F7A00C56383 /* ZitiTunnelConfig.swift */; };
		5AAAEDD324633F7A00C56383 /* ZitiTunnelConfig.swift in Sources */ = {isa = PBXBuildFile; fileRef = 5AAAEDD124633F7A00C56383 /* ZitiTunnelConfig.swift */; };
		5AAAEDD52463924600C56383 /* ZitiEnroller.swift in Sources */ = {isa = PBXBuildFile; fileRef = 5AAAEDD42463924600C56383 /* ZitiEnroller.swift */; };
		5AAAEDD62463924600C56383 /* ZitiEnroller.swift in Sources */ = {isa = PBXBuildFile; fileRef = 5AAAEDD42463924600C56383 /* ZitiEnroller.swift */; };
		5AAAEDD92463A4EA00C56383 /* ZitiError.swift in Sources */ = {isa = PBXBuildFile; fileRef = 5AAAEDD82463A4EA00C56383 /* ZitiError.swift */; };
		5AAAEDDA2463A4EA00C56383 /* ZitiError.swift in Sources */ = {isa = PBXBuildFile; fileRef = 5AAAEDD82463A4EA00C56383 /* ZitiError.swift */; };
		5AAAEDDC2464698900C56383 /* ZitiUnretained.swift in Sources */ = {isa = PBXBuildFile; fileRef = 5AAAEDDB2464698900C56383 /* ZitiUnretained.swift */; };
		5AAAEDDD2464698900C56383 /* ZitiUnretained.swift in Sources */ = {isa = PBXBuildFile; fileRef = 5AAAEDDB2464698900C56383 /* ZitiUnretained.swift */; };
		5AAAEDE62464D8AB00C56383 /* main.swift in Sources */ = {isa = PBXBuildFile; fileRef = 5AAAEDE52464D8AB00C56383 /* main.swift */; };
		5AAAEDEA2464D8FB00C56383 /* libZitiUrlProtocol.a in Frameworks */ = {isa = PBXBuildFile; fileRef = 5AB6DF68244B7C3C00F4B4E0 /* libZitiUrlProtocol.a */; };
		5AAAEDF0246637EC00C56383 /* ZitiKeychain.swift in Sources */ = {isa = PBXBuildFile; fileRef = 5AAAEDEF246637EC00C56383 /* ZitiKeychain.swift */; };
		5AAAEDF1246637EC00C56383 /* ZitiKeychain.swift in Sources */ = {isa = PBXBuildFile; fileRef = 5AAAEDEF246637EC00C56383 /* ZitiKeychain.swift */; };
		5AAAEDF3246727C900C56383 /* Ziti.swift in Sources */ = {isa = PBXBuildFile; fileRef = 5AAAEDF2246727C900C56383 /* Ziti.swift */; };
		5AAAEDF4246727C900C56383 /* Ziti.swift in Sources */ = {isa = PBXBuildFile; fileRef = 5AAAEDF2246727C900C56383 /* Ziti.swift */; };
		5AB6DF71244B7C6400F4B4E0 /* ZitiUrlProtocol.swift in Sources */ = {isa = PBXBuildFile; fileRef = 5A2D841C2444D748008B1D32 /* ZitiUrlProtocol.swift */; };
		5AB6DF7E244B8F2000F4B4E0 /* libuv_mbed.a in Frameworks */ = {isa = PBXBuildFile; fileRef = 5AB6DF77244B8F2000F4B4E0 /* libuv_mbed.a */; };
		5AB6DF7F244B8F2000F4B4E0 /* libmbedx509.a in Frameworks */ = {isa = PBXBuildFile; fileRef = 5AB6DF78244B8F2000F4B4E0 /* libmbedx509.a */; };
		5AB6DF80244B8F2000F4B4E0 /* libmbedcrypto.a in Frameworks */ = {isa = PBXBuildFile; fileRef = 5AB6DF79244B8F2000F4B4E0 /* libmbedcrypto.a */; };
		5AB6DF81244B8F2000F4B4E0 /* libuv_link.a in Frameworks */ = {isa = PBXBuildFile; fileRef = 5AB6DF7A244B8F2000F4B4E0 /* libuv_link.a */; };
		5AB6DF82244B8F2000F4B4E0 /* libmbedtls.a in Frameworks */ = {isa = PBXBuildFile; fileRef = 5AB6DF7B244B8F2000F4B4E0 /* libmbedtls.a */; };
		5AB6DF83244B8F2000F4B4E0 /* libuv_a.a in Frameworks */ = {isa = PBXBuildFile; fileRef = 5AB6DF7C244B8F2000F4B4E0 /* libuv_a.a */; };
		5AB6DF84244B8F2000F4B4E0 /* libhttp-parser.a in Frameworks */ = {isa = PBXBuildFile; fileRef = 5AB6DF7D244B8F2000F4B4E0 /* libhttp-parser.a */; };
		5AB6DFB6244B9A4300F4B4E0 /* ZitiUrlProtocol.swift in Sources */ = {isa = PBXBuildFile; fileRef = 5A2D841C2444D748008B1D32 /* ZitiUrlProtocol.swift */; };
		5AB6DFB8244BA63B00F4B4E0 /* libhttp-parser.a in Frameworks */ = {isa = PBXBuildFile; fileRef = 5AB6DF7D244B8F2000F4B4E0 /* libhttp-parser.a */; };
		5AB6DFB9244BA63F00F4B4E0 /* libmbedcrypto.a in Frameworks */ = {isa = PBXBuildFile; fileRef = 5AB6DF79244B8F2000F4B4E0 /* libmbedcrypto.a */; };
		5AB6DFBA244BA64300F4B4E0 /* libmbedtls.a in Frameworks */ = {isa = PBXBuildFile; fileRef = 5AB6DF7B244B8F2000F4B4E0 /* libmbedtls.a */; };
		5AB6DFBB244BA64700F4B4E0 /* libmbedx509.a in Frameworks */ = {isa = PBXBuildFile; fileRef = 5AB6DF78244B8F2000F4B4E0 /* libmbedx509.a */; };
		5AB6DFBC244BA64B00F4B4E0 /* libuv_a.a in Frameworks */ = {isa = PBXBuildFile; fileRef = 5AB6DF7C244B8F2000F4B4E0 /* libuv_a.a */; };
		5AB6DFBD244BA64F00F4B4E0 /* libuv_link.a in Frameworks */ = {isa = PBXBuildFile; fileRef = 5AB6DF7A244B8F2000F4B4E0 /* libuv_link.a */; };
		5AB6DFBE244BA65400F4B4E0 /* libuv_mbed.a in Frameworks */ = {isa = PBXBuildFile; fileRef = 5AB6DF77244B8F2000F4B4E0 /* libuv_mbed.a */; };
		5AE14C742469E3BD00179365 /* ZitiLog.swift in Sources */ = {isa = PBXBuildFile; fileRef = 5AE14C732469E3BD00179365 /* ZitiLog.swift */; };
		5AE14C752469E3BD00179365 /* ZitiLog.swift in Sources */ = {isa = PBXBuildFile; fileRef = 5AE14C732469E3BD00179365 /* ZitiLog.swift */; };
		5AE14C77246CB4D300179365 /* ZitiIdentity.swift in Sources */ = {isa = PBXBuildFile; fileRef = 5AE14C76246CB4D300179365 /* ZitiIdentity.swift */; };
		5AE14C78246CB4D300179365 /* ZitiIdentity.swift in Sources */ = {isa = PBXBuildFile; fileRef = 5AE14C76246CB4D300179365 /* ZitiIdentity.swift */; };
		5AE14C7B24703ADE00179365 /* ZitiConnection.swift in Sources */ = {isa = PBXBuildFile; fileRef = 5AE14C7A24703ADE00179365 /* ZitiConnection.swift */; };
		5AE14C7C24703ADE00179365 /* ZitiConnection.swift in Sources */ = {isa = PBXBuildFile; fileRef = 5AE14C7A24703ADE00179365 /* ZitiConnection.swift */; };
		5AE14C882471D32E00179365 /* main.swift in Sources */ = {isa = PBXBuildFile; fileRef = 5AE14C872471D32E00179365 /* main.swift */; };
		5AE14C8C2471DDA000179365 /* libZitiUrlProtocol.a in Frameworks */ = {isa = PBXBuildFile; fileRef = 5AB6DF68244B7C3C00F4B4E0 /* libZitiUrlProtocol.a */; };
/* End PBXBuildFile section */

/* Begin PBXContainerItemProxy section */
		5AAAEDEB2464D8FB00C56383 /* PBXContainerItemProxy */ = {
			isa = PBXContainerItemProxy;
			containerPortal = 5A2D83FA2444D4B9008B1D32 /* Project object */;
			proxyType = 1;
			remoteGlobalIDString = 5AB6DF67244B7C3C00F4B4E0;
			remoteInfo = "ZitiUrlProtocol-macOS";
		};
		5AE14C8D2471DDA000179365 /* PBXContainerItemProxy */ = {
			isa = PBXContainerItemProxy;
			containerPortal = 5A2D83FA2444D4B9008B1D32 /* Project object */;
			proxyType = 1;
			remoteGlobalIDString = 5AB6DF67244B7C3C00F4B4E0;
			remoteInfo = "ZitiUrlProtocol-macOS";
		};
/* End PBXContainerItemProxy section */

/* Begin PBXCopyFilesBuildPhase section */
		5AAAEDE12464D8AB00C56383 /* CopyFiles */ = {
			isa = PBXCopyFilesBuildPhase;
			buildActionMask = 2147483647;
			dstPath = /usr/share/man/man1/;
			dstSubfolderSpec = 0;
			files = (
			);
			runOnlyForDeploymentPostprocessing = 1;
		};
		5AB6DFAD244B990A00F4B4E0 /* CopyFiles */ = {
			isa = PBXCopyFilesBuildPhase;
			buildActionMask = 2147483647;
			dstPath = "include/$(PRODUCT_NAME)";
			dstSubfolderSpec = 16;
			files = (
			);
			runOnlyForDeploymentPostprocessing = 0;
		};
		5AE14C832471D32E00179365 /* CopyFiles */ = {
			isa = PBXCopyFilesBuildPhase;
			buildActionMask = 2147483647;
			dstPath = /usr/share/man/man1/;
			dstSubfolderSpec = 0;
			files = (
			);
			runOnlyForDeploymentPostprocessing = 1;
		};
/* End PBXCopyFilesBuildPhase section */

/* Begin PBXFileReference section */
		5A0E4A8A24530E1E00C56DCF /* libziti.a */ = {isa = PBXFileReference; lastKnownFileType = archive.ar; name = libziti.a; path = "deps/ziti-sdk-c/build-os-arch/library/libziti.a"; sourceTree = "<group>"; };
		5A0E4A8D24534DDE00C56DCF /* libsodium.a */ = {isa = PBXFileReference; lastKnownFileType = archive.ar; name = libsodium.a; path = "deps/ziti-sdk-c/build-os-arch/_deps/libsodium-build/lib/libsodium.a"; sourceTree = "<group>"; };
		5A0E4A91245DE46900C56DCF /* ziti.c */ = {isa = PBXFileReference; lastKnownFileType = sourcecode.c.c; path = ziti.c; sourceTree = "<group>"; };
		5A2D841C2444D748008B1D32 /* ZitiUrlProtocol.swift */ = {isa = PBXFileReference; lastKnownFileType = sourcecode.swift; path = ZitiUrlProtocol.swift; sourceTree = "<group>"; };
		5AAAEDC7246315E700C56383 /* ZitiIntercept.swift */ = {isa = PBXFileReference; lastKnownFileType = sourcecode.swift; path = ZitiIntercept.swift; sourceTree = "<group>"; };
		5AAAEDCB24633F0600C56383 /* ZitiConfig.swift */ = {isa = PBXFileReference; lastKnownFileType = sourcecode.swift; path = ZitiConfig.swift; sourceTree = "<group>"; };
		5AAAEDCE24633F3800C56383 /* ZitiUrlConfig.swift */ = {isa = PBXFileReference; lastKnownFileType = sourcecode.swift; path = ZitiUrlConfig.swift; sourceTree = "<group>"; };
		5AAAEDD124633F7A00C56383 /* ZitiTunnelConfig.swift */ = {isa = PBXFileReference; lastKnownFileType = sourcecode.swift; path = ZitiTunnelConfig.swift; sourceTree = "<group>"; };
		5AAAEDD42463924600C56383 /* ZitiEnroller.swift */ = {isa = PBXFileReference; lastKnownFileType = sourcecode.swift; path = ZitiEnroller.swift; sourceTree = "<group>"; };
		5AAAEDD82463A4EA00C56383 /* ZitiError.swift */ = {isa = PBXFileReference; lastKnownFileType = sourcecode.swift; path = ZitiError.swift; sourceTree = "<group>"; };
		5AAAEDDB2464698900C56383 /* ZitiUnretained.swift */ = {isa = PBXFileReference; lastKnownFileType = sourcecode.swift; path = ZitiUnretained.swift; sourceTree = "<group>"; };
		5AAAEDE32464D8AB00C56383 /* ziti-mac-enroller */ = {isa = PBXFileReference; explicitFileType = "compiled.mach-o.executable"; includeInIndex = 0; path = "ziti-mac-enroller"; sourceTree = BUILT_PRODUCTS_DIR; };
		5AAAEDE52464D8AB00C56383 /* main.swift */ = {isa = PBXFileReference; lastKnownFileType = sourcecode.swift; path = main.swift; sourceTree = "<group>"; };
		5AAAEDEF246637EC00C56383 /* ZitiKeychain.swift */ = {isa = PBXFileReference; lastKnownFileType = sourcecode.swift; path = ZitiKeychain.swift; sourceTree = "<group>"; };
		5AAAEDF2246727C900C56383 /* Ziti.swift */ = {isa = PBXFileReference; lastKnownFileType = sourcecode.swift; path = Ziti.swift; sourceTree = "<group>"; };
		5AB6DF68244B7C3C00F4B4E0 /* libZitiUrlProtocol.a */ = {isa = PBXFileReference; explicitFileType = archive.ar; includeInIndex = 0; path = libZitiUrlProtocol.a; sourceTree = BUILT_PRODUCTS_DIR; };
		5AB6DF74244B7DDF00F4B4E0 /* ZitiUrlProtocol-Bridging-Header.h */ = {isa = PBXFileReference; lastKnownFileType = sourcecode.c.h; path = "ZitiUrlProtocol-Bridging-Header.h"; sourceTree = "<group>"; };
		5AB6DF77244B8F2000F4B4E0 /* libuv_mbed.a */ = {isa = PBXFileReference; lastKnownFileType = archive.ar; name = libuv_mbed.a; path = "deps/ziti-sdk-c/build-os-arch/deps/uv-mbed/libuv_mbed.a"; sourceTree = "<group>"; };
		5AB6DF78244B8F2000F4B4E0 /* libmbedx509.a */ = {isa = PBXFileReference; lastKnownFileType = archive.ar; name = libmbedx509.a; path = "deps/ziti-sdk-c/build-os-arch/deps/uv-mbed/deps/mbedtls/library/libmbedx509.a"; sourceTree = "<group>"; };
		5AB6DF79244B8F2000F4B4E0 /* libmbedcrypto.a */ = {isa = PBXFileReference; lastKnownFileType = archive.ar; name = libmbedcrypto.a; path = "deps/ziti-sdk-c/build-os-arch/deps/uv-mbed/deps/mbedtls/crypto/library/libmbedcrypto.a"; sourceTree = "<group>"; };
		5AB6DF7A244B8F2000F4B4E0 /* libuv_link.a */ = {isa = PBXFileReference; lastKnownFileType = archive.ar; name = libuv_link.a; path = "deps/ziti-sdk-c/build-os-arch/deps/uv-mbed/deps/libuv_link.a"; sourceTree = "<group>"; };
		5AB6DF7B244B8F2000F4B4E0 /* libmbedtls.a */ = {isa = PBXFileReference; lastKnownFileType = archive.ar; name = libmbedtls.a; path = "deps/ziti-sdk-c/build-os-arch/deps/uv-mbed/deps/mbedtls/library/libmbedtls.a"; sourceTree = "<group>"; };
		5AB6DF7C244B8F2000F4B4E0 /* libuv_a.a */ = {isa = PBXFileReference; lastKnownFileType = archive.ar; name = libuv_a.a; path = "deps/ziti-sdk-c/build-os-arch/deps/uv-mbed/deps/libuv/libuv_a.a"; sourceTree = "<group>"; };
		5AB6DF7D244B8F2000F4B4E0 /* libhttp-parser.a */ = {isa = PBXFileReference; lastKnownFileType = archive.ar; name = "libhttp-parser.a"; path = "deps/ziti-sdk-c/build-os-arch/deps/uv-mbed/deps/libhttp-parser.a"; sourceTree = "<group>"; };
		5AB6DFAF244B990A00F4B4E0 /* libZitiUrlProtocol.a */ = {isa = PBXFileReference; explicitFileType = archive.ar; includeInIndex = 0; path = libZitiUrlProtocol.a; sourceTree = BUILT_PRODUCTS_DIR; };
		5AE14C732469E3BD00179365 /* ZitiLog.swift */ = {isa = PBXFileReference; lastKnownFileType = sourcecode.swift; path = ZitiLog.swift; sourceTree = "<group>"; };
		5AE14C76246CB4D300179365 /* ZitiIdentity.swift */ = {isa = PBXFileReference; lastKnownFileType = sourcecode.swift; path = ZitiIdentity.swift; sourceTree = "<group>"; };
		5AE14C7A24703ADE00179365 /* ZitiConnection.swift */ = {isa = PBXFileReference; lastKnownFileType = sourcecode.swift; path = ZitiConnection.swift; sourceTree = "<group>"; };
		5AE14C852471D32E00179365 /* sample-mac-host */ = {isa = PBXFileReference; explicitFileType = "compiled.mach-o.executable"; includeInIndex = 0; path = "sample-mac-host"; sourceTree = BUILT_PRODUCTS_DIR; };
		5AE14C872471D32E00179365 /* main.swift */ = {isa = PBXFileReference; lastKnownFileType = sourcecode.swift; path = main.swift; sourceTree = "<group>"; };
/* End PBXFileReference section */

/* Begin PBXFrameworksBuildPhase section */
		5AAAEDE02464D8AB00C56383 /* Frameworks */ = {
			isa = PBXFrameworksBuildPhase;
			buildActionMask = 2147483647;
			files = (
				5AAAEDEA2464D8FB00C56383 /* libZitiUrlProtocol.a in Frameworks */,
			);
			runOnlyForDeploymentPostprocessing = 0;
		};
		5AB6DF66244B7C3C00F4B4E0 /* Frameworks */ = {
			isa = PBXFrameworksBuildPhase;
			buildActionMask = 2147483647;
			files = (
				5A0E4A8E24534DDE00C56DCF /* libsodium.a in Frameworks */,
				5A0E4A8B24530E1E00C56DCF /* libziti.a in Frameworks */,
				5AB6DF7E244B8F2000F4B4E0 /* libuv_mbed.a in Frameworks */,
				5AB6DF7F244B8F2000F4B4E0 /* libmbedx509.a in Frameworks */,
				5AB6DF80244B8F2000F4B4E0 /* libmbedcrypto.a in Frameworks */,
				5AB6DF81244B8F2000F4B4E0 /* libuv_link.a in Frameworks */,
				5AB6DF82244B8F2000F4B4E0 /* libmbedtls.a in Frameworks */,
				5AB6DF83244B8F2000F4B4E0 /* libuv_a.a in Frameworks */,
				5AB6DF84244B8F2000F4B4E0 /* libhttp-parser.a in Frameworks */,
			);
			runOnlyForDeploymentPostprocessing = 0;
		};
		5AB6DFAC244B990A00F4B4E0 /* Frameworks */ = {
			isa = PBXFrameworksBuildPhase;
			buildActionMask = 2147483647;
			files = (
				5AB6DFBE244BA65400F4B4E0 /* libuv_mbed.a in Frameworks */,
				5AB6DFBC244BA64B00F4B4E0 /* libuv_a.a in Frameworks */,
				5AB6DFB9244BA63F00F4B4E0 /* libmbedcrypto.a in Frameworks */,
				5AB6DFBB244BA64700F4B4E0 /* libmbedx509.a in Frameworks */,
				5AB6DFBA244BA64300F4B4E0 /* libmbedtls.a in Frameworks */,
				5AB6DFBD244BA64F00F4B4E0 /* libuv_link.a in Frameworks */,
				5A0E4A8F24534DE500C56DCF /* libsodium.a in Frameworks */,
				5AB6DFB8244BA63B00F4B4E0 /* libhttp-parser.a in Frameworks */,
				5A0E4A8C24530E2500C56DCF /* libziti.a in Frameworks */,
			);
			runOnlyForDeploymentPostprocessing = 0;
		};
		5AE14C822471D32E00179365 /* Frameworks */ = {
			isa = PBXFrameworksBuildPhase;
			buildActionMask = 2147483647;
			files = (
				5AE14C8C2471DDA000179365 /* libZitiUrlProtocol.a in Frameworks */,
			);
			runOnlyForDeploymentPostprocessing = 0;
		};
/* End PBXFrameworksBuildPhase section */

/* Begin PBXGroup section */
		5A2D83F92444D4B9008B1D32 = {
			isa = PBXGroup;
			children = (
				5AAAEDF2246727C900C56383 /* Ziti.swift */,
				5AE14C76246CB4D300179365 /* ZitiIdentity.swift */,
				5AAAEDD42463924600C56383 /* ZitiEnroller.swift */,
				5AE14C7A24703ADE00179365 /* ZitiConnection.swift */,
				5A2D841C2444D748008B1D32 /* ZitiUrlProtocol.swift */,
				5AAAEDEF246637EC00C56383 /* ZitiKeychain.swift */,
				5AAAEDD124633F7A00C56383 /* ZitiTunnelConfig.swift */,
				5AAAEDCE24633F3800C56383 /* ZitiUrlConfig.swift */,
				5AAAEDCB24633F0600C56383 /* ZitiConfig.swift */,
				5AAAEDC7246315E700C56383 /* ZitiIntercept.swift */,
				5AAAEDDB2464698900C56383 /* ZitiUnretained.swift */,
				5AAAEDD82463A4EA00C56383 /* ZitiError.swift */,
				5AE14C732469E3BD00179365 /* ZitiLog.swift */,
				5AB6DF74244B7DDF00F4B4E0 /* ZitiUrlProtocol-Bridging-Header.h */,
				5A0E4A91245DE46900C56DCF /* ziti.c */,
				5AAAEDE42464D8AB00C56383 /* ziti-mac-enroller */,
				5AE14C862471D32E00179365 /* sample-mac-host */,
				5A2D84062444D54C008B1D32 /* Products */,
				5AB6DF76244B8F2000F4B4E0 /* Frameworks */,
			);
			sourceTree = "<group>";
		};
		5A2D84062444D54C008B1D32 /* Products */ = {
			isa = PBXGroup;
			children = (
				5AB6DF68244B7C3C00F4B4E0 /* libZitiUrlProtocol.a */,
				5AB6DFAF244B990A00F4B4E0 /* libZitiUrlProtocol.a */,
				5AAAEDE32464D8AB00C56383 /* ziti-mac-enroller */,
				5AE14C852471D32E00179365 /* sample-mac-host */,
			);
			name = Products;
			sourceTree = "<group>";
		};
		5AAAEDE42464D8AB00C56383 /* ziti-mac-enroller */ = {
			isa = PBXGroup;
			children = (
				5AAAEDE52464D8AB00C56383 /* main.swift */,
			);
			path = "ziti-mac-enroller";
			sourceTree = "<group>";
		};
		5AB6DF76244B8F2000F4B4E0 /* Frameworks */ = {
			isa = PBXGroup;
			children = (
				5A0E4A8D24534DDE00C56DCF /* libsodium.a */,
				5A0E4A8A24530E1E00C56DCF /* libziti.a */,
				5AB6DF7D244B8F2000F4B4E0 /* libhttp-parser.a */,
				5AB6DF79244B8F2000F4B4E0 /* libmbedcrypto.a */,
				5AB6DF7B244B8F2000F4B4E0 /* libmbedtls.a */,
				5AB6DF78244B8F2000F4B4E0 /* libmbedx509.a */,
				5AB6DF7C244B8F2000F4B4E0 /* libuv_a.a */,
				5AB6DF7A244B8F2000F4B4E0 /* libuv_link.a */,
				5AB6DF77244B8F2000F4B4E0 /* libuv_mbed.a */,
			);
			name = Frameworks;
			sourceTree = "<group>";
		};
		5AE14C862471D32E00179365 /* sample-mac-host */ = {
			isa = PBXGroup;
			children = (
				5AE14C872471D32E00179365 /* main.swift */,
			);
			path = "sample-mac-host";
			sourceTree = "<group>";
		};
/* End PBXGroup section */

/* Begin PBXHeadersBuildPhase section */
		5AB6DF64244B7C3C00F4B4E0 /* Headers */ = {
			isa = PBXHeadersBuildPhase;
			buildActionMask = 2147483647;
			files = (
			);
			runOnlyForDeploymentPostprocessing = 0;
		};
/* End PBXHeadersBuildPhase section */

/* Begin PBXNativeTarget section */
		5AAAEDE22464D8AB00C56383 /* ziti-mac-enroller */ = {
			isa = PBXNativeTarget;
			buildConfigurationList = 5AAAEDE72464D8AB00C56383 /* Build configuration list for PBXNativeTarget "ziti-mac-enroller" */;
			buildPhases = (
				5AAAEDDF2464D8AB00C56383 /* Sources */,
				5AAAEDE02464D8AB00C56383 /* Frameworks */,
				5AAAEDE12464D8AB00C56383 /* CopyFiles */,
			);
			buildRules = (
			);
			dependencies = (
				5AAAEDEC2464D8FB00C56383 /* PBXTargetDependency */,
			);
			name = "ziti-mac-enroller";
			productName = "ziti-mac-enroller";
			productReference = 5AAAEDE32464D8AB00C56383 /* ziti-mac-enroller */;
			productType = "com.apple.product-type.tool";
		};
		5AB6DF67244B7C3C00F4B4E0 /* ZitiUrlProtocol-macOS */ = {
			isa = PBXNativeTarget;
			buildConfigurationList = 5AB6DF6E244B7C3C00F4B4E0 /* Build configuration list for PBXNativeTarget "ZitiUrlProtocol-macOS" */;
			buildPhases = (
				5AB6DF64244B7C3C00F4B4E0 /* Headers */,
				5AB6DF65244B7C3C00F4B4E0 /* Sources */,
				5AB6DF66244B7C3C00F4B4E0 /* Frameworks */,
			);
			buildRules = (
			);
			dependencies = (
			);
			name = "ZitiUrlProtocol-macOS";
			productName = zupmac;
			productReference = 5AB6DF68244B7C3C00F4B4E0 /* libZitiUrlProtocol.a */;
			productType = "com.apple.product-type.library.static";
		};
		5AB6DFAE244B990A00F4B4E0 /* ZitiUrlProtocol-iOS */ = {
			isa = PBXNativeTarget;
			buildConfigurationList = 5AB6DFB3244B990A00F4B4E0 /* Build configuration list for PBXNativeTarget "ZitiUrlProtocol-iOS" */;
			buildPhases = (
				5AB6DFAB244B990A00F4B4E0 /* Sources */,
				5AB6DFAC244B990A00F4B4E0 /* Frameworks */,
				5AB6DFAD244B990A00F4B4E0 /* CopyFiles */,
			);
			buildRules = (
			);
			dependencies = (
			);
			name = "ZitiUrlProtocol-iOS";
			productName = zupios;
			productReference = 5AB6DFAF244B990A00F4B4E0 /* libZitiUrlProtocol.a */;
			productType = "com.apple.product-type.library.static";
		};
		5AE14C842471D32E00179365 /* sample-mac-host */ = {
			isa = PBXNativeTarget;
			buildConfigurationList = 5AE14C8B2471D32E00179365 /* Build configuration list for PBXNativeTarget "sample-mac-host" */;
			buildPhases = (
				5AE14C812471D32E00179365 /* Sources */,
				5AE14C822471D32E00179365 /* Frameworks */,
				5AE14C832471D32E00179365 /* CopyFiles */,
			);
			buildRules = (
			);
			dependencies = (
				5AE14C8E2471DDA000179365 /* PBXTargetDependency */,
			);
			name = "sample-mac-host";
			productName = "sample-mac-host";
			productReference = 5AE14C852471D32E00179365 /* sample-mac-host */;
			productType = "com.apple.product-type.tool";
		};
/* End PBXNativeTarget section */

/* Begin PBXProject section */
		5A2D83FA2444D4B9008B1D32 /* Project object */ = {
			isa = PBXProject;
			attributes = {
				LastSwiftUpdateCheck = 1140;
				LastUpgradeCheck = 1140;
				TargetAttributes = {
					5AAAEDE22464D8AB00C56383 = {
						CreatedOnToolsVersion = 11.4.1;
					};
					5AB6DF67244B7C3C00F4B4E0 = {
						CreatedOnToolsVersion = 11.4.1;
					};
					5AB6DFAE244B990A00F4B4E0 = {
						CreatedOnToolsVersion = 11.4.1;
						LastSwiftMigration = 1140;
					};
					5AE14C842471D32E00179365 = {
						CreatedOnToolsVersion = 11.4.1;
					};
				};
			};
			buildConfigurationList = 5A2D83FD2444D4B9008B1D32 /* Build configuration list for PBXProject "ZitiUrlProtocol" */;
			compatibilityVersion = "Xcode 9.3";
			developmentRegion = en;
			hasScannedForEncodings = 0;
			knownRegions = (
				en,
				Base,
			);
			mainGroup = 5A2D83F92444D4B9008B1D32;
			productRefGroup = 5A2D84062444D54C008B1D32 /* Products */;
			projectDirPath = "";
			projectRoot = "";
			targets = (
				5AB6DF67244B7C3C00F4B4E0 /* ZitiUrlProtocol-macOS */,
				5AB6DFAE244B990A00F4B4E0 /* ZitiUrlProtocol-iOS */,
				5AAAEDE22464D8AB00C56383 /* ziti-mac-enroller */,
				5AE14C842471D32E00179365 /* sample-mac-host */,
			);
		};
/* End PBXProject section */

/* Begin PBXSourcesBuildPhase section */
		5AAAEDDF2464D8AB00C56383 /* Sources */ = {
			isa = PBXSourcesBuildPhase;
			buildActionMask = 2147483647;
			files = (
				5AAAEDE62464D8AB00C56383 /* main.swift in Sources */,
			);
			runOnlyForDeploymentPostprocessing = 0;
		};
		5AB6DF65244B7C3C00F4B4E0 /* Sources */ = {
			isa = PBXSourcesBuildPhase;
			buildActionMask = 2147483647;
			files = (
				5AE14C77246CB4D300179365 /* ZitiIdentity.swift in Sources */,
				5AAAEDD52463924600C56383 /* ZitiEnroller.swift in Sources */,
				5AAAEDF0246637EC00C56383 /* ZitiKeychain.swift in Sources */,
				5AE14C7B24703ADE00179365 /* ZitiConnection.swift in Sources */,
				5AAAEDC8246315E700C56383 /* ZitiIntercept.swift in Sources */,
				5AAAEDCC24633F0600C56383 /* ZitiConfig.swift in Sources */,
				5AB6DF71244B7C6400F4B4E0 /* ZitiUrlProtocol.swift in Sources */,
				5AAAEDD92463A4EA00C56383 /* ZitiError.swift in Sources */,
				5A0E4A92245DE46900C56DCF /* ziti.c in Sources */,
				5AAAEDF3246727C900C56383 /* Ziti.swift in Sources */,
				5AAAEDCF24633F3800C56383 /* ZitiUrlConfig.swift in Sources */,
				5AAAEDD224633F7A00C56383 /* ZitiTunnelConfig.swift in Sources */,
				5AE14C742469E3BD00179365 /* ZitiLog.swift in Sources */,
				5AAAEDDC2464698900C56383 /* ZitiUnretained.swift in Sources */,
			);
			runOnlyForDeploymentPostprocessing = 0;
		};
		5AB6DFAB244B990A00F4B4E0 /* Sources */ = {
			isa = PBXSourcesBuildPhase;
			buildActionMask = 2147483647;
			files = (
				5AE14C78246CB4D300179365 /* ZitiIdentity.swift in Sources */,
				5AAAEDD62463924600C56383 /* ZitiEnroller.swift in Sources */,
				5AAAEDF1246637EC00C56383 /* ZitiKeychain.swift in Sources */,
				5AE14C7C24703ADE00179365 /* ZitiConnection.swift in Sources */,
				5AAAEDC9246315E700C56383 /* ZitiIntercept.swift in Sources */,
				5AAAEDCD24633F0600C56383 /* ZitiConfig.swift in Sources */,
				5AB6DFB6244B9A4300F4B4E0 /* ZitiUrlProtocol.swift in Sources */,
				5AAAEDDA2463A4EA00C56383 /* ZitiError.swift in Sources */,
				5A0E4A93245DE46900C56DCF /* ziti.c in Sources */,
				5AAAEDF4246727C900C56383 /* Ziti.swift in Sources */,
				5AAAEDD024633F3800C56383 /* ZitiUrlConfig.swift in Sources */,
				5AAAEDD324633F7A00C56383 /* ZitiTunnelConfig.swift in Sources */,
				5AE14C752469E3BD00179365 /* ZitiLog.swift in Sources */,
				5AAAEDDD2464698900C56383 /* ZitiUnretained.swift in Sources */,
			);
			runOnlyForDeploymentPostprocessing = 0;
		};
		5AE14C812471D32E00179365 /* Sources */ = {
			isa = PBXSourcesBuildPhase;
			buildActionMask = 2147483647;
			files = (
				5AE14C882471D32E00179365 /* main.swift in Sources */,
			);
			runOnlyForDeploymentPostprocessing = 0;
		};
/* End PBXSourcesBuildPhase section */

/* Begin PBXTargetDependency section */
		5AAAEDEC2464D8FB00C56383 /* PBXTargetDependency */ = {
			isa = PBXTargetDependency;
			target = 5AB6DF67244B7C3C00F4B4E0 /* ZitiUrlProtocol-macOS */;
			targetProxy = 5AAAEDEB2464D8FB00C56383 /* PBXContainerItemProxy */;
		};
		5AE14C8E2471DDA000179365 /* PBXTargetDependency */ = {
			isa = PBXTargetDependency;
			target = 5AB6DF67244B7C3C00F4B4E0 /* ZitiUrlProtocol-macOS */;
			targetProxy = 5AE14C8D2471DDA000179365 /* PBXContainerItemProxy */;
		};
/* End PBXTargetDependency section */

/* Begin XCBuildConfiguration section */
		5A2D83FE2444D4B9008B1D32 /* Debug */ = {
			isa = XCBuildConfiguration;
			buildSettings = {
				HEADER_SEARCH_PATHS = (
					"$(PROJECT_DIR)/deps/ziti-sdk-c/deps/uv-mbed/include",
					"$(PROJECT_DIR)/deps/ziti-sdk-c/deps/uv-mbed/deps/http-parser",
					"$(PROJECT_DIR)/deps/ziti-sdk-c/deps/uv-mbed/deps/uv_link_t/include",
					"$(PROJECT_DIR)/deps/ziti-sdk-c/deps/uv-mbed/deps/libuv/include",
					"$(PROJECT_DIR)/deps/ziti-sdk-c/includes",
				);
				LIBRARY_SEARCH_PATHS = (
					"$(PROJECT_DIR)/deps/ziti-sdk-c/build-$(PLATFORM_NAME)-$(CURRENT_ARCH)/deps/uv-mbed",
					"$(PROJECT_DIR)/deps/ziti-sdk-c/build-$(PLATFORM_NAME)-$(CURRENT_ARCH)/deps/uv-mbed/deps/mbedtls/library",
					"$(PROJECT_DIR)/deps/ziti-sdk-c/build-$(PLATFORM_NAME)-$(CURRENT_ARCH)/deps/uv-mbed/deps/mbedtls/crypto/library",
					"$(PROJECT_DIR)/deps/ziti-sdk-c/build-$(PLATFORM_NAME)-$(CURRENT_ARCH)/deps/uv-mbed/deps",
					"$(PROJECT_DIR)/deps/ziti-sdk-c/build-$(PLATFORM_NAME)-$(CURRENT_ARCH)/deps/uv-mbed/deps/libuv",
					"$(PROJECT_DIR)/deps/ziti-sdk-c/build-$(PLATFORM_NAME)-$(CURRENT_ARCH)/_deps/libsodium-build/lib",
				);
				OTHER_SWIFT_FLAGS = "";
				SWIFT_OBJC_BRIDGING_HEADER = "$(SRCROOT)/ZitiUrlProtocol-Bridging-Header.h";
			};
			name = Debug;
		};
		5A2D83FF2444D4B9008B1D32 /* Release */ = {
			isa = XCBuildConfiguration;
			buildSettings = {
				HEADER_SEARCH_PATHS = (
					"$(PROJECT_DIR)/deps/ziti-sdk-c/deps/uv-mbed/include",
					"$(PROJECT_DIR)/deps/ziti-sdk-c/deps/uv-mbed/deps/http-parser",
					"$(PROJECT_DIR)/deps/ziti-sdk-c/deps/uv-mbed/deps/uv_link_t/include",
					"$(PROJECT_DIR)/deps/ziti-sdk-c/deps/uv-mbed/deps/libuv/include",
					"$(PROJECT_DIR)/deps/ziti-sdk-c/includes",
				);
				LIBRARY_SEARCH_PATHS = (
					"$(PROJECT_DIR)/deps/ziti-sdk-c/build-$(PLATFORM_NAME)-$(CURRENT_ARCH)/deps/uv-mbed",
					"$(PROJECT_DIR)/deps/ziti-sdk-c/build-$(PLATFORM_NAME)-$(CURRENT_ARCH)/deps/uv-mbed/deps/mbedtls/library",
					"$(PROJECT_DIR)/deps/ziti-sdk-c/build-$(PLATFORM_NAME)-$(CURRENT_ARCH)/deps/uv-mbed/deps/mbedtls/crypto/library",
					"$(PROJECT_DIR)/deps/ziti-sdk-c/build-$(PLATFORM_NAME)-$(CURRENT_ARCH)/deps/uv-mbed/deps",
					"$(PROJECT_DIR)/deps/ziti-sdk-c/build-$(PLATFORM_NAME)-$(CURRENT_ARCH)/deps/uv-mbed/deps/libuv",
					"$(PROJECT_DIR)/deps/ziti-sdk-c/build-$(PLATFORM_NAME)-$(CURRENT_ARCH)/_deps/libsodium-build/lib",
				);
				OTHER_SWIFT_FLAGS = "";
				SWIFT_OBJC_BRIDGING_HEADER = "$(SRCROOT)/ZitiUrlProtocol-Bridging-Header.h";
			};
			name = Release;
		};
		5AAAEDE82464D8AB00C56383 /* Debug */ = {
			isa = XCBuildConfiguration;
			buildSettings = {
				ALWAYS_SEARCH_USER_PATHS = NO;
				CLANG_ANALYZER_NONNULL = YES;
				CLANG_ANALYZER_NUMBER_OBJECT_CONVERSION = YES_AGGRESSIVE;
				CLANG_CXX_LANGUAGE_STANDARD = "gnu++14";
				CLANG_CXX_LIBRARY = "libc++";
				CLANG_ENABLE_MODULES = YES;
				CLANG_ENABLE_OBJC_ARC = YES;
				CLANG_ENABLE_OBJC_WEAK = YES;
				CLANG_WARN_BLOCK_CAPTURE_AUTORELEASING = YES;
				CLANG_WARN_BOOL_CONVERSION = YES;
				CLANG_WARN_COMMA = YES;
				CLANG_WARN_CONSTANT_CONVERSION = YES;
				CLANG_WARN_DEPRECATED_OBJC_IMPLEMENTATIONS = YES;
				CLANG_WARN_DIRECT_OBJC_ISA_USAGE = YES_ERROR;
				CLANG_WARN_DOCUMENTATION_COMMENTS = YES;
				CLANG_WARN_EMPTY_BODY = YES;
				CLANG_WARN_ENUM_CONVERSION = YES;
				CLANG_WARN_INFINITE_RECURSION = YES;
				CLANG_WARN_INT_CONVERSION = YES;
				CLANG_WARN_NON_LITERAL_NULL_CONVERSION = YES;
				CLANG_WARN_OBJC_IMPLICIT_RETAIN_SELF = YES;
				CLANG_WARN_OBJC_LITERAL_CONVERSION = YES;
				CLANG_WARN_OBJC_ROOT_CLASS = YES_ERROR;
				CLANG_WARN_RANGE_LOOP_ANALYSIS = YES;
				CLANG_WARN_STRICT_PROTOTYPES = YES;
				CLANG_WARN_SUSPICIOUS_MOVE = YES;
				CLANG_WARN_UNGUARDED_AVAILABILITY = YES_AGGRESSIVE;
				CLANG_WARN_UNREACHABLE_CODE = YES;
				CLANG_WARN__DUPLICATE_METHOD_MATCH = YES;
				CODE_SIGN_STYLE = Automatic;
				COPY_PHASE_STRIP = NO;
				DEBUG_INFORMATION_FORMAT = dwarf;
				DEVELOPMENT_TEAM = MN5S649TXM;
				ENABLE_HARDENED_RUNTIME = YES;
				ENABLE_STRICT_OBJC_MSGSEND = YES;
				ENABLE_TESTABILITY = YES;
				GCC_C_LANGUAGE_STANDARD = gnu11;
				GCC_DYNAMIC_NO_PIC = NO;
				GCC_NO_COMMON_BLOCKS = YES;
				GCC_OPTIMIZATION_LEVEL = 0;
				GCC_PREPROCESSOR_DEFINITIONS = (
					"DEBUG=1",
					"$(inherited)",
				);
				GCC_WARN_64_TO_32_BIT_CONVERSION = YES;
				GCC_WARN_ABOUT_RETURN_TYPE = YES_ERROR;
				GCC_WARN_UNDECLARED_SELECTOR = YES;
				GCC_WARN_UNINITIALIZED_AUTOS = YES_AGGRESSIVE;
				GCC_WARN_UNUSED_FUNCTION = YES;
				GCC_WARN_UNUSED_VARIABLE = YES;
				MACOSX_DEPLOYMENT_TARGET = 10.15;
				MTL_ENABLE_DEBUG_INFO = INCLUDE_SOURCE;
				MTL_FAST_MATH = YES;
				ONLY_ACTIVE_ARCH = YES;
				PRODUCT_BUNDLE_IDENTIFIER = "io.netfoundry.ziti-mac-enroller";
				PRODUCT_NAME = "$(TARGET_NAME)";
				SDKROOT = macosx;
				SWIFT_ACTIVE_COMPILATION_CONDITIONS = DEBUG;
				SWIFT_OPTIMIZATION_LEVEL = "-Onone";
				SWIFT_VERSION = 5.0;
			};
			name = Debug;
		};
		5AAAEDE92464D8AB00C56383 /* Release */ = {
			isa = XCBuildConfiguration;
			buildSettings = {
				ALWAYS_SEARCH_USER_PATHS = NO;
				CLANG_ANALYZER_NONNULL = YES;
				CLANG_ANALYZER_NUMBER_OBJECT_CONVERSION = YES_AGGRESSIVE;
				CLANG_CXX_LANGUAGE_STANDARD = "gnu++14";
				CLANG_CXX_LIBRARY = "libc++";
				CLANG_ENABLE_MODULES = YES;
				CLANG_ENABLE_OBJC_ARC = YES;
				CLANG_ENABLE_OBJC_WEAK = YES;
				CLANG_WARN_BLOCK_CAPTURE_AUTORELEASING = YES;
				CLANG_WARN_BOOL_CONVERSION = YES;
				CLANG_WARN_COMMA = YES;
				CLANG_WARN_CONSTANT_CONVERSION = YES;
				CLANG_WARN_DEPRECATED_OBJC_IMPLEMENTATIONS = YES;
				CLANG_WARN_DIRECT_OBJC_ISA_USAGE = YES_ERROR;
				CLANG_WARN_DOCUMENTATION_COMMENTS = YES;
				CLANG_WARN_EMPTY_BODY = YES;
				CLANG_WARN_ENUM_CONVERSION = YES;
				CLANG_WARN_INFINITE_RECURSION = YES;
				CLANG_WARN_INT_CONVERSION = YES;
				CLANG_WARN_NON_LITERAL_NULL_CONVERSION = YES;
				CLANG_WARN_OBJC_IMPLICIT_RETAIN_SELF = YES;
				CLANG_WARN_OBJC_LITERAL_CONVERSION = YES;
				CLANG_WARN_OBJC_ROOT_CLASS = YES_ERROR;
				CLANG_WARN_RANGE_LOOP_ANALYSIS = YES;
				CLANG_WARN_STRICT_PROTOTYPES = YES;
				CLANG_WARN_SUSPICIOUS_MOVE = YES;
				CLANG_WARN_UNGUARDED_AVAILABILITY = YES_AGGRESSIVE;
				CLANG_WARN_UNREACHABLE_CODE = YES;
				CLANG_WARN__DUPLICATE_METHOD_MATCH = YES;
				CODE_SIGN_STYLE = Automatic;
				COPY_PHASE_STRIP = NO;
				DEBUG_INFORMATION_FORMAT = "dwarf-with-dsym";
				DEVELOPMENT_TEAM = MN5S649TXM;
				ENABLE_HARDENED_RUNTIME = YES;
				ENABLE_NS_ASSERTIONS = NO;
				ENABLE_STRICT_OBJC_MSGSEND = YES;
				GCC_C_LANGUAGE_STANDARD = gnu11;
				GCC_NO_COMMON_BLOCKS = YES;
				GCC_WARN_64_TO_32_BIT_CONVERSION = YES;
				GCC_WARN_ABOUT_RETURN_TYPE = YES_ERROR;
				GCC_WARN_UNDECLARED_SELECTOR = YES;
				GCC_WARN_UNINITIALIZED_AUTOS = YES_AGGRESSIVE;
				GCC_WARN_UNUSED_FUNCTION = YES;
				GCC_WARN_UNUSED_VARIABLE = YES;
				MACOSX_DEPLOYMENT_TARGET = 10.15;
				MTL_ENABLE_DEBUG_INFO = NO;
				MTL_FAST_MATH = YES;
				PRODUCT_BUNDLE_IDENTIFIER = "io.netfoundry.ziti-mac-enroller";
				PRODUCT_NAME = "$(TARGET_NAME)";
				SDKROOT = macosx;
				SWIFT_COMPILATION_MODE = wholemodule;
				SWIFT_OPTIMIZATION_LEVEL = "-O";
				SWIFT_VERSION = 5.0;
			};
			name = Release;
		};
		5AB6DF6F244B7C3C00F4B4E0 /* Debug */ = {
			isa = XCBuildConfiguration;
			buildSettings = {
				ALWAYS_SEARCH_USER_PATHS = NO;
				CLANG_ANALYZER_NONNULL = YES;
				CLANG_ANALYZER_NUMBER_OBJECT_CONVERSION = YES_AGGRESSIVE;
				CLANG_CXX_LANGUAGE_STANDARD = "gnu++14";
				CLANG_CXX_LIBRARY = "libc++";
				CLANG_ENABLE_MODULES = YES;
				CLANG_ENABLE_OBJC_ARC = YES;
				CLANG_ENABLE_OBJC_WEAK = YES;
				CLANG_WARN_BLOCK_CAPTURE_AUTORELEASING = YES;
				CLANG_WARN_BOOL_CONVERSION = YES;
				CLANG_WARN_COMMA = YES;
				CLANG_WARN_CONSTANT_CONVERSION = YES;
				CLANG_WARN_DEPRECATED_OBJC_IMPLEMENTATIONS = YES;
				CLANG_WARN_DIRECT_OBJC_ISA_USAGE = YES_ERROR;
				CLANG_WARN_DOCUMENTATION_COMMENTS = YES;
				CLANG_WARN_EMPTY_BODY = YES;
				CLANG_WARN_ENUM_CONVERSION = YES;
				CLANG_WARN_INFINITE_RECURSION = YES;
				CLANG_WARN_INT_CONVERSION = YES;
				CLANG_WARN_NON_LITERAL_NULL_CONVERSION = YES;
				CLANG_WARN_OBJC_IMPLICIT_RETAIN_SELF = YES;
				CLANG_WARN_OBJC_LITERAL_CONVERSION = YES;
				CLANG_WARN_OBJC_ROOT_CLASS = YES_ERROR;
				CLANG_WARN_RANGE_LOOP_ANALYSIS = YES;
				CLANG_WARN_STRICT_PROTOTYPES = YES;
				CLANG_WARN_SUSPICIOUS_MOVE = YES;
				CLANG_WARN_UNGUARDED_AVAILABILITY = YES_AGGRESSIVE;
				CLANG_WARN_UNREACHABLE_CODE = YES;
				CLANG_WARN__DUPLICATE_METHOD_MATCH = YES;
				CODE_SIGN_STYLE = Automatic;
				COPY_PHASE_STRIP = NO;
				DEBUG_INFORMATION_FORMAT = dwarf;
				DEVELOPMENT_TEAM = MN5S649TXM;
				ENABLE_STRICT_OBJC_MSGSEND = YES;
				ENABLE_TESTABILITY = YES;
				EXECUTABLE_PREFIX = lib;
				GCC_C_LANGUAGE_STANDARD = gnu11;
				GCC_DYNAMIC_NO_PIC = NO;
				GCC_NO_COMMON_BLOCKS = YES;
				GCC_OPTIMIZATION_LEVEL = 0;
				GCC_PREPROCESSOR_DEFINITIONS = (
					"DEBUG=1",
					"$(inherited)",
				);
				GCC_WARN_64_TO_32_BIT_CONVERSION = YES;
				GCC_WARN_ABOUT_RETURN_TYPE = YES_ERROR;
				GCC_WARN_UNDECLARED_SELECTOR = YES;
				GCC_WARN_UNINITIALIZED_AUTOS = YES_AGGRESSIVE;
				GCC_WARN_UNUSED_FUNCTION = YES;
				GCC_WARN_UNUSED_VARIABLE = YES;
				HEADER_SEARCH_PATHS = "$(inherited)";
				LIBRARY_SEARCH_PATHS = (
					"$(inherited)",
					"$(PROJECT_DIR)/deps/ziti-sdk-c/build/library",
					"$(PROJECT_DIR)/deps/ziti-sdk-c/build/_deps/libsodium-build/lib",
				);
				MACOSX_DEPLOYMENT_TARGET = 10.15;
				MTL_ENABLE_DEBUG_INFO = INCLUDE_SOURCE;
				MTL_FAST_MATH = YES;
				ONLY_ACTIVE_ARCH = YES;
				OTHER_SWIFT_FLAGS = "";
				PRODUCT_NAME = ZitiUrlProtocol;
				SDKROOT = macosx;
				SKIP_INSTALL = YES;
				SWIFT_OBJC_BRIDGING_HEADER = "$(inherited)";
				SWIFT_VERSION = 5.0;
			};
			name = Debug;
		};
		5AB6DF70244B7C3C00F4B4E0 /* Release */ = {
			isa = XCBuildConfiguration;
			buildSettings = {
				ALWAYS_SEARCH_USER_PATHS = NO;
				CLANG_ANALYZER_NONNULL = YES;
				CLANG_ANALYZER_NUMBER_OBJECT_CONVERSION = YES_AGGRESSIVE;
				CLANG_CXX_LANGUAGE_STANDARD = "gnu++14";
				CLANG_CXX_LIBRARY = "libc++";
				CLANG_ENABLE_MODULES = YES;
				CLANG_ENABLE_OBJC_ARC = YES;
				CLANG_ENABLE_OBJC_WEAK = YES;
				CLANG_WARN_BLOCK_CAPTURE_AUTORELEASING = YES;
				CLANG_WARN_BOOL_CONVERSION = YES;
				CLANG_WARN_COMMA = YES;
				CLANG_WARN_CONSTANT_CONVERSION = YES;
				CLANG_WARN_DEPRECATED_OBJC_IMPLEMENTATIONS = YES;
				CLANG_WARN_DIRECT_OBJC_ISA_USAGE = YES_ERROR;
				CLANG_WARN_DOCUMENTATION_COMMENTS = YES;
				CLANG_WARN_EMPTY_BODY = YES;
				CLANG_WARN_ENUM_CONVERSION = YES;
				CLANG_WARN_INFINITE_RECURSION = YES;
				CLANG_WARN_INT_CONVERSION = YES;
				CLANG_WARN_NON_LITERAL_NULL_CONVERSION = YES;
				CLANG_WARN_OBJC_IMPLICIT_RETAIN_SELF = YES;
				CLANG_WARN_OBJC_LITERAL_CONVERSION = YES;
				CLANG_WARN_OBJC_ROOT_CLASS = YES_ERROR;
				CLANG_WARN_RANGE_LOOP_ANALYSIS = YES;
				CLANG_WARN_STRICT_PROTOTYPES = YES;
				CLANG_WARN_SUSPICIOUS_MOVE = YES;
				CLANG_WARN_UNGUARDED_AVAILABILITY = YES_AGGRESSIVE;
				CLANG_WARN_UNREACHABLE_CODE = YES;
				CLANG_WARN__DUPLICATE_METHOD_MATCH = YES;
				CODE_SIGN_STYLE = Automatic;
				COPY_PHASE_STRIP = NO;
				DEBUG_INFORMATION_FORMAT = "dwarf-with-dsym";
				DEVELOPMENT_TEAM = MN5S649TXM;
				ENABLE_NS_ASSERTIONS = NO;
				ENABLE_STRICT_OBJC_MSGSEND = YES;
				EXECUTABLE_PREFIX = lib;
				GCC_C_LANGUAGE_STANDARD = gnu11;
				GCC_NO_COMMON_BLOCKS = YES;
				GCC_WARN_64_TO_32_BIT_CONVERSION = YES;
				GCC_WARN_ABOUT_RETURN_TYPE = YES_ERROR;
				GCC_WARN_UNDECLARED_SELECTOR = YES;
				GCC_WARN_UNINITIALIZED_AUTOS = YES_AGGRESSIVE;
				GCC_WARN_UNUSED_FUNCTION = YES;
				GCC_WARN_UNUSED_VARIABLE = YES;
				HEADER_SEARCH_PATHS = "$(inherited)";
				LIBRARY_SEARCH_PATHS = (
					"$(inherited)",
					"$(PROJECT_DIR)/deps/ziti-sdk-c/build/library",
					"$(PROJECT_DIR)/deps/ziti-sdk-c/build/_deps/libsodium-build/lib",
				);
				MACOSX_DEPLOYMENT_TARGET = 10.15;
				MTL_ENABLE_DEBUG_INFO = NO;
				MTL_FAST_MATH = YES;
				OTHER_SWIFT_FLAGS = "";
				PRODUCT_NAME = ZitiUrlProtocol;
				SDKROOT = macosx;
				SKIP_INSTALL = YES;
				SWIFT_OBJC_BRIDGING_HEADER = "$(inherited)";
				SWIFT_VERSION = 5.0;
			};
			name = Release;
		};
		5AB6DFB4244B990A00F4B4E0 /* Debug */ = {
			isa = XCBuildConfiguration;
			buildSettings = {
				ALWAYS_SEARCH_USER_PATHS = NO;
				CLANG_ANALYZER_NONNULL = YES;
				CLANG_ANALYZER_NUMBER_OBJECT_CONVERSION = YES_AGGRESSIVE;
				CLANG_CXX_LANGUAGE_STANDARD = "gnu++14";
				CLANG_CXX_LIBRARY = "libc++";
				CLANG_ENABLE_MODULES = YES;
				CLANG_ENABLE_OBJC_ARC = YES;
				CLANG_ENABLE_OBJC_WEAK = YES;
				CLANG_WARN_BLOCK_CAPTURE_AUTORELEASING = YES;
				CLANG_WARN_BOOL_CONVERSION = YES;
				CLANG_WARN_COMMA = YES;
				CLANG_WARN_CONSTANT_CONVERSION = YES;
				CLANG_WARN_DEPRECATED_OBJC_IMPLEMENTATIONS = YES;
				CLANG_WARN_DIRECT_OBJC_ISA_USAGE = YES_ERROR;
				CLANG_WARN_DOCUMENTATION_COMMENTS = YES;
				CLANG_WARN_EMPTY_BODY = YES;
				CLANG_WARN_ENUM_CONVERSION = YES;
				CLANG_WARN_INFINITE_RECURSION = YES;
				CLANG_WARN_INT_CONVERSION = YES;
				CLANG_WARN_NON_LITERAL_NULL_CONVERSION = YES;
				CLANG_WARN_OBJC_IMPLICIT_RETAIN_SELF = YES;
				CLANG_WARN_OBJC_LITERAL_CONVERSION = YES;
				CLANG_WARN_OBJC_ROOT_CLASS = YES_ERROR;
				CLANG_WARN_RANGE_LOOP_ANALYSIS = YES;
				CLANG_WARN_STRICT_PROTOTYPES = YES;
				CLANG_WARN_SUSPICIOUS_MOVE = YES;
				CLANG_WARN_UNGUARDED_AVAILABILITY = YES_AGGRESSIVE;
				CLANG_WARN_UNREACHABLE_CODE = YES;
				CLANG_WARN__DUPLICATE_METHOD_MATCH = YES;
				CODE_SIGN_STYLE = Automatic;
				COPY_PHASE_STRIP = NO;
				DEBUG_INFORMATION_FORMAT = dwarf;
				DEVELOPMENT_TEAM = MN5S649TXM;
				ENABLE_STRICT_OBJC_MSGSEND = YES;
				ENABLE_TESTABILITY = YES;
				GCC_C_LANGUAGE_STANDARD = gnu11;
				GCC_DYNAMIC_NO_PIC = NO;
				GCC_NO_COMMON_BLOCKS = YES;
				GCC_OPTIMIZATION_LEVEL = 0;
				GCC_PREPROCESSOR_DEFINITIONS = (
					"DEBUG=1",
					"$(inherited)",
				);
				GCC_WARN_64_TO_32_BIT_CONVERSION = YES;
				GCC_WARN_ABOUT_RETURN_TYPE = YES_ERROR;
				GCC_WARN_UNDECLARED_SELECTOR = YES;
				GCC_WARN_UNINITIALIZED_AUTOS = YES_AGGRESSIVE;
				GCC_WARN_UNUSED_FUNCTION = YES;
				GCC_WARN_UNUSED_VARIABLE = YES;
				HEADER_SEARCH_PATHS = "$(inherited)";
				IPHONEOS_DEPLOYMENT_TARGET = 13.4;
				LD_RUNPATH_SEARCH_PATHS = (
					"$(inherited)",
					"@executable_path/Frameworks",
					"@loader_path/Frameworks",
				);
				LIBRARY_SEARCH_PATHS = (
					"$(inherited)",
					"$(PROJECT_DIR)/deps/ziti-sdk-c/build/library",
					"$(PROJECT_DIR)/deps/ziti-sdk-c/build/_deps/libsodium-build/lib",
				);
				MTL_ENABLE_DEBUG_INFO = INCLUDE_SOURCE;
				MTL_FAST_MATH = YES;
				ONLY_ACTIVE_ARCH = YES;
				OTHER_LDFLAGS = "-ObjC";
				PRODUCT_NAME = ZitiUrlProtocol;
				SDKROOT = iphoneos;
				SKIP_INSTALL = YES;
				SWIFT_ACTIVE_COMPILATION_CONDITIONS = DEBUG;
				SWIFT_OBJC_BRIDGING_HEADER = "$(inherited)";
				SWIFT_OPTIMIZATION_LEVEL = "-Onone";
				SWIFT_VERSION = 5.0;
				TARGETED_DEVICE_FAMILY = "1,2";
			};
			name = Debug;
		};
		5AB6DFB5244B990A00F4B4E0 /* Release */ = {
			isa = XCBuildConfiguration;
			buildSettings = {
				ALWAYS_SEARCH_USER_PATHS = NO;
				CLANG_ANALYZER_NONNULL = YES;
				CLANG_ANALYZER_NUMBER_OBJECT_CONVERSION = YES_AGGRESSIVE;
				CLANG_CXX_LANGUAGE_STANDARD = "gnu++14";
				CLANG_CXX_LIBRARY = "libc++";
				CLANG_ENABLE_MODULES = YES;
				CLANG_ENABLE_OBJC_ARC = YES;
				CLANG_ENABLE_OBJC_WEAK = YES;
				CLANG_WARN_BLOCK_CAPTURE_AUTORELEASING = YES;
				CLANG_WARN_BOOL_CONVERSION = YES;
				CLANG_WARN_COMMA = YES;
				CLANG_WARN_CONSTANT_CONVERSION = YES;
				CLANG_WARN_DEPRECATED_OBJC_IMPLEMENTATIONS = YES;
				CLANG_WARN_DIRECT_OBJC_ISA_USAGE = YES_ERROR;
				CLANG_WARN_DOCUMENTATION_COMMENTS = YES;
				CLANG_WARN_EMPTY_BODY = YES;
				CLANG_WARN_ENUM_CONVERSION = YES;
				CLANG_WARN_INFINITE_RECURSION = YES;
				CLANG_WARN_INT_CONVERSION = YES;
				CLANG_WARN_NON_LITERAL_NULL_CONVERSION = YES;
				CLANG_WARN_OBJC_IMPLICIT_RETAIN_SELF = YES;
				CLANG_WARN_OBJC_LITERAL_CONVERSION = YES;
				CLANG_WARN_OBJC_ROOT_CLASS = YES_ERROR;
				CLANG_WARN_RANGE_LOOP_ANALYSIS = YES;
				CLANG_WARN_STRICT_PROTOTYPES = YES;
				CLANG_WARN_SUSPICIOUS_MOVE = YES;
				CLANG_WARN_UNGUARDED_AVAILABILITY = YES_AGGRESSIVE;
				CLANG_WARN_UNREACHABLE_CODE = YES;
				CLANG_WARN__DUPLICATE_METHOD_MATCH = YES;
				CODE_SIGN_STYLE = Automatic;
				COPY_PHASE_STRIP = NO;
				DEBUG_INFORMATION_FORMAT = "dwarf-with-dsym";
				DEVELOPMENT_TEAM = MN5S649TXM;
				ENABLE_NS_ASSERTIONS = NO;
				ENABLE_STRICT_OBJC_MSGSEND = YES;
				GCC_C_LANGUAGE_STANDARD = gnu11;
				GCC_NO_COMMON_BLOCKS = YES;
				GCC_WARN_64_TO_32_BIT_CONVERSION = YES;
				GCC_WARN_ABOUT_RETURN_TYPE = YES_ERROR;
				GCC_WARN_UNDECLARED_SELECTOR = YES;
				GCC_WARN_UNINITIALIZED_AUTOS = YES_AGGRESSIVE;
				GCC_WARN_UNUSED_FUNCTION = YES;
				GCC_WARN_UNUSED_VARIABLE = YES;
				HEADER_SEARCH_PATHS = "$(inherited)";
				IPHONEOS_DEPLOYMENT_TARGET = 13.4;
				LD_RUNPATH_SEARCH_PATHS = (
					"$(inherited)",
					"@executable_path/Frameworks",
					"@loader_path/Frameworks",
				);
				LIBRARY_SEARCH_PATHS = (
					"$(inherited)",
					"$(PROJECT_DIR)/deps/ziti-sdk-c/build/library",
					"$(PROJECT_DIR)/deps/ziti-sdk-c/build/_deps/libsodium-build/lib",
				);
				MTL_ENABLE_DEBUG_INFO = NO;
				MTL_FAST_MATH = YES;
				OTHER_LDFLAGS = "-ObjC";
				PRODUCT_NAME = ZitiUrlProtocol;
				SDKROOT = iphoneos;
				SKIP_INSTALL = YES;
				SWIFT_COMPILATION_MODE = wholemodule;
				SWIFT_OBJC_BRIDGING_HEADER = "$(inherited)";
				SWIFT_OPTIMIZATION_LEVEL = "-O";
				SWIFT_VERSION = 5.0;
				TARGETED_DEVICE_FAMILY = "1,2";
				VALIDATE_PRODUCT = YES;
			};
			name = Release;
		};
		5AE14C892471D32E00179365 /* Debug */ = {
			isa = XCBuildConfiguration;
			buildSettings = {
				ALWAYS_SEARCH_USER_PATHS = NO;
				CLANG_ANALYZER_NONNULL = YES;
				CLANG_ANALYZER_NUMBER_OBJECT_CONVERSION = YES_AGGRESSIVE;
				CLANG_CXX_LANGUAGE_STANDARD = "gnu++14";
				CLANG_CXX_LIBRARY = "libc++";
				CLANG_ENABLE_MODULES = YES;
				CLANG_ENABLE_OBJC_ARC = YES;
				CLANG_ENABLE_OBJC_WEAK = YES;
				CLANG_WARN_BLOCK_CAPTURE_AUTORELEASING = YES;
				CLANG_WARN_BOOL_CONVERSION = YES;
				CLANG_WARN_COMMA = YES;
				CLANG_WARN_CONSTANT_CONVERSION = YES;
				CLANG_WARN_DEPRECATED_OBJC_IMPLEMENTATIONS = YES;
				CLANG_WARN_DIRECT_OBJC_ISA_USAGE = YES_ERROR;
				CLANG_WARN_DOCUMENTATION_COMMENTS = YES;
				CLANG_WARN_EMPTY_BODY = YES;
				CLANG_WARN_ENUM_CONVERSION = YES;
				CLANG_WARN_INFINITE_RECURSION = YES;
				CLANG_WARN_INT_CONVERSION = YES;
				CLANG_WARN_NON_LITERAL_NULL_CONVERSION = YES;
				CLANG_WARN_OBJC_IMPLICIT_RETAIN_SELF = YES;
				CLANG_WARN_OBJC_LITERAL_CONVERSION = YES;
				CLANG_WARN_OBJC_ROOT_CLASS = YES_ERROR;
				CLANG_WARN_RANGE_LOOP_ANALYSIS = YES;
				CLANG_WARN_STRICT_PROTOTYPES = YES;
				CLANG_WARN_SUSPICIOUS_MOVE = YES;
				CLANG_WARN_UNGUARDED_AVAILABILITY = YES_AGGRESSIVE;
				CLANG_WARN_UNREACHABLE_CODE = YES;
				CLANG_WARN__DUPLICATE_METHOD_MATCH = YES;
				CODE_SIGN_STYLE = Automatic;
				COPY_PHASE_STRIP = NO;
				DEBUG_INFORMATION_FORMAT = dwarf;
				DEVELOPMENT_TEAM = MN5S649TXM;
				ENABLE_HARDENED_RUNTIME = YES;
				ENABLE_STRICT_OBJC_MSGSEND = YES;
				ENABLE_TESTABILITY = YES;
				GCC_C_LANGUAGE_STANDARD = gnu11;
				GCC_DYNAMIC_NO_PIC = NO;
				GCC_NO_COMMON_BLOCKS = YES;
				GCC_OPTIMIZATION_LEVEL = 0;
				GCC_PREPROCESSOR_DEFINITIONS = (
					"DEBUG=1",
					"$(inherited)",
				);
				GCC_WARN_64_TO_32_BIT_CONVERSION = YES;
				GCC_WARN_ABOUT_RETURN_TYPE = YES_ERROR;
				GCC_WARN_UNDECLARED_SELECTOR = YES;
				GCC_WARN_UNINITIALIZED_AUTOS = YES_AGGRESSIVE;
				GCC_WARN_UNUSED_FUNCTION = YES;
				GCC_WARN_UNUSED_VARIABLE = YES;
				MACOSX_DEPLOYMENT_TARGET = 10.15;
				MTL_ENABLE_DEBUG_INFO = INCLUDE_SOURCE;
				MTL_FAST_MATH = YES;
				ONLY_ACTIVE_ARCH = YES;
				PRODUCT_NAME = "$(TARGET_NAME)";
				SDKROOT = macosx;
				SWIFT_ACTIVE_COMPILATION_CONDITIONS = DEBUG;
				SWIFT_OPTIMIZATION_LEVEL = "-Onone";
				SWIFT_VERSION = 5.0;
			};
			name = Debug;
		};
		5AE14C8A2471D32E00179365 /* Release */ = {
			isa = XCBuildConfiguration;
			buildSettings = {
				ALWAYS_SEARCH_USER_PATHS = NO;
				CLANG_ANALYZER_NONNULL = YES;
				CLANG_ANALYZER_NUMBER_OBJECT_CONVERSION = YES_AGGRESSIVE;
				CLANG_CXX_LANGUAGE_STANDARD = "gnu++14";
				CLANG_CXX_LIBRARY = "libc++";
				CLANG_ENABLE_MODULES = YES;
				CLANG_ENABLE_OBJC_ARC = YES;
				CLANG_ENABLE_OBJC_WEAK = YES;
				CLANG_WARN_BLOCK_CAPTURE_AUTORELEASING = YES;
				CLANG_WARN_BOOL_CONVERSION = YES;
				CLANG_WARN_COMMA = YES;
				CLANG_WARN_CONSTANT_CONVERSION = YES;
				CLANG_WARN_DEPRECATED_OBJC_IMPLEMENTATIONS = YES;
				CLANG_WARN_DIRECT_OBJC_ISA_USAGE = YES_ERROR;
				CLANG_WARN_DOCUMENTATION_COMMENTS = YES;
				CLANG_WARN_EMPTY_BODY = YES;
				CLANG_WARN_ENUM_CONVERSION = YES;
				CLANG_WARN_INFINITE_RECURSION = YES;
				CLANG_WARN_INT_CONVERSION = YES;
				CLANG_WARN_NON_LITERAL_NULL_CONVERSION = YES;
				CLANG_WARN_OBJC_IMPLICIT_RETAIN_SELF = YES;
				CLANG_WARN_OBJC_LITERAL_CONVERSION = YES;
				CLANG_WARN_OBJC_ROOT_CLASS = YES_ERROR;
				CLANG_WARN_RANGE_LOOP_ANALYSIS = YES;
				CLANG_WARN_STRICT_PROTOTYPES = YES;
				CLANG_WARN_SUSPICIOUS_MOVE = YES;
				CLANG_WARN_UNGUARDED_AVAILABILITY = YES_AGGRESSIVE;
				CLANG_WARN_UNREACHABLE_CODE = YES;
				CLANG_WARN__DUPLICATE_METHOD_MATCH = YES;
				CODE_SIGN_STYLE = Automatic;
				COPY_PHASE_STRIP = NO;
				DEBUG_INFORMATION_FORMAT = "dwarf-with-dsym";
				DEVELOPMENT_TEAM = MN5S649TXM;
				ENABLE_HARDENED_RUNTIME = YES;
				ENABLE_NS_ASSERTIONS = NO;
				ENABLE_STRICT_OBJC_MSGSEND = YES;
				GCC_C_LANGUAGE_STANDARD = gnu11;
				GCC_NO_COMMON_BLOCKS = YES;
				GCC_WARN_64_TO_32_BIT_CONVERSION = YES;
				GCC_WARN_ABOUT_RETURN_TYPE = YES_ERROR;
				GCC_WARN_UNDECLARED_SELECTOR = YES;
				GCC_WARN_UNINITIALIZED_AUTOS = YES_AGGRESSIVE;
				GCC_WARN_UNUSED_FUNCTION = YES;
				GCC_WARN_UNUSED_VARIABLE = YES;
				MACOSX_DEPLOYMENT_TARGET = 10.15;
				MTL_ENABLE_DEBUG_INFO = NO;
				MTL_FAST_MATH = YES;
				PRODUCT_NAME = "$(TARGET_NAME)";
				SDKROOT = macosx;
				SWIFT_COMPILATION_MODE = wholemodule;
				SWIFT_OPTIMIZATION_LEVEL = "-O";
				SWIFT_VERSION = 5.0;
			};
			name = Release;
		};
/* End XCBuildConfiguration section */

/* Begin XCConfigurationList section */
		5A2D83FD2444D4B9008B1D32 /* Build configuration list for PBXProject "ZitiUrlProtocol" */ = {
			isa = XCConfigurationList;
			buildConfigurations = (
				5A2D83FE2444D4B9008B1D32 /* Debug */,
				5A2D83FF2444D4B9008B1D32 /* Release */,
			);
			defaultConfigurationIsVisible = 0;
			defaultConfigurationName = Release;
		};
		5AAAEDE72464D8AB00C56383 /* Build configuration list for PBXNativeTarget "ziti-mac-enroller" */ = {
			isa = XCConfigurationList;
			buildConfigurations = (
				5AAAEDE82464D8AB00C56383 /* Debug */,
				5AAAEDE92464D8AB00C56383 /* Release */,
			);
			defaultConfigurationIsVisible = 0;
			defaultConfigurationName = Release;
		};
		5AB6DF6E244B7C3C00F4B4E0 /* Build configuration list for PBXNativeTarget "ZitiUrlProtocol-macOS" */ = {
			isa = XCConfigurationList;
			buildConfigurations = (
				5AB6DF6F244B7C3C00F4B4E0 /* Debug */,
				5AB6DF70244B7C3C00F4B4E0 /* Release */,
			);
			defaultConfigurationIsVisible = 0;
			defaultConfigurationName = Release;
		};
		5AB6DFB3244B990A00F4B4E0 /* Build configuration list for PBXNativeTarget "ZitiUrlProtocol-iOS" */ = {
			isa = XCConfigurationList;
			buildConfigurations = (
				5AB6DFB4244B990A00F4B4E0 /* Debug */,
				5AB6DFB5244B990A00F4B4E0 /* Release */,
			);
			defaultConfigurationIsVisible = 0;
			defaultConfigurationName = Release;
		};
		5AE14C8B2471D32E00179365 /* Build configuration list for PBXNativeTarget "sample-mac-host" */ = {
			isa = XCConfigurationList;
			buildConfigurations = (
				5AE14C892471D32E00179365 /* Debug */,
				5AE14C8A2471D32E00179365 /* Release */,
			);
			defaultConfigurationIsVisible = 0;
			defaultConfigurationName = Release;
		};
/* End XCConfigurationList section */
	};
	rootObject = 5A2D83FA2444D4B9008B1D32 /* Project object */;
}
